{
  "version": 4,
  "terraform_version": "1.0.7",
  "serial": 176,
  "lineage": "9c827ead-8bf3-e4b4-4d28-5c04a6ea920c",
  "outputs": {},
  "resources": [
    {
      "mode": "managed",
      "type": "random_string",
      "name": "suffix",
      "provider": "provider[\"registry.terraform.io/hashicorp/random\"]",
      "instances": [
        {
          "schema_version": 1,
          "attributes": {
            "id": "HEuDlDij",
            "keepers": null,
            "length": 8,
            "lower": true,
            "min_lower": 0,
            "min_numeric": 0,
            "min_special": 0,
            "min_upper": 0,
            "number": true,
            "override_special": null,
            "result": "HEuDlDij",
            "special": false,
            "upper": true
          },
          "sensitive_attributes": [],
          "private": "eyJzY2hlbWFfdmVyc2lvbiI6IjEifQ==",
          "create_before_destroy": true
        }
      ]
    },
    {
      "module": "module.vpc",
      "mode": "managed",
      "type": "aws_vpc",
      "name": "this",
      "provider": "provider[\"registry.terraform.io/hashicorp/aws\"]",
      "instances": [
        {
          "index_key": 0,
          "schema_version": 1,
          "attributes": {
            "arn": "arn:aws:ec2:eu-west-2:169178711529:vpc/vpc-0c8bf1e5f2d6ba56d",
            "assign_generated_ipv6_cidr_block": false,
            "cidr_block": "10.0.0.0/16",
            "default_network_acl_id": "acl-0b75215361ac3e535",
            "default_route_table_id": "rtb-0710d09d62a27ce20",
            "default_security_group_id": "sg-061df37e9ffdabab3",
            "dhcp_options_id": "dopt-b32a7ddb",
            "enable_classiclink": null,
            "enable_classiclink_dns_support": null,
            "enable_dns_hostnames": true,
            "enable_dns_support": true,
            "id": "vpc-0c8bf1e5f2d6ba56d",
            "instance_tenancy": "default",
            "ipv6_association_id": "",
            "ipv6_cidr_block": "",
            "main_route_table_id": "rtb-0710d09d62a27ce20",
            "owner_id": "169178711529",
            "tags": {
              "Name": "dnd-vpc",
              "kubernetes.io/cluster/dnd-eks-HEuDlDij": "shared"
            },
            "tags_all": {
              "Name": "dnd-vpc",
              "kubernetes.io/cluster/dnd-eks-HEuDlDij": "shared"
            }
          },
          "sensitive_attributes": [],
          "private": "eyJzY2hlbWFfdmVyc2lvbiI6IjEifQ==",
          "dependencies": [
            "random_string.suffix"
          ],
          "create_before_destroy": true
        }
      ]
    }
  ]
}
