{
  "version": 4,
  "terraform_version": "1.0.7",
  "serial": 290,
  "lineage": "9c827ead-8bf3-e4b4-4d28-5c04a6ea920c",
  "outputs": {
    "cluster_endpoint": {
      "value": "https://E55DDDE5C4731495A8DC2BAD6CC40470.gr7.eu-west-2.eks.amazonaws.com",
      "type": "string"
    },
    "cluster_name": {
      "value": "dnd-eks",
      "type": "string"
    },
    "cluster_security_group_id": {
      "value": "sg-0397254332173c962",
      "type": "string"
    },
    "config_map_aws_auth": {
      "value": [
        {
          "binary_data": {},
          "data": {
            "mapAccounts": "[]\n",
            "mapRoles": "- \"groups\":\n  - \"system:bootstrappers\"\n  - \"system:nodes\"\n  \"rolearn\": \"arn:aws:iam::169178711529:role/dnd-eks20211025154305485500000009\"\n  \"username\": \"system:node:{{EC2PrivateDNSName}}\"\n",
            "mapUsers": "[]\n"
          },
          "id": "kube-system/aws-auth",
          "metadata": [
            {
              "annotations": {},
              "generate_name": "",
              "generation": 0,
              "labels": {
                "app.kubernetes.io/managed-by": "Terraform",
                "terraform.io/module": "terraform-aws-modules.eks.aws"
              },
              "name": "aws-auth",
              "namespace": "kube-system",
              "resource_version": "957",
              "uid": "02eb681b-10ae-4634-9123-e91aa6e51d6d"
            }
          ]
        }
      ],
      "type": [
        "tuple",
        [
          [
            "object",
            {
              "binary_data": [
                "map",
                "string"
              ],
              "data": [
                "map",
                "string"
              ],
              "id": "string",
              "metadata": [
                "list",
                [
                  "object",
                  {
                    "annotations": [
                      "map",
                      "string"
                    ],
                    "generate_name": "string",
                    "generation": "number",
                    "labels": [
                      "map",
                      "string"
                    ],
                    "name": "string",
                    "namespace": "string",
                    "resource_version": "string",
                    "uid": "string"
                  }
                ]
              ]
            }
          ]
        ]
      ]
    },
    "jenk_ip": {
      "value": "35.178.184.8",
      "type": "string"
    },
    "region": {
      "value": "eu-west-2",
      "type": "string"
    }
  },
  "resources": [
    {
      "mode": "data",
      "type": "aws_eks_cluster",
      "name": "cluster",
      "provider": "provider[\"registry.terraform.io/hashicorp/aws\"]",
      "instances": [
        {
          "schema_version": 0,
          "attributes": {
            "arn": "arn:aws:eks:eu-west-2:169178711529:cluster/dnd-eks",
            "certificate_authority": [
              {
                "data": "LS0tLS1CRUdJTiBDRVJUSUZJQ0FURS0tLS0tCk1JSUM1ekNDQWMrZ0F3SUJBZ0lCQURBTkJna3Foa2lHOXcwQkFRc0ZBREFWTVJNd0VRWURWUVFERXdwcmRXSmwKY201bGRHVnpNQjRYRFRJeE1UQXlOVEUxTXprME5Wb1hEVE14TVRBeU16RTFNemswTlZvd0ZURVRNQkVHQTFVRQpBeE1LYTNWaVpYSnVaWFJsY3pDQ0FTSXdEUVlKS29aSWh2Y05BUUVCQlFBRGdnRVBBRENDQVFvQ2dnRUJBS0dvCjdEeFA5WUxadjJsUVhCWFJ4L0IzVE9sWnUxbzViMjJOaXZUMDJOZDFEcld6enZnZ0ZITFVkWHBlcEtrUXovWGsKbk9ZNjFDdmlBU3grZyt6RW5GSVlQUjlwUkc0czNUdkZCYVFQcVJZV0RxQUtwdVVXYWtRWTZITlZaa2hJRUFwKwpXc1dNTzNqUXJCZ1FHUFE5N2pYYlFmeG5HM3BCRU9XbXNiRU9QbnZhU3FDcjNCK3BsSTlVWlNaWWw0L0IrbFFWCm1NTGN6QU1NLzZpZ0Z3b09MUUg0Wk1TUUhKeTltNnJ5d1BrZXBSMFpBeEx0d29seEtFWnR2YnZ6S1Z6RjNtZTcKZXpCd1hrZ2Y4S1lzMXBqT2ttOFpTeFVUWEE1dHcwdzg5b1RDWkJwQk02TUlKcllOT21wcFFqRWg1aElyZVE0cQovZG83TlQ4MXBneVMxejExc3hrQ0F3RUFBYU5DTUVBd0RnWURWUjBQQVFIL0JBUURBZ0trTUE4R0ExVWRFd0VCCi93UUZNQU1CQWY4d0hRWURWUjBPQkJZRUZLSS80WFlDT0Z6bTBpWDlzRS9ZK0hUd3YzcE1NQTBHQ1NxR1NJYjMKRFFFQkN3VUFBNElCQVFBb1RIcUU1b1VyZXZjQjhHWm5jUDYyTUxiaU1pTTQxYk85UkphWk41QThVS0lTcUVwcAo5WTczNEpaRFp1TExSQlk3VFdlWVpQZGg4V1BETDJCOFhnamNEN3FoTEw1K2FVeXZNUHQyRWJ2NHY2MEU2WmlRCk42TlVGaVNKUE9jS001ZXkyVTNLcG83WTh5QndCMzhrdC9KbkJ5Y21tQStHd2VWb2VwYlpjd0hlN2RreHVRbFgKWHlGTW5lT1VkcFJnTm9jZnRsYW1NaGJpVGMwTlVSZXJpU2pmYzhUZkNEcXA3b0ZKQzNlRC95Tm02Rm12M3JWbAptMlRPaEQvU0hPUkQ1eEE1UGVyS3MrSlY3ZXdNZ25ZcU53M1NTUytHRnljeEQzazh6ZGNsRFNLV2pqQzdVUWlzCkRHVnkwVmtCcXJNNXh2MUIyamNFVW9EMjY1QmhSSkRrcnplQwotLS0tLUVORCBDRVJUSUZJQ0FURS0tLS0tCg=="
              }
            ],
            "created_at": "2021-10-25 15:32:21.674 +0000 UTC",
            "enabled_cluster_log_types": [],
            "endpoint": "https://E55DDDE5C4731495A8DC2BAD6CC40470.gr7.eu-west-2.eks.amazonaws.com",
            "id": "dnd-eks",
            "identity": [
              {
                "oidc": [
                  {
                    "issuer": "https://oidc.eks.eu-west-2.amazonaws.com/id/E55DDDE5C4731495A8DC2BAD6CC40470"
                  }
                ]
              }
            ],
            "kubernetes_network_config": [
              {
                "service_ipv4_cidr": "172.20.0.0/16"
              }
            ],
            "name": "dnd-eks",
            "platform_version": "eks.2",
            "role_arn": "arn:aws:iam::169178711529:role/dnd-eks20211025153216147800000001",
            "status": "ACTIVE",
            "tags": {
              "Environment": "production"
            },
            "version": "1.20",
            "vpc_config": [
              {
                "cluster_security_group_id": "sg-07d35b9623549b6b6",
                "endpoint_private_access": false,
                "endpoint_public_access": true,
                "public_access_cidrs": [
                  "0.0.0.0/0"
                ],
                "security_group_ids": [
                  "sg-0397254332173c962"
                ],
                "subnet_ids": [
                  "subnet-02ee4f3c6e8e9a548",
                  "subnet-07f26d52941853b61",
                  "subnet-0c22e8084a1c41197"
                ],
                "vpc_id": "vpc-0c8bf1e5f2d6ba56d"
              }
            ]
          },
          "sensitive_attributes": []
        }
      ]
    },
    {
      "mode": "data",
      "type": "aws_eks_cluster_auth",
      "name": "cluster",
      "provider": "provider[\"registry.terraform.io/hashicorp/aws\"]",
      "instances": [
        {
          "schema_version": 0,
          "attributes": {
            "id": "dnd-eks",
            "name": "dnd-eks",
            "token": "k8s-aws-v1.aHR0cHM6Ly9zdHMuYW1hem9uYXdzLmNvbS8_QWN0aW9uPUdldENhbGxlcklkZW50aXR5JlZlcnNpb249MjAxMS0wNi0xNSZYLUFtei1BbGdvcml0aG09QVdTNC1ITUFDLVNIQTI1NiZYLUFtei1DcmVkZW50aWFsPUFLSUFTT1k2V0lYVVIyTEkyMzdKJTJGMjAyMTEwMjUlMkZ1cy1lYXN0LTElMkZzdHMlMkZhd3M0X3JlcXVlc3QmWC1BbXotRGF0ZT0yMDIxMTAyNVQxNTUxMTlaJlgtQW16LUV4cGlyZXM9MCZYLUFtei1TaWduZWRIZWFkZXJzPWhvc3QlM0J4LWs4cy1hd3MtaWQmWC1BbXotU2lnbmF0dXJlPTEwZjY5ZjAzMmViMThhZmUxMThiZjA5YjA4YWZkNTFhZTEyOTFlYTVhMzU5NmE0YWRlZWE4ZDI0YTNjZTRkNWU"
          },
          "sensitive_attributes": []
        }
      ]
    },
    {
      "mode": "managed",
      "type": "aws_security_group",
      "name": "all_worker_mgmt",
      "provider": "provider[\"registry.terraform.io/hashicorp/aws\"]",
      "instances": [
        {
          "schema_version": 1,
          "attributes": {
            "arn": "arn:aws:ec2:eu-west-2:169178711529:security-group/sg-01e0c62810c536f4a",
            "description": "Managed by Terraform",
            "egress": [],
            "id": "sg-01e0c62810c536f4a",
            "ingress": [
              {
                "cidr_blocks": [
                  "10.0.0.0/8",
                  "172.16.0.0/12",
                  "192.168.0.0/16"
                ],
                "description": "",
                "from_port": 5000,
                "ipv6_cidr_blocks": [],
                "prefix_list_ids": [],
                "protocol": "tcp",
                "security_groups": [],
                "self": false,
                "to_port": 5000
              },
              {
                "cidr_blocks": [
                  "10.0.0.0/8",
                  "172.16.0.0/12",
                  "192.168.0.0/16"
                ],
                "description": null,
                "from_port": 22,
                "ipv6_cidr_blocks": [],
                "prefix_list_ids": [],
                "protocol": "tcp",
                "security_groups": [],
                "self": false,
                "to_port": 22
              }
            ],
            "name": "all_worker_management20211025151801701400000005",
            "name_prefix": "all_worker_management",
            "owner_id": "169178711529",
            "revoke_rules_on_delete": false,
            "tags": {},
            "tags_all": {},
            "timeouts": null,
            "vpc_id": "vpc-0c8bf1e5f2d6ba56d"
          },
          "sensitive_attributes": [],
          "private": "eyJlMmJmYjczMC1lY2FhLTExZTYtOGY4OC0zNDM2M2JjN2M0YzAiOnsiY3JlYXRlIjo2MDAwMDAwMDAwMDAsImRlbGV0ZSI6OTAwMDAwMDAwMDAwfSwic2NoZW1hX3ZlcnNpb24iOiIxIn0=",
          "dependencies": [
            "module.vpc.aws_vpc.this"
          ]
        }
      ]
    },
    {
      "mode": "managed",
      "type": "aws_security_group",
      "name": "worker_group_mgmt_one",
      "provider": "provider[\"registry.terraform.io/hashicorp/aws\"]",
      "instances": [
        {
          "schema_version": 1,
          "attributes": {
            "arn": "arn:aws:ec2:eu-west-2:169178711529:security-group/sg-08629b077e3599bd5",
            "description": "Managed by Terraform",
            "egress": [],
            "id": "sg-08629b077e3599bd5",
            "ingress": [
              {
                "cidr_blocks": [
                  "10.0.0.0/8"
                ],
                "description": "",
                "from_port": 22,
                "ipv6_cidr_blocks": [],
                "prefix_list_ids": [],
                "protocol": "tcp",
                "security_groups": [],
                "self": false,
                "to_port": 22
              }
            ],
            "name": "worker_group_mgmt_one20211025151801694600000003",
            "name_prefix": "worker_group_mgmt_one",
            "owner_id": "169178711529",
            "revoke_rules_on_delete": false,
            "tags": {},
            "tags_all": {},
            "timeouts": null,
            "vpc_id": "vpc-0c8bf1e5f2d6ba56d"
          },
          "sensitive_attributes": [],
          "private": "eyJlMmJmYjczMC1lY2FhLTExZTYtOGY4OC0zNDM2M2JjN2M0YzAiOnsiY3JlYXRlIjo2MDAwMDAwMDAwMDAsImRlbGV0ZSI6OTAwMDAwMDAwMDAwfSwic2NoZW1hX3ZlcnNpb24iOiIxIn0=",
          "dependencies": [
            "module.vpc.aws_vpc.this"
          ],
          "create_before_destroy": true
        }
      ]
    },
    {
      "mode": "managed",
      "type": "aws_security_group",
      "name": "worker_group_mgmt_two",
      "provider": "provider[\"registry.terraform.io/hashicorp/aws\"]",
      "instances": [
        {
          "schema_version": 1,
          "attributes": {
            "arn": "arn:aws:ec2:eu-west-2:169178711529:security-group/sg-0403f14ddede46048",
            "description": "Managed by Terraform",
            "egress": [],
            "id": "sg-0403f14ddede46048",
            "ingress": [
              {
                "cidr_blocks": [
                  "0.0.0.0/0"
                ],
                "description": "",
                "from_port": 3306,
                "ipv6_cidr_blocks": [],
                "prefix_list_ids": [],
                "protocol": "tcp",
                "security_groups": [],
                "self": false,
                "to_port": 3306
              },
              {
                "cidr_blocks": [
                  "192.168.0.0/16"
                ],
                "description": "",
                "from_port": 22,
                "ipv6_cidr_blocks": [],
                "prefix_list_ids": [],
                "protocol": "tcp",
                "security_groups": [],
                "self": false,
                "to_port": 22
              }
            ],
            "name": "worker_group_mgmt_two20211025151801698600000004",
            "name_prefix": "worker_group_mgmt_two",
            "owner_id": "169178711529",
            "revoke_rules_on_delete": false,
            "tags": {},
            "tags_all": {},
            "timeouts": null,
            "vpc_id": "vpc-0c8bf1e5f2d6ba56d"
          },
          "sensitive_attributes": [],
          "private": "eyJlMmJmYjczMC1lY2FhLTExZTYtOGY4OC0zNDM2M2JjN2M0YzAiOnsiY3JlYXRlIjo2MDAwMDAwMDAwMDAsImRlbGV0ZSI6OTAwMDAwMDAwMDAwfSwic2NoZW1hX3ZlcnNpb24iOiIxIn0=",
          "dependencies": [
            "module.vpc.aws_vpc.this"
          ],
          "create_before_destroy": true
        }
      ]
    },
    {
      "mode": "managed",
      "type": "local_file",
      "name": "tf_InsecureRegistry",
      "provider": "provider[\"registry.terraform.io/hashicorp/local\"]",
      "instances": [
        {
          "schema_version": 0,
          "attributes": {
            "content": "\r\n{\r\n        \"insecure-registries\":[\"35.178.184.8:5000\"]\r\n}\r\n",
            "content_base64": null,
            "directory_permission": "0777",
            "file_permission": "0777",
            "filename": "./daemon.json",
            "id": "e75ba8a83b767b287000d88b58654a5f83204852",
            "sensitive_content": null,
            "source": null
          },
          "sensitive_attributes": [],
          "private": "bnVsbA==",
          "dependencies": [
            "module.eks.aws_launch_configuration.workers",
            "module.vpc.aws_network_acl_rule.public_outbound",
            "module.vpc.aws_route_table_association.redshift",
            "module.eks.aws_iam_policy.cluster_elb_sl_role_creation",
            "module.eks.module.fargate.aws_iam_role_policy_attachment.eks_fargate_pod",
            "module.eks.module.fargate.data.aws_partition.current",
            "module.vpc.aws_iam_policy.vpc_flow_log_cloudwatch",
            "module.vpc.aws_route.private_nat_gateway",
            "module.vpc.aws_vpn_gateway_route_propagation.intra",
            "module.vpc.aws_vpn_gateway_route_propagation.public",
            "module.eks.aws_security_group_rule.workers_ingress_self",
            "module.vpc.aws_route_table.intra",
            "module.eks.data.aws_iam_policy_document.cluster_elb_sl_role_creation",
            "module.eks.kubernetes_config_map.aws_auth",
            "module.vpc.aws_network_acl_rule.elasticache_outbound",
            "module.eks.aws_security_group_rule.cluster_private_access_sg_source",
            "module.eks.aws_iam_openid_connect_provider.oidc_provider",
            "module.eks.aws_iam_role_policy_attachment.cluster_AmazonEKSClusterPolicy",
            "module.eks.module.fargate.data.aws_iam_policy_document.eks_fargate_pod_assume_role",
            "module.vpc.aws_network_acl.public",
            "module.vpc.aws_network_acl_rule.database_outbound",
            "module.vpc.aws_network_acl_rule.elasticache_inbound",
            "module.vpc.aws_network_acl_rule.private_outbound",
            "module.eks.aws_iam_instance_profile.workers_launch_template",
            "module.vpc.aws_subnet.elasticache",
            "module.vpc.aws_network_acl.outpost",
            "module.vpc.aws_subnet.private",
            "module.eks.data.aws_iam_instance_profile.custom_worker_group_iam_instance_profile",
            "module.eks.module.fargate.data.aws_iam_role.custom_fargate_iam_role",
            "module.vpc.aws_route.public_internet_gateway",
            "module.vpc.aws_route_table_association.redshift_public",
            "module.eks.aws_security_group_rule.workers_ingress_cluster",
            "module.vpc.aws_network_acl_rule.intra_inbound",
            "module.vpc.aws_vpn_gateway_route_propagation.private",
            "module.eks.aws_security_group_rule.cluster_https_worker_ingress",
            "module.eks.data.aws_ami.eks_worker_windows",
            "module.vpc.aws_iam_role.vpc_flow_log_cloudwatch",
            "module.vpc.aws_network_acl_rule.outpost_outbound",
            "module.vpc.aws_route.public_internet_gateway_ipv6",
            "module.vpc.aws_route_table_association.public",
            "module.eks.aws_iam_role_policy_attachment.workers_AmazonEC2ContainerRegistryReadOnly",
            "module.vpc.aws_network_acl.private",
            "module.vpc.aws_route_table_association.elasticache",
            "module.vpc.aws_subnet.intra",
            "module.vpc.aws_network_acl.elasticache",
            "module.eks.aws_security_group_rule.cluster_egress_internet",
            "module.eks.data.aws_caller_identity.current",
            "module.eks.data.aws_iam_role.custom_cluster_iam_role",
            "module.eks.data.http.wait_for_cluster",
            "module.vpc.aws_db_subnet_group.database",
            "module.vpc.aws_default_vpc.this",
            "module.vpc.aws_route_table.private",
            "aws_security_group.worker_group_mgmt_one",
            "module.eks.aws_iam_role_policy_attachment.cluster_AmazonEKSVPCResourceControllerPolicy",
            "module.eks.module.node_groups.data.cloudinit_config.workers_userdata",
            "module.vpc.aws_flow_log.this",
            "module.vpc.aws_subnet.database",
            "module.eks.aws_iam_instance_profile.workers",
            "module.vpc.aws_nat_gateway.this",
            "module.vpc.aws_route_table_association.intra",
            "module.vpc.data.aws_iam_policy_document.vpc_flow_log_cloudwatch",
            "module.eks.data.aws_ami.eks_worker",
            "module.vpc.aws_network_acl_rule.outpost_inbound",
            "module.vpc.aws_route.private_ipv6_egress",
            "module.vpc.aws_vpc_dhcp_options.this",
            "module.vpc.aws_elasticache_subnet_group.elasticache",
            "module.eks.aws_launch_template.workers_launch_template",
            "module.vpc.aws_route_table_association.outpost",
            "module.eks.aws_iam_role_policy_attachment.cluster_AmazonEKSServicePolicy",
            "module.vpc.aws_eip.nat",
            "module.vpc.aws_default_network_acl.this",
            "module.eks.aws_eks_cluster.this",
            "module.eks.aws_iam_role.workers",
            "module.eks.aws_iam_role_policy_attachment.workers_additional_policies",
            "module.vpc.aws_network_acl_rule.public_inbound",
            "module.ec2.aws_instance.jenkins",
            "module.vpc.aws_route.database_ipv6_egress",
            "module.vpc.aws_route_table.public",
            "module.vpc.aws_default_security_group.this",
            "module.eks.aws_security_group_rule.cluster_private_access_cidrs_source",
            "module.eks.data.aws_iam_instance_profile.custom_worker_group_launch_template_iam_instance_profile",
            "module.vpc.aws_network_acl_rule.intra_outbound",
            "module.eks.aws_iam_role_policy_attachment.workers_AmazonEKS_CNI_Policy",
            "module.eks.module.fargate.aws_iam_role.eks_fargate_pod",
            "module.vpc.aws_network_acl.intra",
            "module.vpc.aws_network_acl_rule.private_inbound",
            "module.vpc.aws_route_table.database",
            "module.vpc.aws_vpc.this",
            "module.eks.aws_cloudwatch_log_group.this",
            "module.vpc.aws_network_acl_rule.redshift_outbound",
            "module.vpc.aws_route_table_association.private",
            "data.aws_eks_cluster.cluster",
            "module.vpc.aws_network_acl_rule.database_inbound",
            "module.vpc.aws_route.database_nat_gateway",
            "module.vpc.aws_subnet.outpost",
            "module.vpc.aws_subnet.redshift",
            "module.vpc.aws_vpn_gateway.this",
            "module.eks.data.aws_partition.current",
            "module.vpc.aws_network_acl_rule.redshift_inbound",
            "module.eks.aws_security_group.workers",
            "module.eks.module.fargate.aws_eks_fargate_profile.this",
            "module.eks.module.node_groups.aws_launch_template.workers",
            "module.eks.data.aws_iam_policy_document.workers_assume_role_policy",
            "module.eks.aws_security_group.cluster",
            "module.eks.aws_security_group_rule.workers_ingress_cluster_kubelet",
            "module.eks.local_file.kubeconfig",
            "module.vpc.aws_customer_gateway.this",
            "module.vpc.aws_iam_role_policy_attachment.vpc_flow_log_cloudwatch",
            "module.vpc.aws_network_acl.redshift",
            "module.vpc.aws_redshift_subnet_group.redshift",
            "module.eks.aws_autoscaling_group.workers",
            "module.vpc.aws_vpc_ipv4_cidr_block_association.this",
            "module.vpc.aws_vpn_gateway_attachment.this",
            "module.vpc.aws_vpc_dhcp_options_association.this",
            "module.eks.aws_security_group_rule.workers_ingress_cluster_https",
            "module.vpc.aws_route_table_association.database",
            "module.vpc.data.aws_iam_policy_document.flow_log_cloudwatch_assume_role",
            "module.eks.aws_security_group_rule.cluster_primary_ingress_workers",
            "module.eks.module.node_groups.aws_eks_node_group.workers",
            "module.eks.aws_security_group_rule.workers_ingress_cluster_primary",
            "module.vpc.aws_network_acl.database",
            "module.vpc.aws_route.database_internet_gateway",
            "module.eks.aws_iam_role.cluster",
            "module.eks.aws_security_group_rule.workers_egress_internet",
            "module.vpc.aws_default_route_table.default",
            "module.vpc.aws_egress_only_internet_gateway.this",
            "module.vpc.aws_internet_gateway.this",
            "data.aws_eks_cluster_auth.cluster",
            "module.eks.aws_iam_role_policy_attachment.cluster_elb_sl_role_creation",
            "module.vpc.aws_route_table.redshift",
            "module.eks.aws_autoscaling_group.workers_launch_template",
            "module.eks.aws_iam_role_policy_attachment.workers_AmazonEKSWorkerNodePolicy",
            "module.vpc.aws_route_table.elasticache",
            "aws_security_group.worker_group_mgmt_two",
            "module.vpc.aws_cloudwatch_log_group.flow_log",
            "module.vpc.aws_subnet.public",
            "module.eks.data.aws_iam_policy_document.cluster_assume_role_policy"
          ]
        }
      ]
    },
    {
      "mode": "managed",
      "type": "local_file",
      "name": "tf_Jenkinsfile",
      "provider": "provider[\"registry.terraform.io/hashicorp/local\"]",
      "instances": [
        {
          "schema_version": 0,
          "attributes": {
            "content": "pipeline{\r\n            agent any\r\n            stages{\r\n                    stage('--Front End--'){\r\n                            steps{\r\n                                    sh '''\r\n                                            image=\"35.178.184.8:5000/frontend:build-$BUILD_NUMBER\"\r\n                                            docker build -t $image /var/lib/jenkins/workspace/$JOB_BASE_NAME/frontend\r\n                                            docker push $image\r\n                                            kubectl set image deployment/frontend frontend=$image\r\n                                    '''\r\n                            }\r\n                    }  \r\n                    stage('--Service1--'){\r\n                            steps{\r\n                                    sh '''\r\n                                            image=\"35.178.184.8:5000/rand1:build-$BUILD_NUMBER\"\r\n                                            docker build -t $image /var/lib/jenkins/workspace/$JOB_BASE_NAME/randapp1\r\n                                            docker push $image\r\n                                            kubectl set image deployment/randapp1 randapp1=$image\r\n                                    '''\r\n                            }\r\n                    }\r\n                    stage('--Service2--'){\r\n                            steps{\r\n                                    sh '''\r\n                                            image=\"35.178.184.8:5000/rand2:build-$BUILD_NUMBER\"\r\n                                            docker build -t $image /var/lib/jenkins/workspace/$JOB_BASE_NAME/randapp2\r\n                                            docker push $image\r\n                                            kubectl set image deployment/randapp2 randapp2=$image\r\n                                    '''\r\n                            }\r\n                    }\r\n                    stage('--Back End--'){\r\n                            steps{\r\n                                    sh '''\r\n                                            image=\"35.178.184.8:5000/backend:build-$BUILD_NUMBER\"\r\n                                            docker build -t $image /var/lib/jenkins/workspace/$JOB_BASE_NAME/backend\r\n                                            docker push $image\r\n                                            kubectl set image deployment/backend backend=$image\r\n                                    '''\r\n                            }\r\n                    }\r\n            }\r\n    }\r\n",
            "content_base64": null,
            "directory_permission": "0777",
            "file_permission": "0777",
            "filename": "../Jenkinsfile",
            "id": "2fccad9e7d8f472167f29607c60c9166d75dd45f",
            "sensitive_content": null,
            "source": null
          },
          "sensitive_attributes": [],
          "private": "bnVsbA==",
          "dependencies": [
            "module.eks.aws_iam_role_policy_attachment.cluster_elb_sl_role_creation",
            "module.eks.data.http.wait_for_cluster",
            "module.vpc.aws_route_table.elasticache",
            "module.vpc.aws_vpc_dhcp_options.this",
            "module.eks.data.aws_iam_instance_profile.custom_worker_group_launch_template_iam_instance_profile",
            "module.vpc.aws_network_acl_rule.public_outbound",
            "module.vpc.aws_route.database_ipv6_egress",
            "module.vpc.aws_customer_gateway.this",
            "module.vpc.aws_network_acl.public",
            "module.vpc.aws_vpn_gateway_route_propagation.intra",
            "module.vpc.aws_route_table.database",
            "module.vpc.aws_route_table.redshift",
            "module.vpc.aws_vpc_ipv4_cidr_block_association.this",
            "module.eks.module.fargate.aws_iam_role_policy_attachment.eks_fargate_pod",
            "module.vpc.aws_eip.nat",
            "module.vpc.aws_network_acl.redshift",
            "module.vpc.aws_network_acl_rule.redshift_inbound",
            "module.vpc.aws_route_table_association.redshift_public",
            "module.vpc.aws_vpc_dhcp_options_association.this",
            "module.eks.aws_security_group_rule.workers_ingress_cluster_kubelet",
            "module.eks.data.aws_ami.eks_worker",
            "module.eks.module.fargate.aws_eks_fargate_profile.this",
            "module.vpc.aws_internet_gateway.this",
            "module.eks.module.fargate.data.aws_partition.current",
            "module.vpc.aws_egress_only_internet_gateway.this",
            "module.vpc.aws_vpn_gateway_attachment.this",
            "module.eks.module.fargate.aws_iam_role.eks_fargate_pod",
            "module.vpc.aws_network_acl_rule.redshift_outbound",
            "module.vpc.aws_network_acl_rule.elasticache_inbound",
            "module.vpc.aws_network_acl_rule.elasticache_outbound",
            "module.vpc.aws_default_vpc.this",
            "module.vpc.aws_network_acl.database",
            "module.vpc.aws_route.private_ipv6_egress",
            "module.vpc.aws_route.private_nat_gateway",
            "aws_security_group.worker_group_mgmt_one",
            "module.eks.aws_iam_instance_profile.workers",
            "module.eks.aws_iam_role.cluster",
            "module.eks.aws_iam_role_policy_attachment.workers_AmazonEKSWorkerNodePolicy",
            "module.vpc.aws_route_table.public",
            "module.vpc.aws_route_table_association.elasticache",
            "module.vpc.aws_subnet.intra",
            "module.vpc.aws_network_acl_rule.outpost_outbound",
            "module.vpc.aws_route.public_internet_gateway",
            "module.vpc.aws_route_table_association.database",
            "module.vpc.aws_vpn_gateway_route_propagation.private",
            "module.eks.aws_autoscaling_group.workers_launch_template",
            "module.eks.aws_iam_policy.cluster_elb_sl_role_creation",
            "module.eks.module.node_groups.aws_launch_template.workers",
            "module.vpc.aws_iam_policy.vpc_flow_log_cloudwatch",
            "module.eks.module.node_groups.data.cloudinit_config.workers_userdata",
            "module.vpc.aws_route_table.intra",
            "module.vpc.aws_route_table_association.redshift",
            "aws_security_group.worker_group_mgmt_two",
            "module.eks.aws_iam_role_policy_attachment.cluster_AmazonEKSServicePolicy",
            "module.eks.aws_iam_role_policy_attachment.cluster_AmazonEKSVPCResourceControllerPolicy",
            "module.eks.aws_security_group.workers",
            "module.eks.aws_iam_role_policy_attachment.cluster_AmazonEKSClusterPolicy",
            "module.eks.aws_security_group_rule.workers_ingress_self",
            "module.vpc.aws_network_acl.elasticache",
            "module.vpc.aws_route.database_internet_gateway",
            "module.eks.data.aws_iam_policy_document.cluster_assume_role_policy",
            "module.vpc.aws_network_acl.intra",
            "module.vpc.aws_route_table.private",
            "data.aws_eks_cluster.cluster",
            "module.eks.aws_eks_cluster.this",
            "module.eks.aws_security_group_rule.cluster_egress_internet",
            "module.eks.data.aws_ami.eks_worker_windows",
            "module.vpc.aws_route_table_association.intra",
            "module.eks.data.aws_iam_role.custom_cluster_iam_role",
            "module.vpc.aws_nat_gateway.this",
            "module.vpc.aws_network_acl_rule.database_outbound",
            "module.vpc.aws_network_acl_rule.intra_outbound",
            "module.eks.module.node_groups.aws_eks_node_group.workers",
            "module.vpc.aws_iam_role.vpc_flow_log_cloudwatch",
            "module.vpc.aws_subnet.public",
            "module.eks.aws_iam_role_policy_attachment.workers_AmazonEC2ContainerRegistryReadOnly",
            "module.eks.aws_security_group_rule.cluster_private_access_sg_source",
            "module.eks.aws_security_group_rule.workers_ingress_cluster",
            "module.eks.aws_security_group_rule.workers_ingress_cluster_primary",
            "module.vpc.aws_flow_log.this",
            "module.vpc.aws_subnet.elasticache",
            "module.vpc.aws_subnet.outpost",
            "module.vpc.aws_subnet.redshift",
            "data.aws_eks_cluster_auth.cluster",
            "module.eks.aws_autoscaling_group.workers",
            "module.eks.aws_security_group_rule.cluster_private_access_cidrs_source",
            "module.eks.module.fargate.data.aws_iam_role.custom_fargate_iam_role",
            "module.eks.aws_security_group.cluster",
            "module.vpc.aws_network_acl.private",
            "module.vpc.aws_network_acl.outpost",
            "module.vpc.aws_network_acl_rule.private_outbound",
            "module.eks.aws_cloudwatch_log_group.this",
            "module.vpc.aws_network_acl_rule.database_inbound",
            "module.vpc.aws_network_acl_rule.outpost_inbound",
            "module.vpc.aws_route.database_nat_gateway",
            "module.vpc.data.aws_iam_policy_document.flow_log_cloudwatch_assume_role",
            "module.eks.aws_launch_template.workers_launch_template",
            "module.vpc.aws_network_acl_rule.public_inbound",
            "module.vpc.aws_route_table_association.private",
            "module.vpc.aws_route_table_association.public",
            "module.eks.aws_security_group_rule.cluster_primary_ingress_workers",
            "module.vpc.aws_default_network_acl.this",
            "module.vpc.data.aws_iam_policy_document.vpc_flow_log_cloudwatch",
            "module.vpc.aws_route_table_association.outpost",
            "module.vpc.aws_subnet.database",
            "module.vpc.aws_vpn_gateway_route_propagation.public",
            "module.eks.aws_iam_openid_connect_provider.oidc_provider",
            "module.eks.aws_security_group_rule.workers_egress_internet",
            "module.eks.local_file.kubeconfig",
            "module.vpc.aws_network_acl_rule.intra_inbound",
            "module.vpc.aws_elasticache_subnet_group.elasticache",
            "module.eks.aws_iam_instance_profile.workers_launch_template",
            "module.eks.aws_iam_role.workers",
            "module.eks.data.aws_caller_identity.current",
            "module.vpc.aws_default_security_group.this",
            "module.eks.aws_iam_role_policy_attachment.workers_AmazonEKS_CNI_Policy",
            "module.eks.data.aws_partition.current",
            "module.vpc.aws_redshift_subnet_group.redshift",
            "module.eks.kubernetes_config_map.aws_auth",
            "module.vpc.aws_network_acl_rule.private_inbound",
            "module.eks.aws_iam_role_policy_attachment.workers_additional_policies",
            "module.vpc.aws_route.public_internet_gateway_ipv6",
            "module.eks.data.aws_iam_policy_document.cluster_elb_sl_role_creation",
            "module.vpc.aws_vpc.this",
            "module.vpc.aws_vpn_gateway.this",
            "module.eks.aws_security_group_rule.workers_ingress_cluster_https",
            "module.vpc.aws_subnet.private",
            "module.eks.data.aws_iam_instance_profile.custom_worker_group_iam_instance_profile",
            "module.eks.data.aws_iam_policy_document.workers_assume_role_policy",
            "module.vpc.aws_db_subnet_group.database",
            "module.vpc.aws_default_route_table.default",
            "module.vpc.aws_cloudwatch_log_group.flow_log",
            "module.vpc.aws_iam_role_policy_attachment.vpc_flow_log_cloudwatch",
            "module.ec2.aws_instance.jenkins",
            "module.eks.aws_launch_configuration.workers",
            "module.eks.aws_security_group_rule.cluster_https_worker_ingress",
            "module.eks.module.fargate.data.aws_iam_policy_document.eks_fargate_pod_assume_role"
          ]
        }
      ]
    },
    {
      "mode": "managed",
      "type": "local_file",
      "name": "tf_ansible_inventory",
      "provider": "provider[\"registry.terraform.io/hashicorp/local\"]",
      "instances": [
        {
          "schema_version": 0,
          "attributes": {
            "content": "[jenkins]\r\n\r\n35.178.184.8 ansible_ssh_private_key_file=~/.ssh/terraforminit.pem\r\n\r\n[jenkins:vars]\r\n\r\nansible_user=ubuntu\r\n\r\nansible_ssh_common_args='-o StrictHostKeyChecking=no'\r\n",
            "content_base64": null,
            "directory_permission": "0777",
            "file_permission": "0777",
            "filename": "./ansible/inventory",
            "id": "3f699e698932a528c4f834fe86b93cd846189cab",
            "sensitive_content": null,
            "source": null
          },
          "sensitive_attributes": [],
          "private": "bnVsbA==",
          "dependencies": [
            "module.eks.data.aws_caller_identity.current",
            "module.vpc.aws_network_acl_rule.public_outbound",
            "module.vpc.aws_subnet.outpost",
            "module.eks.aws_iam_role_policy_attachment.cluster_AmazonEKSServicePolicy",
            "module.eks.aws_security_group_rule.cluster_private_access_sg_source",
            "module.vpc.aws_internet_gateway.this",
            "module.vpc.aws_network_acl_rule.elasticache_outbound",
            "module.vpc.aws_route_table_association.public",
            "module.eks.aws_iam_policy.cluster_elb_sl_role_creation",
            "module.vpc.aws_network_acl_rule.outpost_inbound",
            "module.vpc.aws_route_table.public",
            "module.eks.aws_iam_instance_profile.workers_launch_template",
            "module.eks.module.node_groups.aws_launch_template.workers",
            "module.vpc.aws_default_network_acl.this",
            "module.vpc.aws_network_acl.outpost",
            "module.vpc.aws_network_acl.redshift",
            "module.eks.aws_security_group.workers",
            "module.vpc.aws_egress_only_internet_gateway.this",
            "module.vpc.aws_network_acl_rule.private_inbound",
            "module.vpc.aws_route.public_internet_gateway",
            "module.vpc.aws_route_table.private",
            "module.vpc.aws_subnet.public",
            "module.vpc.aws_network_acl_rule.redshift_inbound",
            "module.vpc.aws_vpn_gateway.this",
            "module.vpc.aws_network_acl_rule.outpost_outbound",
            "module.vpc.aws_route.database_internet_gateway",
            "module.vpc.aws_route.private_ipv6_egress",
            "module.vpc.aws_subnet.intra",
            "module.vpc.aws_vpn_gateway_attachment.this",
            "module.eks.aws_iam_role_policy_attachment.cluster_AmazonEKSVPCResourceControllerPolicy",
            "module.eks.data.aws_iam_policy_document.cluster_elb_sl_role_creation",
            "module.eks.data.aws_iam_role.custom_cluster_iam_role",
            "module.vpc.aws_eip.nat",
            "module.vpc.aws_network_acl.database",
            "module.vpc.aws_network_acl_rule.database_inbound",
            "module.vpc.aws_subnet.private",
            "module.eks.aws_security_group_rule.cluster_https_worker_ingress",
            "module.eks.aws_security_group_rule.workers_ingress_cluster_primary",
            "module.eks.aws_cloudwatch_log_group.this",
            "module.eks.aws_security_group_rule.workers_ingress_cluster_https",
            "module.eks.kubernetes_config_map.aws_auth",
            "module.eks.module.fargate.data.aws_iam_role.custom_fargate_iam_role",
            "module.vpc.aws_network_acl.private",
            "module.vpc.aws_route.database_nat_gateway",
            "module.vpc.data.aws_iam_policy_document.flow_log_cloudwatch_assume_role",
            "module.vpc.aws_default_route_table.default",
            "module.vpc.aws_network_acl.public",
            "module.vpc.aws_vpc_ipv4_cidr_block_association.this",
            "module.eks.aws_iam_role.workers",
            "module.eks.aws_iam_role_policy_attachment.workers_AmazonEKSWorkerNodePolicy",
            "module.eks.aws_security_group_rule.workers_egress_internet",
            "module.eks.data.aws_ami.eks_worker",
            "module.eks.data.aws_iam_policy_document.cluster_assume_role_policy",
            "module.vpc.aws_route_table_association.elasticache",
            "module.vpc.aws_vpc_dhcp_options.this",
            "module.eks.aws_iam_instance_profile.workers",
            "module.eks.aws_iam_role_policy_attachment.cluster_elb_sl_role_creation",
            "module.eks.aws_security_group_rule.workers_ingress_self",
            "module.vpc.aws_route.database_ipv6_egress",
            "module.vpc.aws_vpn_gateway_route_propagation.public",
            "module.eks.data.aws_ami.eks_worker_windows",
            "module.eks.data.aws_iam_instance_profile.custom_worker_group_launch_template_iam_instance_profile",
            "module.vpc.aws_route.private_nat_gateway",
            "module.vpc.aws_route_table_association.intra",
            "module.vpc.aws_route_table_association.private",
            "data.aws_eks_cluster.cluster",
            "module.eks.data.aws_partition.current",
            "module.eks.module.fargate.aws_iam_role.eks_fargate_pod",
            "module.vpc.aws_db_subnet_group.database",
            "module.vpc.aws_default_security_group.this",
            "module.vpc.aws_network_acl_rule.redshift_outbound",
            "module.vpc.aws_route_table_association.database",
            "module.eks.data.aws_iam_instance_profile.custom_worker_group_iam_instance_profile",
            "module.eks.data.http.wait_for_cluster",
            "module.vpc.aws_iam_role_policy_attachment.vpc_flow_log_cloudwatch",
            "module.vpc.aws_network_acl_rule.intra_inbound",
            "module.vpc.aws_route_table.intra",
            "module.vpc.aws_network_acl_rule.elasticache_inbound",
            "module.vpc.aws_route_table_association.redshift",
            "module.vpc.aws_subnet.database",
            "module.vpc.aws_vpc.this",
            "module.vpc.aws_vpn_gateway_route_propagation.intra",
            "module.eks.aws_iam_role_policy_attachment.workers_AmazonEC2ContainerRegistryReadOnly",
            "module.eks.aws_launch_template.workers_launch_template",
            "module.eks.aws_security_group.cluster",
            "module.eks.module.fargate.aws_eks_fargate_profile.this",
            "module.eks.aws_iam_role_policy_attachment.cluster_AmazonEKSClusterPolicy",
            "module.eks.aws_iam_role_policy_attachment.workers_AmazonEKS_CNI_Policy",
            "module.vpc.aws_customer_gateway.this",
            "module.eks.aws_security_group_rule.cluster_primary_ingress_workers",
            "module.vpc.aws_iam_role.vpc_flow_log_cloudwatch",
            "module.vpc.aws_route_table.database",
            "module.vpc.aws_route_table.redshift",
            "module.vpc.aws_vpc_dhcp_options_association.this",
            "aws_security_group.worker_group_mgmt_one",
            "data.aws_eks_cluster_auth.cluster",
            "module.ec2.aws_instance.jenkins",
            "module.eks.aws_security_group_rule.cluster_egress_internet",
            "module.eks.aws_security_group_rule.cluster_private_access_cidrs_source",
            "module.eks.data.aws_iam_policy_document.workers_assume_role_policy",
            "module.vpc.aws_subnet.elasticache",
            "module.vpc.data.aws_iam_policy_document.vpc_flow_log_cloudwatch",
            "module.eks.aws_iam_role_policy_attachment.workers_additional_policies",
            "module.eks.local_file.kubeconfig",
            "module.eks.module.node_groups.aws_eks_node_group.workers",
            "module.eks.aws_launch_configuration.workers",
            "module.vpc.aws_network_acl_rule.intra_outbound",
            "module.vpc.aws_route_table.elasticache",
            "module.vpc.aws_subnet.redshift",
            "module.eks.module.fargate.data.aws_iam_policy_document.eks_fargate_pod_assume_role",
            "module.vpc.aws_flow_log.this",
            "module.vpc.aws_route_table_association.redshift_public",
            "module.vpc.aws_network_acl.intra",
            "module.vpc.aws_network_acl_rule.private_outbound",
            "module.vpc.aws_route_table_association.outpost",
            "module.vpc.aws_default_vpc.this",
            "module.vpc.aws_iam_policy.vpc_flow_log_cloudwatch",
            "module.vpc.aws_network_acl_rule.database_outbound",
            "aws_security_group.worker_group_mgmt_two",
            "module.eks.aws_security_group_rule.workers_ingress_cluster",
            "module.eks.module.fargate.data.aws_partition.current",
            "module.vpc.aws_elasticache_subnet_group.elasticache",
            "module.eks.module.fargate.aws_iam_role_policy_attachment.eks_fargate_pod",
            "module.eks.module.node_groups.data.cloudinit_config.workers_userdata",
            "module.eks.aws_autoscaling_group.workers_launch_template",
            "module.eks.aws_eks_cluster.this",
            "module.vpc.aws_nat_gateway.this",
            "module.vpc.aws_network_acl_rule.public_inbound",
            "module.vpc.aws_redshift_subnet_group.redshift",
            "module.vpc.aws_route.public_internet_gateway_ipv6",
            "module.vpc.aws_vpn_gateway_route_propagation.private",
            "module.eks.aws_autoscaling_group.workers",
            "module.eks.aws_iam_openid_connect_provider.oidc_provider",
            "module.eks.aws_iam_role.cluster",
            "module.eks.aws_security_group_rule.workers_ingress_cluster_kubelet",
            "module.vpc.aws_cloudwatch_log_group.flow_log",
            "module.vpc.aws_network_acl.elasticache"
          ]
        }
      ]
    },
    {
      "mode": "managed",
      "type": "random_string",
      "name": "suffix",
      "provider": "provider[\"registry.terraform.io/hashicorp/random\"]",
      "instances": [
        {
          "schema_version": 1,
          "attributes": {
            "id": "HEuDlDij",
            "keepers": null,
            "length": 8,
            "lower": true,
            "min_lower": 0,
            "min_numeric": 0,
            "min_special": 0,
            "min_upper": 0,
            "number": true,
            "override_special": null,
            "result": "HEuDlDij",
            "special": false,
            "upper": true
          },
          "sensitive_attributes": [],
          "private": "eyJzY2hlbWFfdmVyc2lvbiI6IjEifQ=="
        }
      ]
    },
    {
      "module": "module.ec2",
      "mode": "managed",
      "type": "aws_db_instance",
      "name": "DnD",
      "provider": "provider[\"registry.terraform.io/hashicorp/aws\"]",
      "instances": [
        {
          "schema_version": 1,
          "attributes": {
            "address": "dnd.c4mpuru4e7oz.eu-west-2.rds.amazonaws.com",
            "allocated_storage": 5,
            "allow_major_version_upgrade": null,
            "apply_immediately": null,
            "arn": "arn:aws:rds:eu-west-2:169178711529:db:dnd",
            "auto_minor_version_upgrade": true,
            "availability_zone": "eu-west-2b",
            "backup_retention_period": 0,
            "backup_window": "01:05-01:35",
            "ca_cert_identifier": "rds-ca-2019",
            "character_set_name": "",
            "copy_tags_to_snapshot": false,
            "customer_owned_ip_enabled": false,
            "db_subnet_group_name": "dnd-vpc",
            "delete_automated_backups": true,
            "deletion_protection": false,
            "domain": "",
            "domain_iam_role_name": "",
            "enabled_cloudwatch_logs_exports": [],
            "endpoint": "dnd.c4mpuru4e7oz.eu-west-2.rds.amazonaws.com:3306",
            "engine": "mysql",
            "engine_version": "5.7",
            "engine_version_actual": "5.7.33",
            "final_snapshot_identifier": null,
            "hosted_zone_id": "Z1TTGA775OQIYO",
            "iam_database_authentication_enabled": false,
            "id": "dnd",
            "identifier": "dnd",
            "identifier_prefix": null,
            "instance_class": "db.t3.micro",
            "iops": 0,
            "kms_key_id": "",
            "latest_restorable_time": "0001-01-01T00:00:00Z",
            "license_model": "general-public-license",
            "maintenance_window": "thu:22:12-thu:22:42",
            "max_allocated_storage": 0,
            "monitoring_interval": 0,
            "monitoring_role_arn": "",
            "multi_az": false,
            "name": "DnD",
            "nchar_character_set_name": "",
            "option_group_name": "default:mysql-5-7",
            "parameter_group_name": "default.mysql5.7",
            "password": "GoAwayH4ckers",
            "performance_insights_enabled": false,
            "performance_insights_kms_key_id": "",
            "performance_insights_retention_period": 0,
            "port": 3306,
            "publicly_accessible": false,
            "replica_mode": "",
            "replicas": [],
            "replicate_source_db": "",
            "resource_id": "db-TWRTUIVEX7ZIIUHQZPISYRXZPE",
            "restore_to_point_in_time": [],
            "s3_import": [],
            "security_group_names": [],
            "skip_final_snapshot": true,
            "snapshot_identifier": null,
            "status": "available",
            "storage_encrypted": false,
            "storage_type": "gp2",
            "tags": {},
            "tags_all": {},
            "timeouts": null,
            "timezone": "",
            "username": "root",
            "vpc_security_group_ids": [
              "sg-0397254332173c962"
            ]
          },
          "sensitive_attributes": [
            [
              {
                "type": "get_attr",
                "value": "password"
              }
            ]
          ],
          "private": "eyJlMmJmYjczMC1lY2FhLTExZTYtOGY4OC0zNDM2M2JjN2M0YzAiOnsiY3JlYXRlIjoyNDAwMDAwMDAwMDAwLCJkZWxldGUiOjM2MDAwMDAwMDAwMDAsInVwZGF0ZSI6NDgwMDAwMDAwMDAwMH0sInNjaGVtYV92ZXJzaW9uIjoiMSJ9",
          "dependencies": [
            "module.vpc.aws_route_table.redshift",
            "module.vpc.aws_vpn_gateway_route_propagation.intra",
            "module.vpc.aws_network_acl_rule.database_outbound",
            "module.vpc.aws_network_acl_rule.outpost_outbound",
            "module.vpc.aws_route_table.private",
            "module.eks.aws_eks_cluster.this",
            "module.eks.aws_security_group_rule.workers_ingress_cluster_kubelet",
            "module.vpc.aws_vpc_dhcp_options_association.this",
            "module.vpc.aws_route_table_association.redshift",
            "module.eks.aws_security_group_rule.workers_egress_internet",
            "module.eks.data.aws_iam_policy_document.workers_assume_role_policy",
            "module.eks.data.http.wait_for_cluster",
            "module.vpc.aws_subnet.intra",
            "module.eks.aws_iam_instance_profile.workers",
            "module.eks.data.aws_iam_policy_document.cluster_assume_role_policy",
            "module.vpc.aws_network_acl.public",
            "module.vpc.aws_route_table_association.intra",
            "module.vpc.aws_vpc_dhcp_options.this",
            "module.eks.aws_iam_role_policy_attachment.workers_AmazonEKS_CNI_Policy",
            "module.eks.aws_security_group.cluster",
            "module.vpc.aws_iam_role_policy_attachment.vpc_flow_log_cloudwatch",
            "module.vpc.aws_route_table_association.redshift_public",
            "module.eks.aws_security_group.workers",
            "module.vpc.aws_default_vpc.this",
            "module.vpc.aws_network_acl.private",
            "module.vpc.aws_default_network_acl.this",
            "module.vpc.aws_network_acl.outpost",
            "module.vpc.aws_network_acl_rule.redshift_inbound",
            "module.eks.aws_security_group_rule.cluster_https_worker_ingress",
            "module.eks.module.fargate.aws_eks_fargate_profile.this",
            "module.eks.module.node_groups.aws_eks_node_group.workers",
            "module.eks.aws_security_group_rule.workers_ingress_self",
            "module.vpc.aws_route_table.public",
            "module.vpc.aws_subnet.public",
            "module.eks.aws_launch_configuration.workers",
            "module.vpc.aws_default_security_group.this",
            "module.eks.module.fargate.aws_iam_role_policy_attachment.eks_fargate_pod",
            "module.eks.module.fargate.data.aws_iam_role.custom_fargate_iam_role",
            "module.vpc.aws_network_acl.redshift",
            "module.vpc.aws_network_acl_rule.database_inbound",
            "module.vpc.aws_subnet.redshift",
            "module.eks.aws_cloudwatch_log_group.this",
            "module.eks.aws_security_group_rule.workers_ingress_cluster",
            "module.eks.data.aws_iam_role.custom_cluster_iam_role",
            "module.eks.aws_security_group_rule.cluster_primary_ingress_workers",
            "module.vpc.aws_network_acl_rule.private_outbound",
            "module.vpc.aws_iam_policy.vpc_flow_log_cloudwatch",
            "module.vpc.aws_network_acl_rule.redshift_outbound",
            "module.vpc.aws_vpn_gateway.this",
            "data.aws_eks_cluster.cluster",
            "module.eks.data.aws_ami.eks_worker",
            "module.vpc.aws_default_route_table.default",
            "module.eks.aws_security_group_rule.cluster_private_access_cidrs_source",
            "module.vpc.aws_route_table_association.database",
            "module.vpc.aws_route_table.intra",
            "module.vpc.aws_route_table_association.public",
            "module.vpc.aws_vpc.this",
            "module.eks.aws_iam_policy.cluster_elb_sl_role_creation",
            "module.eks.aws_iam_role_policy_attachment.cluster_AmazonEKSClusterPolicy",
            "module.vpc.aws_network_acl_rule.public_inbound",
            "module.vpc.aws_route.database_ipv6_egress",
            "module.vpc.aws_route.public_internet_gateway_ipv6",
            "module.vpc.aws_subnet.elasticache",
            "module.vpc.data.aws_iam_policy_document.vpc_flow_log_cloudwatch",
            "module.eks.aws_iam_role_policy_attachment.workers_AmazonEKSWorkerNodePolicy",
            "module.vpc.aws_iam_role.vpc_flow_log_cloudwatch",
            "module.vpc.aws_network_acl_rule.intra_outbound",
            "module.vpc.aws_route_table_association.private",
            "data.aws_eks_cluster_auth.cluster",
            "module.eks.aws_autoscaling_group.workers_launch_template",
            "module.vpc.aws_network_acl_rule.outpost_inbound",
            "module.vpc.aws_eip.nat",
            "module.vpc.aws_network_acl_rule.elasticache_inbound",
            "module.vpc.aws_route.database_internet_gateway",
            "module.vpc.aws_route.private_nat_gateway",
            "module.vpc.aws_subnet.database",
            "module.eks.aws_security_group_rule.cluster_egress_internet",
            "module.eks.data.aws_caller_identity.current",
            "module.eks.data.aws_iam_policy_document.cluster_elb_sl_role_creation",
            "module.eks.module.fargate.data.aws_partition.current",
            "module.vpc.aws_flow_log.this",
            "module.vpc.aws_vpn_gateway_attachment.this",
            "module.eks.aws_security_group_rule.cluster_private_access_sg_source",
            "module.eks.kubernetes_config_map.aws_auth",
            "module.eks.module.fargate.data.aws_iam_policy_document.eks_fargate_pod_assume_role",
            "module.eks.data.aws_ami.eks_worker_windows",
            "module.eks.data.aws_iam_instance_profile.custom_worker_group_iam_instance_profile",
            "module.vpc.aws_internet_gateway.this",
            "module.eks.aws_autoscaling_group.workers",
            "module.eks.module.node_groups.aws_launch_template.workers",
            "module.vpc.aws_network_acl.database",
            "module.vpc.aws_vpn_gateway_route_propagation.private",
            "module.vpc.aws_db_subnet_group.database",
            "module.vpc.aws_network_acl.elasticache",
            "module.vpc.aws_redshift_subnet_group.redshift",
            "module.eks.aws_iam_role.cluster",
            "module.vpc.aws_route.public_internet_gateway",
            "module.vpc.aws_subnet.outpost",
            "module.eks.aws_iam_openid_connect_provider.oidc_provider",
            "module.eks.local_file.kubeconfig",
            "module.vpc.aws_route.private_ipv6_egress",
            "module.vpc.aws_route_table.elasticache",
            "module.vpc.aws_vpc_ipv4_cidr_block_association.this",
            "aws_security_group.worker_group_mgmt_two",
            "module.vpc.aws_customer_gateway.this",
            "module.vpc.aws_route_table.database",
            "module.vpc.aws_elasticache_subnet_group.elasticache",
            "module.vpc.aws_nat_gateway.this",
            "module.vpc.aws_network_acl_rule.elasticache_outbound",
            "module.vpc.aws_network_acl_rule.private_inbound",
            "module.vpc.data.aws_iam_policy_document.flow_log_cloudwatch_assume_role",
            "module.eks.aws_iam_role_policy_attachment.workers_additional_policies",
            "module.eks.aws_launch_template.workers_launch_template",
            "module.eks.module.node_groups.data.cloudinit_config.workers_userdata",
            "module.eks.module.fargate.aws_iam_role.eks_fargate_pod",
            "module.vpc.aws_network_acl_rule.intra_inbound",
            "module.vpc.aws_subnet.private",
            "module.eks.aws_iam_role_policy_attachment.cluster_AmazonEKSServicePolicy",
            "module.eks.aws_security_group_rule.workers_ingress_cluster_primary",
            "module.eks.data.aws_partition.current",
            "module.eks.aws_iam_instance_profile.workers_launch_template",
            "module.eks.aws_iam_role_policy_attachment.cluster_elb_sl_role_creation",
            "module.eks.aws_iam_role_policy_attachment.workers_AmazonEC2ContainerRegistryReadOnly",
            "aws_security_group.worker_group_mgmt_one",
            "module.vpc.aws_egress_only_internet_gateway.this",
            "module.vpc.aws_network_acl_rule.public_outbound",
            "module.vpc.aws_route.database_nat_gateway",
            "module.vpc.aws_route_table_association.elasticache",
            "module.vpc.aws_route_table_association.outpost",
            "module.eks.aws_iam_role.workers",
            "module.eks.aws_iam_role_policy_attachment.cluster_AmazonEKSVPCResourceControllerPolicy",
            "module.eks.aws_security_group_rule.workers_ingress_cluster_https",
            "module.vpc.aws_vpn_gateway_route_propagation.public",
            "module.eks.data.aws_iam_instance_profile.custom_worker_group_launch_template_iam_instance_profile",
            "module.vpc.aws_cloudwatch_log_group.flow_log",
            "module.vpc.aws_network_acl.intra"
          ]
        }
      ]
    },
    {
      "module": "module.ec2",
      "mode": "managed",
      "type": "aws_instance",
      "name": "bastion",
      "provider": "provider[\"registry.terraform.io/hashicorp/aws\"]",
      "instances": [
        {
          "schema_version": 1,
          "attributes": {
            "ami": "ami-096cb92bb3580c759",
            "arn": "arn:aws:ec2:eu-west-2:169178711529:instance/i-03cd64fb8b95c1b95",
            "associate_public_ip_address": true,
            "availability_zone": "eu-west-2a",
            "capacity_reservation_specification": [
              {
                "capacity_reservation_preference": "open",
                "capacity_reservation_target": []
              }
            ],
            "cpu_core_count": 2,
            "cpu_threads_per_core": 1,
            "credit_specification": [
              {
                "cpu_credits": "standard"
              }
            ],
            "disable_api_termination": false,
            "ebs_block_device": [],
            "ebs_optimized": false,
            "enclave_options": [
              {
                "enabled": false
              }
            ],
            "ephemeral_block_device": [],
            "get_password_data": false,
            "hibernation": false,
            "host_id": null,
            "iam_instance_profile": "",
            "id": "i-03cd64fb8b95c1b95",
            "instance_initiated_shutdown_behavior": "stop",
            "instance_state": "running",
            "instance_type": "t2.medium",
            "ipv6_address_count": 0,
            "ipv6_addresses": [],
            "key_name": "terraforminit",
            "launch_template": [],
            "metadata_options": [
              {
                "http_endpoint": "enabled",
                "http_put_response_hop_limit": 1,
                "http_tokens": "optional"
              }
            ],
            "monitoring": false,
            "network_interface": [],
            "outpost_arn": "",
            "password_data": "",
            "placement_group": "",
            "placement_partition_number": null,
            "primary_network_interface_id": "eni-036b94b1137beb373",
            "private_dns": "ip-10-0-4-92.eu-west-2.compute.internal",
            "private_ip": "10.0.4.92",
            "public_dns": "ec2-3-10-141-154.eu-west-2.compute.amazonaws.com",
            "public_ip": "3.10.141.154",
            "root_block_device": [
              {
                "delete_on_termination": true,
                "device_name": "/dev/sda1",
                "encrypted": false,
                "iops": 100,
                "kms_key_id": "",
                "tags": {},
                "throughput": 0,
                "volume_id": "vol-0efec6d6971ba20ab",
                "volume_size": 8,
                "volume_type": "gp2"
              }
            ],
            "secondary_private_ips": [],
            "security_groups": [],
            "source_dest_check": true,
            "subnet_id": "subnet-02b210b2779efb3a3",
            "tags": {
              "Name": "bastion"
            },
            "tags_all": {
              "Name": "bastion"
            },
            "tenancy": "default",
            "timeouts": null,
            "user_data": "a50832a39d7c70e0822a838a303776b11e05b694",
            "user_data_base64": null,
            "volume_tags": null,
            "vpc_security_group_ids": [
              "sg-061df37e9ffdabab3"
            ]
          },
          "sensitive_attributes": [],
          "private": "eyJlMmJmYjczMC1lY2FhLTExZTYtOGY4OC0zNDM2M2JjN2M0YzAiOnsiY3JlYXRlIjo2MDAwMDAwMDAwMDAsImRlbGV0ZSI6MTIwMDAwMDAwMDAwMCwidXBkYXRlIjo2MDAwMDAwMDAwMDB9LCJzY2hlbWFfdmVyc2lvbiI6IjEifQ==",
          "dependencies": [
            "module.vpc.aws_route_table.elasticache",
            "module.eks.aws_iam_role.cluster",
            "module.eks.aws_security_group.cluster",
            "module.eks.kubernetes_config_map.aws_auth",
            "module.vpc.aws_network_acl_rule.database_inbound",
            "module.vpc.aws_route.private_nat_gateway",
            "module.vpc.aws_vpc_dhcp_options.this",
            "module.eks.aws_cloudwatch_log_group.this",
            "module.eks.data.aws_iam_policy_document.workers_assume_role_policy",
            "module.eks.local_file.kubeconfig",
            "module.vpc.aws_eip.nat",
            "module.vpc.aws_route.private_ipv6_egress",
            "module.vpc.aws_network_acl.outpost",
            "module.vpc.aws_route_table.intra",
            "module.vpc.aws_route_table.public",
            "module.vpc.aws_route_table.private",
            "module.vpc.aws_route_table_association.intra",
            "module.vpc.aws_vpc_ipv4_cidr_block_association.this",
            "aws_security_group.worker_group_mgmt_one",
            "module.eks.aws_iam_instance_profile.workers_launch_template",
            "module.eks.aws_launch_template.workers_launch_template",
            "module.eks.data.aws_ami.eks_worker",
            "module.vpc.aws_redshift_subnet_group.redshift",
            "module.vpc.aws_route_table.redshift",
            "module.vpc.aws_vpc.this",
            "module.eks.module.node_groups.data.cloudinit_config.workers_userdata",
            "module.vpc.aws_customer_gateway.this",
            "module.vpc.aws_default_vpc.this",
            "module.vpc.aws_network_acl_rule.elasticache_outbound",
            "module.vpc.aws_route.public_internet_gateway_ipv6",
            "aws_security_group.worker_group_mgmt_two",
            "module.vpc.aws_network_acl.redshift",
            "module.vpc.aws_network_acl_rule.intra_inbound",
            "module.eks.aws_security_group_rule.cluster_egress_internet",
            "module.eks.data.aws_caller_identity.current",
            "module.vpc.aws_nat_gateway.this",
            "module.vpc.aws_vpn_gateway.this",
            "data.aws_eks_cluster_auth.cluster",
            "module.eks.aws_iam_role_policy_attachment.workers_AmazonEKSWorkerNodePolicy",
            "module.vpc.aws_network_acl.public",
            "module.vpc.aws_subnet.outpost",
            "module.eks.aws_autoscaling_group.workers",
            "module.vpc.aws_cloudwatch_log_group.flow_log",
            "module.vpc.aws_network_acl_rule.outpost_outbound",
            "module.vpc.aws_route_table_association.redshift_public",
            "module.vpc.aws_subnet.intra",
            "module.vpc.aws_network_acl.intra",
            "module.vpc.aws_network_acl_rule.private_outbound",
            "module.vpc.aws_network_acl_rule.redshift_inbound",
            "module.vpc.aws_route.database_nat_gateway",
            "module.eks.data.aws_partition.current",
            "module.vpc.aws_default_network_acl.this",
            "module.vpc.aws_vpn_gateway_route_propagation.private",
            "data.aws_eks_cluster.cluster",
            "module.eks.module.fargate.aws_iam_role.eks_fargate_pod",
            "module.vpc.aws_egress_only_internet_gateway.this",
            "module.vpc.aws_network_acl_rule.outpost_inbound",
            "module.eks.aws_iam_role_policy_attachment.cluster_AmazonEKSServicePolicy",
            "module.eks.aws_security_group.workers",
            "module.vpc.aws_network_acl.elasticache",
            "module.vpc.aws_route_table_association.private",
            "module.vpc.data.aws_iam_policy_document.flow_log_cloudwatch_assume_role",
            "module.eks.aws_iam_instance_profile.workers",
            "module.eks.aws_security_group_rule.workers_ingress_self",
            "module.eks.module.fargate.data.aws_iam_policy_document.eks_fargate_pod_assume_role",
            "module.eks.aws_security_group_rule.workers_ingress_cluster_https",
            "module.vpc.aws_route_table_association.outpost",
            "module.eks.aws_iam_role_policy_attachment.workers_AmazonEKS_CNI_Policy",
            "module.vpc.aws_db_subnet_group.database",
            "module.vpc.aws_flow_log.this",
            "module.vpc.aws_iam_policy.vpc_flow_log_cloudwatch",
            "module.vpc.aws_network_acl_rule.database_outbound",
            "module.eks.aws_autoscaling_group.workers_launch_template",
            "module.eks.aws_security_group_rule.workers_ingress_cluster",
            "module.eks.data.aws_ami.eks_worker_windows",
            "module.vpc.aws_default_security_group.this",
            "module.vpc.aws_network_acl_rule.elasticache_inbound",
            "module.vpc.aws_network_acl_rule.private_inbound",
            "module.eks.aws_security_group_rule.workers_ingress_cluster_primary",
            "module.eks.module.fargate.data.aws_partition.current",
            "module.vpc.aws_network_acl.private",
            "module.vpc.aws_subnet.public",
            "module.vpc.aws_vpn_gateway_route_propagation.intra",
            "module.eks.aws_iam_role_policy_attachment.cluster_AmazonEKSVPCResourceControllerPolicy",
            "module.eks.aws_security_group_rule.cluster_https_worker_ingress",
            "module.eks.module.fargate.aws_iam_role_policy_attachment.eks_fargate_pod",
            "module.vpc.aws_route_table_association.public",
            "module.vpc.aws_subnet.redshift",
            "module.vpc.aws_internet_gateway.this",
            "module.vpc.aws_network_acl_rule.public_inbound",
            "module.vpc.aws_route_table_association.redshift",
            "module.eks.aws_iam_role_policy_attachment.workers_AmazonEC2ContainerRegistryReadOnly",
            "module.eks.data.aws_iam_role.custom_cluster_iam_role",
            "module.vpc.aws_route_table_association.elasticache",
            "module.vpc.aws_vpn_gateway_route_propagation.public",
            "module.eks.aws_eks_cluster.this",
            "module.eks.aws_launch_configuration.workers",
            "module.eks.module.node_groups.aws_launch_template.workers",
            "module.vpc.aws_network_acl.database",
            "module.vpc.data.aws_iam_policy_document.vpc_flow_log_cloudwatch",
            "module.vpc.aws_route_table_association.database",
            "module.vpc.aws_vpn_gateway_attachment.this",
            "module.eks.aws_security_group_rule.cluster_primary_ingress_workers",
            "module.eks.data.aws_iam_policy_document.cluster_elb_sl_role_creation",
            "module.eks.module.fargate.aws_eks_fargate_profile.this",
            "module.vpc.aws_network_acl_rule.intra_outbound",
            "module.vpc.aws_network_acl_rule.redshift_outbound",
            "module.eks.aws_iam_role.workers",
            "module.eks.data.http.wait_for_cluster",
            "module.eks.module.fargate.data.aws_iam_role.custom_fargate_iam_role",
            "module.vpc.aws_elasticache_subnet_group.elasticache",
            "module.vpc.aws_iam_role.vpc_flow_log_cloudwatch",
            "module.eks.data.aws_iam_policy_document.cluster_assume_role_policy",
            "module.vpc.aws_default_route_table.default",
            "module.vpc.aws_route.database_internet_gateway",
            "module.eks.aws_iam_openid_connect_provider.oidc_provider",
            "module.eks.aws_iam_role_policy_attachment.workers_additional_policies",
            "module.eks.aws_security_group_rule.cluster_private_access_cidrs_source",
            "module.eks.aws_security_group_rule.workers_ingress_cluster_kubelet",
            "module.eks.data.aws_iam_instance_profile.custom_worker_group_launch_template_iam_instance_profile",
            "module.eks.aws_iam_role_policy_attachment.cluster_elb_sl_role_creation",
            "module.vpc.aws_network_acl_rule.public_outbound",
            "module.vpc.aws_subnet.database",
            "module.eks.aws_iam_role_policy_attachment.cluster_AmazonEKSClusterPolicy",
            "module.eks.module.node_groups.aws_eks_node_group.workers",
            "module.vpc.aws_route.public_internet_gateway",
            "module.vpc.aws_subnet.elasticache",
            "module.vpc.aws_vpc_dhcp_options_association.this",
            "module.eks.aws_security_group_rule.cluster_private_access_sg_source",
            "module.eks.data.aws_iam_instance_profile.custom_worker_group_iam_instance_profile",
            "module.vpc.aws_route_table.database",
            "module.vpc.aws_subnet.private",
            "module.eks.aws_security_group_rule.workers_egress_internet",
            "module.eks.aws_iam_policy.cluster_elb_sl_role_creation",
            "module.vpc.aws_iam_role_policy_attachment.vpc_flow_log_cloudwatch",
            "module.vpc.aws_route.database_ipv6_egress"
          ]
        }
      ]
    },
    {
      "module": "module.ec2",
      "mode": "managed",
      "type": "aws_instance",
      "name": "jenkins",
      "provider": "provider[\"registry.terraform.io/hashicorp/aws\"]",
      "instances": [
        {
          "schema_version": 1,
          "attributes": {
            "ami": "ami-096cb92bb3580c759",
            "arn": "arn:aws:ec2:eu-west-2:169178711529:instance/i-090b6d155c9a9c9c2",
            "associate_public_ip_address": true,
            "availability_zone": "eu-west-2a",
            "capacity_reservation_specification": [
              {
                "capacity_reservation_preference": "open",
                "capacity_reservation_target": []
              }
            ],
            "cpu_core_count": 2,
            "cpu_threads_per_core": 1,
            "credit_specification": [
              {
                "cpu_credits": "standard"
              }
            ],
            "disable_api_termination": false,
            "ebs_block_device": [],
            "ebs_optimized": false,
            "enclave_options": [
              {
                "enabled": false
              }
            ],
            "ephemeral_block_device": [],
            "get_password_data": false,
            "hibernation": false,
            "host_id": null,
            "iam_instance_profile": "",
            "id": "i-090b6d155c9a9c9c2",
            "instance_initiated_shutdown_behavior": "stop",
            "instance_state": "running",
            "instance_type": "t2.medium",
            "ipv6_address_count": 0,
            "ipv6_addresses": [],
            "key_name": "terraforminit",
            "launch_template": [],
            "metadata_options": [
              {
                "http_endpoint": "enabled",
                "http_put_response_hop_limit": 1,
                "http_tokens": "optional"
              }
            ],
            "monitoring": false,
            "network_interface": [],
            "outpost_arn": "",
            "password_data": "",
            "placement_group": "",
            "placement_partition_number": null,
            "primary_network_interface_id": "eni-04d655db84348ce5a",
            "private_dns": "ip-10-0-4-233.eu-west-2.compute.internal",
            "private_ip": "10.0.4.233",
            "public_dns": "ec2-35-178-184-8.eu-west-2.compute.amazonaws.com",
            "public_ip": "35.178.184.8",
            "root_block_device": [
              {
                "delete_on_termination": true,
                "device_name": "/dev/sda1",
                "encrypted": false,
                "iops": 100,
                "kms_key_id": "",
                "tags": {},
                "throughput": 0,
                "volume_id": "vol-04fcb3e24921f7cea",
                "volume_size": 8,
                "volume_type": "gp2"
              }
            ],
            "secondary_private_ips": [],
            "security_groups": [],
            "source_dest_check": true,
            "subnet_id": "subnet-02b210b2779efb3a3",
            "tags": {
              "Name": "jenkins"
            },
            "tags_all": {
              "Name": "jenkins"
            },
            "tenancy": "default",
            "timeouts": null,
            "user_data": "ba18ab62029123a88cafdc1037d5c1171d0fd903",
            "user_data_base64": null,
            "volume_tags": null,
            "vpc_security_group_ids": [
              "sg-061df37e9ffdabab3"
            ]
          },
          "sensitive_attributes": [],
          "private": "eyJlMmJmYjczMC1lY2FhLTExZTYtOGY4OC0zNDM2M2JjN2M0YzAiOnsiY3JlYXRlIjo2MDAwMDAwMDAwMDAsImRlbGV0ZSI6MTIwMDAwMDAwMDAwMCwidXBkYXRlIjo2MDAwMDAwMDAwMDB9LCJzY2hlbWFfdmVyc2lvbiI6IjEifQ==",
          "dependencies": [
            "module.eks.module.fargate.data.aws_partition.current",
            "module.vpc.aws_network_acl.outpost",
            "module.vpc.data.aws_iam_policy_document.flow_log_cloudwatch_assume_role",
            "module.vpc.aws_network_acl_rule.public_outbound",
            "module.vpc.aws_subnet.elasticache",
            "module.vpc.aws_iam_policy.vpc_flow_log_cloudwatch",
            "module.vpc.aws_internet_gateway.this",
            "module.vpc.aws_nat_gateway.this",
            "module.eks.kubernetes_config_map.aws_auth",
            "module.vpc.aws_vpc_dhcp_options.this",
            "module.eks.aws_launch_template.workers_launch_template",
            "module.eks.data.aws_iam_policy_document.cluster_assume_role_policy",
            "module.vpc.aws_network_acl.private",
            "module.vpc.aws_network_acl_rule.outpost_outbound",
            "module.vpc.aws_network_acl_rule.private_outbound",
            "module.eks.aws_iam_role.cluster",
            "module.eks.aws_iam_role_policy_attachment.cluster_AmazonEKSVPCResourceControllerPolicy",
            "module.eks.aws_iam_role_policy_attachment.workers_AmazonEKS_CNI_Policy",
            "module.vpc.aws_route.database_internet_gateway",
            "module.eks.aws_iam_instance_profile.workers_launch_template",
            "module.eks.data.aws_iam_instance_profile.custom_worker_group_launch_template_iam_instance_profile",
            "module.eks.module.node_groups.aws_eks_node_group.workers",
            "module.vpc.aws_subnet.public",
            "module.vpc.aws_subnet.redshift",
            "module.eks.aws_autoscaling_group.workers",
            "module.eks.aws_iam_role_policy_attachment.cluster_AmazonEKSClusterPolicy",
            "module.vpc.aws_default_security_group.this",
            "module.vpc.aws_route_table.intra",
            "module.eks.data.aws_caller_identity.current",
            "module.vpc.aws_network_acl_rule.intra_inbound",
            "module.vpc.aws_route.private_nat_gateway",
            "module.vpc.aws_route.public_internet_gateway",
            "module.vpc.aws_route_table_association.intra",
            "module.vpc.aws_vpn_gateway_route_propagation.public",
            "module.eks.aws_iam_role_policy_attachment.workers_additional_policies",
            "module.eks.aws_security_group.cluster",
            "module.vpc.aws_network_acl_rule.elasticache_outbound",
            "module.eks.aws_security_group_rule.cluster_https_worker_ingress",
            "module.vpc.aws_network_acl_rule.public_inbound",
            "module.vpc.aws_vpn_gateway.this",
            "module.eks.aws_security_group_rule.cluster_private_access_cidrs_source",
            "module.vpc.aws_network_acl_rule.private_inbound",
            "module.vpc.aws_flow_log.this",
            "module.vpc.aws_network_acl.database",
            "module.eks.aws_eks_cluster.this",
            "module.eks.aws_iam_instance_profile.workers",
            "module.eks.aws_iam_role_policy_attachment.workers_AmazonEKSWorkerNodePolicy",
            "module.vpc.aws_subnet.intra",
            "module.vpc.aws_vpn_gateway_route_propagation.intra",
            "module.eks.aws_security_group_rule.cluster_private_access_sg_source",
            "module.eks.aws_security_group_rule.workers_ingress_cluster_kubelet",
            "module.eks.data.aws_iam_policy_document.workers_assume_role_policy",
            "module.eks.module.node_groups.data.cloudinit_config.workers_userdata",
            "module.vpc.aws_cloudwatch_log_group.flow_log",
            "module.vpc.aws_route.public_internet_gateway_ipv6",
            "module.vpc.aws_db_subnet_group.database",
            "module.vpc.aws_route_table.redshift",
            "module.vpc.aws_route_table_association.redshift",
            "module.eks.module.fargate.aws_eks_fargate_profile.this",
            "module.vpc.aws_vpn_gateway_route_propagation.private",
            "module.eks.aws_cloudwatch_log_group.this",
            "module.eks.aws_security_group_rule.cluster_egress_internet",
            "module.eks.data.aws_iam_instance_profile.custom_worker_group_iam_instance_profile",
            "module.vpc.aws_vpc_ipv4_cidr_block_association.this",
            "module.eks.aws_launch_configuration.workers",
            "module.eks.aws_security_group.workers",
            "module.vpc.aws_subnet.database",
            "module.eks.aws_iam_policy.cluster_elb_sl_role_creation",
            "module.vpc.aws_network_acl_rule.database_inbound",
            "module.vpc.aws_network_acl_rule.outpost_inbound",
            "module.vpc.aws_network_acl_rule.redshift_inbound",
            "module.vpc.aws_vpc.this",
            "aws_security_group.worker_group_mgmt_two",
            "module.eks.aws_iam_role_policy_attachment.workers_AmazonEC2ContainerRegistryReadOnly",
            "module.eks.data.aws_iam_policy_document.cluster_elb_sl_role_creation",
            "module.vpc.aws_iam_role.vpc_flow_log_cloudwatch",
            "module.vpc.aws_network_acl.public",
            "module.vpc.aws_route_table_association.database",
            "module.vpc.aws_route_table_association.outpost",
            "aws_security_group.worker_group_mgmt_one",
            "module.eks.data.aws_iam_role.custom_cluster_iam_role",
            "module.vpc.aws_default_network_acl.this",
            "module.vpc.aws_iam_role_policy_attachment.vpc_flow_log_cloudwatch",
            "module.vpc.aws_network_acl.redshift",
            "module.vpc.aws_network_acl_rule.database_outbound",
            "module.vpc.aws_route_table_association.elasticache",
            "module.eks.data.aws_ami.eks_worker_windows",
            "module.eks.module.fargate.data.aws_iam_policy_document.eks_fargate_pod_assume_role",
            "module.vpc.aws_default_vpc.this",
            "module.eks.aws_security_group_rule.workers_egress_internet",
            "module.vpc.aws_egress_only_internet_gateway.this",
            "module.vpc.aws_network_acl.intra",
            "module.vpc.aws_route.private_ipv6_egress",
            "module.vpc.aws_route_table.database",
            "module.vpc.aws_vpc_dhcp_options_association.this",
            "module.vpc.aws_vpn_gateway_attachment.this",
            "module.vpc.data.aws_iam_policy_document.vpc_flow_log_cloudwatch",
            "module.eks.aws_security_group_rule.workers_ingress_cluster_primary",
            "module.eks.local_file.kubeconfig",
            "module.eks.module.node_groups.aws_launch_template.workers",
            "module.eks.data.aws_partition.current",
            "module.vpc.aws_route_table.public",
            "data.aws_eks_cluster.cluster",
            "module.eks.aws_security_group_rule.cluster_primary_ingress_workers",
            "module.eks.aws_security_group_rule.workers_ingress_cluster_https",
            "module.vpc.aws_default_route_table.default",
            "module.vpc.aws_network_acl_rule.intra_outbound",
            "module.vpc.aws_route.database_ipv6_egress",
            "module.vpc.aws_subnet.private",
            "module.eks.aws_iam_openid_connect_provider.oidc_provider",
            "module.eks.module.fargate.aws_iam_role.eks_fargate_pod",
            "module.eks.module.fargate.aws_iam_role_policy_attachment.eks_fargate_pod",
            "module.vpc.aws_route_table.elasticache",
            "module.eks.aws_autoscaling_group.workers_launch_template",
            "module.eks.aws_iam_role_policy_attachment.cluster_AmazonEKSServicePolicy",
            "module.vpc.aws_route.database_nat_gateway",
            "module.eks.data.aws_ami.eks_worker",
            "module.eks.data.http.wait_for_cluster",
            "module.vpc.aws_network_acl.elasticache",
            "module.vpc.aws_network_acl_rule.redshift_outbound",
            "module.vpc.aws_route_table_association.private",
            "data.aws_eks_cluster_auth.cluster",
            "module.eks.aws_security_group_rule.workers_ingress_cluster",
            "module.eks.aws_security_group_rule.workers_ingress_self",
            "module.vpc.aws_route_table_association.public",
            "module.vpc.aws_subnet.outpost",
            "module.vpc.aws_network_acl_rule.elasticache_inbound",
            "module.eks.aws_iam_role.workers",
            "module.eks.module.fargate.data.aws_iam_role.custom_fargate_iam_role",
            "module.vpc.aws_elasticache_subnet_group.elasticache",
            "module.vpc.aws_customer_gateway.this",
            "module.vpc.aws_route_table.private",
            "module.vpc.aws_route_table_association.redshift_public",
            "module.eks.aws_iam_role_policy_attachment.cluster_elb_sl_role_creation",
            "module.vpc.aws_eip.nat",
            "module.vpc.aws_redshift_subnet_group.redshift"
          ]
        }
      ]
    },
    {
      "module": "module.eks",
      "mode": "data",
      "type": "aws_ami",
      "name": "eks_worker",
      "provider": "provider[\"registry.terraform.io/hashicorp/aws\"]",
      "instances": [
        {
          "index_key": 0,
          "schema_version": 0,
          "attributes": {
            "architecture": "x86_64",
            "arn": "arn:aws:ec2:eu-west-2::image/ami-05b5d238fd6ddfa56",
            "block_device_mappings": [
              {
                "device_name": "/dev/xvda",
                "ebs": {
                  "delete_on_termination": "true",
                  "encrypted": "false",
                  "iops": "0",
                  "snapshot_id": "snap-0da336c2daaa11f11",
                  "throughput": "0",
                  "volume_size": "20",
                  "volume_type": "gp2"
                },
                "no_device": "",
                "virtual_name": ""
              }
            ],
            "creation_date": "2021-10-15T01:28:18.000Z",
            "description": "EKS Kubernetes Worker AMI with AmazonLinux2 image, (k8s: 1.20.10, docker: 20.10.7-3.amzn2, containerd: 1.4.6-3.amzn2)",
            "ena_support": true,
            "executable_users": null,
            "filter": [
              {
                "name": "name",
                "values": [
                  "amazon-eks-node-1.20-v*"
                ]
              }
            ],
            "hypervisor": "xen",
            "id": "ami-05b5d238fd6ddfa56",
            "image_id": "ami-05b5d238fd6ddfa56",
            "image_location": "amazon/amazon-eks-node-1.20-v20211013",
            "image_owner_alias": "amazon",
            "image_type": "machine",
            "kernel_id": null,
            "most_recent": true,
            "name": "amazon-eks-node-1.20-v20211013",
            "name_regex": null,
            "owner_id": "602401143452",
            "owners": [
              "amazon"
            ],
            "platform": null,
            "platform_details": "Linux/UNIX",
            "product_codes": [],
            "public": true,
            "ramdisk_id": null,
            "root_device_name": "/dev/xvda",
            "root_device_type": "ebs",
            "root_snapshot_id": "snap-0da336c2daaa11f11",
            "sriov_net_support": "simple",
            "state": "available",
            "state_reason": {
              "code": "UNSET",
              "message": "UNSET"
            },
            "tags": {},
            "usage_operation": "RunInstances",
            "virtualization_type": "hvm"
          },
          "sensitive_attributes": []
        }
      ]
    },
    {
      "module": "module.eks",
      "mode": "data",
      "type": "aws_caller_identity",
      "name": "current",
      "provider": "provider[\"registry.terraform.io/hashicorp/aws\"]",
      "instances": [
        {
          "schema_version": 0,
          "attributes": {
            "account_id": "169178711529",
            "arn": "arn:aws:iam::169178711529:root",
            "id": "169178711529",
            "user_id": "169178711529"
          },
          "sensitive_attributes": []
        }
      ]
    },
    {
      "module": "module.eks",
      "mode": "data",
      "type": "aws_iam_policy_document",
      "name": "cluster_assume_role_policy",
      "provider": "provider[\"registry.terraform.io/hashicorp/aws\"]",
      "instances": [
        {
          "schema_version": 0,
          "attributes": {
            "id": "2764486067",
            "json": "{\n  \"Version\": \"2012-10-17\",\n  \"Statement\": [\n    {\n      \"Sid\": \"EKSClusterAssumeRole\",\n      \"Effect\": \"Allow\",\n      \"Action\": \"sts:AssumeRole\",\n      \"Principal\": {\n        \"Service\": \"eks.amazonaws.com\"\n      }\n    }\n  ]\n}",
            "override_json": null,
            "override_policy_documents": null,
            "policy_id": null,
            "source_json": null,
            "source_policy_documents": null,
            "statement": [
              {
                "actions": [
                  "sts:AssumeRole"
                ],
                "condition": [],
                "effect": "Allow",
                "not_actions": [],
                "not_principals": [],
                "not_resources": [],
                "principals": [
                  {
                    "identifiers": [
                      "eks.amazonaws.com"
                    ],
                    "type": "Service"
                  }
                ],
                "resources": [],
                "sid": "EKSClusterAssumeRole"
              }
            ],
            "version": "2012-10-17"
          },
          "sensitive_attributes": []
        }
      ]
    },
    {
      "module": "module.eks",
      "mode": "data",
      "type": "aws_iam_policy_document",
      "name": "cluster_elb_sl_role_creation",
      "provider": "provider[\"registry.terraform.io/hashicorp/aws\"]",
      "instances": [
        {
          "index_key": 0,
          "schema_version": 0,
          "attributes": {
            "id": "3709839417",
            "json": "{\n  \"Version\": \"2012-10-17\",\n  \"Statement\": [\n    {\n      \"Sid\": \"\",\n      \"Effect\": \"Allow\",\n      \"Action\": [\n        \"ec2:DescribeInternetGateways\",\n        \"ec2:DescribeAddresses\",\n        \"ec2:DescribeAccountAttributes\"\n      ],\n      \"Resource\": \"*\"\n    }\n  ]\n}",
            "override_json": null,
            "override_policy_documents": null,
            "policy_id": null,
            "source_json": null,
            "source_policy_documents": null,
            "statement": [
              {
                "actions": [
                  "ec2:DescribeAccountAttributes",
                  "ec2:DescribeAddresses",
                  "ec2:DescribeInternetGateways"
                ],
                "condition": [],
                "effect": "Allow",
                "not_actions": [],
                "not_principals": [],
                "not_resources": [],
                "principals": [],
                "resources": [
                  "*"
                ],
                "sid": ""
              }
            ],
            "version": "2012-10-17"
          },
          "sensitive_attributes": []
        }
      ]
    },
    {
      "module": "module.eks",
      "mode": "data",
      "type": "aws_iam_policy_document",
      "name": "workers_assume_role_policy",
      "provider": "provider[\"registry.terraform.io/hashicorp/aws\"]",
      "instances": [
        {
          "schema_version": 0,
          "attributes": {
            "id": "3778018924",
            "json": "{\n  \"Version\": \"2012-10-17\",\n  \"Statement\": [\n    {\n      \"Sid\": \"EKSWorkerAssumeRole\",\n      \"Effect\": \"Allow\",\n      \"Action\": \"sts:AssumeRole\",\n      \"Principal\": {\n        \"Service\": \"ec2.amazonaws.com\"\n      }\n    }\n  ]\n}",
            "override_json": null,
            "override_policy_documents": null,
            "policy_id": null,
            "source_json": null,
            "source_policy_documents": null,
            "statement": [
              {
                "actions": [
                  "sts:AssumeRole"
                ],
                "condition": [],
                "effect": "Allow",
                "not_actions": [],
                "not_principals": [],
                "not_resources": [],
                "principals": [
                  {
                    "identifiers": [
                      "ec2.amazonaws.com"
                    ],
                    "type": "Service"
                  }
                ],
                "resources": [],
                "sid": "EKSWorkerAssumeRole"
              }
            ],
            "version": "2012-10-17"
          },
          "sensitive_attributes": []
        }
      ]
    },
    {
      "module": "module.eks",
      "mode": "data",
      "type": "aws_partition",
      "name": "current",
      "provider": "provider[\"registry.terraform.io/hashicorp/aws\"]",
      "instances": [
        {
          "schema_version": 0,
          "attributes": {
            "dns_suffix": "amazonaws.com",
            "id": "aws",
            "partition": "aws",
            "reverse_dns_prefix": "com.amazonaws"
          },
          "sensitive_attributes": []
        }
      ]
    },
    {
      "module": "module.eks",
      "mode": "data",
      "type": "http",
      "name": "wait_for_cluster",
      "provider": "provider[\"registry.terraform.io/terraform-aws-modules/http\"]",
      "instances": [
        {
          "index_key": 0,
          "schema_version": 0,
          "attributes": {
            "body": "ok",
            "ca_certificate": "-----BEGIN CERTIFICATE-----\nMIIC5zCCAc+gAwIBAgIBADANBgkqhkiG9w0BAQsFADAVMRMwEQYDVQQDEwprdWJl\ncm5ldGVzMB4XDTIxMTAyNTE1Mzk0NVoXDTMxMTAyMzE1Mzk0NVowFTETMBEGA1UE\nAxMKa3ViZXJuZXRlczCCASIwDQYJKoZIhvcNAQEBBQADggEPADCCAQoCggEBAKGo\n7DxP9YLZv2lQXBXRx/B3TOlZu1o5b22NivT02Nd1DrWzzvggFHLUdXpepKkQz/Xk\nnOY61CviASx+g+zEnFIYPR9pRG4s3TvFBaQPqRYWDqAKpuUWakQY6HNVZkhIEAp+\nWsWMO3jQrBgQGPQ97jXbQfxnG3pBEOWmsbEOPnvaSqCr3B+plI9UZSZYl4/B+lQV\nmMLczAMM/6igFwoOLQH4ZMSQHJy9m6rywPkepR0ZAxLtwolxKEZtvbvzKVzF3me7\nezBwXkgf8KYs1pjOkm8ZSxUTXA5tw0w89oTCZBpBM6MIJrYNOmppQjEh5hIreQ4q\n/do7NT81pgyS1z11sxkCAwEAAaNCMEAwDgYDVR0PAQH/BAQDAgKkMA8GA1UdEwEB\n/wQFMAMBAf8wHQYDVR0OBBYEFKI/4XYCOFzm0iX9sE/Y+HTwv3pMMA0GCSqGSIb3\nDQEBCwUAA4IBAQAoTHqE5oUrevcB8GZncP62MLbiMiM41bO9RJaZN5A8UKISqEpp\n9Y734JZDZuLLRBY7TWeYZPdh8WPDL2B8XgjcD7qhLL5+aUyvMPt2Ebv4v60E6ZiQ\nN6NUFiSJPOcKM5ey2U3Kpo7Y8yBwB38kt/JnBycmmA+GweVoepbZcwHe7dkxuQlX\nXyFMneOUdpRgNocftlamMhbiTc0NUReriSjfc8TfCDqp7oFJC3eD/yNm6Fmv3rVl\nm2TOhD/SHORD5xA5PerKs+JV7ewMgnYqNw3SSS+GFycxD3k8zdclDSKWjjC7UQis\nDGVy0VkBqrM5xv1B2jcEUoD265BhRJDkrzeC\n-----END CERTIFICATE-----\n",
            "id": "https://E55DDDE5C4731495A8DC2BAD6CC40470.gr7.eu-west-2.eks.amazonaws.com/healthz",
            "insecure": false,
            "request_headers": null,
            "response_headers": {
              "Cache-Control": "no-cache, private",
              "Content-Length": "2",
              "Content-Type": "text/plain; charset=utf-8",
              "Date": "Mon, 25 Oct 2021 15:51:20 GMT",
              "X-Content-Type-Options": "nosniff",
              "X-Kubernetes-Pf-Flowschema-Uid": "d7050b6b-b0ef-4212-937a-0b286f234bbf",
              "X-Kubernetes-Pf-Prioritylevel-Uid": "8272d9c2-d2d7-4bb9-b6b8-9401b79b3c99"
            },
            "timeout": 300,
            "url": "https://E55DDDE5C4731495A8DC2BAD6CC40470.gr7.eu-west-2.eks.amazonaws.com/healthz"
          },
          "sensitive_attributes": []
        }
      ]
    },
    {
      "module": "module.eks",
      "mode": "managed",
      "type": "aws_autoscaling_group",
      "name": "workers",
      "provider": "provider[\"registry.terraform.io/hashicorp/aws\"]",
      "instances": [
        {
          "index_key": 0,
          "schema_version": 0,
          "attributes": {
            "arn": "arn:aws:autoscaling:eu-west-2:169178711529:autoScalingGroup:04f64bfe-573b-4e13-965e-470c2c299d52:autoScalingGroupName/dnd-eks-worker-group-120211025154317289700000011",
            "availability_zones": [
              "eu-west-2a",
              "eu-west-2b",
              "eu-west-2c"
            ],
            "capacity_rebalance": false,
            "default_cooldown": 300,
            "desired_capacity": 2,
            "enabled_metrics": [],
            "force_delete": false,
            "force_delete_warm_pool": false,
            "health_check_grace_period": 300,
            "health_check_type": "EC2",
            "id": "dnd-eks-worker-group-120211025154317289700000011",
            "initial_lifecycle_hook": [],
            "instance_refresh": [],
            "launch_configuration": "dnd-eks-worker-group-12021102515430866240000000f",
            "launch_template": [],
            "load_balancers": [],
            "max_instance_lifetime": 0,
            "max_size": 3,
            "metrics_granularity": "1Minute",
            "min_elb_capacity": null,
            "min_size": 1,
            "mixed_instances_policy": [],
            "name": "dnd-eks-worker-group-120211025154317289700000011",
            "name_prefix": "dnd-eks-worker-group-1",
            "placement_group": "",
            "protect_from_scale_in": false,
            "service_linked_role_arn": "arn:aws:iam::169178711529:role/aws-service-role/autoscaling.amazonaws.com/AWSServiceRoleForAutoScaling",
            "suspended_processes": [
              "AZRebalance"
            ],
            "tag": [
              {
                "key": "Environment",
                "propagate_at_launch": true,
                "value": "production"
              },
              {
                "key": "Name",
                "propagate_at_launch": true,
                "value": "dnd-eks-worker-group-1-eks_asg"
              },
              {
                "key": "k8s.io/cluster/dnd-eks",
                "propagate_at_launch": true,
                "value": "owned"
              },
              {
                "key": "kubernetes.io/cluster/dnd-eks",
                "propagate_at_launch": true,
                "value": "owned"
              }
            ],
            "tags": null,
            "target_group_arns": [],
            "termination_policies": [],
            "timeouts": null,
            "vpc_zone_identifier": [
              "subnet-02ee4f3c6e8e9a548",
              "subnet-07f26d52941853b61",
              "subnet-0c22e8084a1c41197"
            ],
            "wait_for_capacity_timeout": "10m",
            "wait_for_elb_capacity": null,
            "warm_pool": []
          },
          "sensitive_attributes": [],
          "private": "eyJlMmJmYjczMC1lY2FhLTExZTYtOGY4OC0zNDM2M2JjN2M0YzAiOnsiZGVsZXRlIjo2MDAwMDAwMDAwMDB9fQ==",
          "dependencies": [
            "module.eks.aws_iam_role_policy_attachment.cluster_AmazonEKSVPCResourceControllerPolicy",
            "module.eks.aws_iam_role_policy_attachment.workers_additional_policies",
            "module.eks.data.aws_ami.eks_worker_windows",
            "module.vpc.aws_vpc_ipv4_cidr_block_association.this",
            "module.eks.aws_iam_role_policy_attachment.cluster_AmazonEKSServicePolicy",
            "module.eks.aws_iam_role_policy_attachment.workers_AmazonEKS_CNI_Policy",
            "module.eks.aws_security_group_rule.workers_egress_internet",
            "module.eks.aws_security_group_rule.workers_ingress_cluster_https",
            "module.eks.aws_security_group_rule.workers_ingress_self",
            "module.eks.data.aws_partition.current",
            "module.eks.aws_iam_role_policy_attachment.cluster_AmazonEKSClusterPolicy",
            "module.eks.aws_security_group.cluster",
            "module.eks.data.aws_iam_policy_document.cluster_assume_role_policy",
            "module.eks.aws_iam_instance_profile.workers",
            "module.eks.aws_iam_role.cluster",
            "module.eks.aws_iam_role_policy_attachment.workers_AmazonEKSWorkerNodePolicy",
            "module.eks.aws_security_group_rule.workers_ingress_cluster",
            "module.eks.data.aws_iam_policy_document.workers_assume_role_policy",
            "module.vpc.aws_vpc.this",
            "aws_security_group.worker_group_mgmt_two",
            "module.eks.data.aws_iam_role.custom_cluster_iam_role",
            "module.vpc.aws_subnet.private",
            "module.eks.aws_security_group_rule.cluster_primary_ingress_workers",
            "module.eks.aws_launch_configuration.workers",
            "module.eks.aws_security_group.workers",
            "module.eks.aws_security_group_rule.cluster_egress_internet",
            "module.eks.aws_security_group_rule.cluster_https_worker_ingress",
            "module.eks.aws_security_group_rule.workers_ingress_cluster_kubelet",
            "module.eks.data.aws_iam_instance_profile.custom_worker_group_iam_instance_profile",
            "module.eks.aws_iam_role.workers",
            "module.eks.aws_iam_role_policy_attachment.workers_AmazonEC2ContainerRegistryReadOnly",
            "module.eks.data.aws_ami.eks_worker",
            "module.eks.aws_cloudwatch_log_group.this",
            "module.eks.aws_eks_cluster.this",
            "module.eks.aws_security_group_rule.workers_ingress_cluster_primary",
            "aws_security_group.worker_group_mgmt_one"
          ],
          "create_before_destroy": true
        },
        {
          "index_key": 1,
          "schema_version": 0,
          "attributes": {
            "arn": "arn:aws:autoscaling:eu-west-2:169178711529:autoScalingGroup:360ef787-3804-47e8-a28f-27b289352614:autoScalingGroupName/dnd-eks-worker-group-220211025154317299400000012",
            "availability_zones": [
              "eu-west-2a",
              "eu-west-2b",
              "eu-west-2c"
            ],
            "capacity_rebalance": false,
            "default_cooldown": 300,
            "desired_capacity": 1,
            "enabled_metrics": [],
            "force_delete": false,
            "force_delete_warm_pool": false,
            "health_check_grace_period": 300,
            "health_check_type": "EC2",
            "id": "dnd-eks-worker-group-220211025154317299400000012",
            "initial_lifecycle_hook": [],
            "instance_refresh": [],
            "launch_configuration": "dnd-eks-worker-group-220211025154308662400000010",
            "launch_template": [],
            "load_balancers": [],
            "max_instance_lifetime": 0,
            "max_size": 3,
            "metrics_granularity": "1Minute",
            "min_elb_capacity": null,
            "min_size": 1,
            "mixed_instances_policy": [],
            "name": "dnd-eks-worker-group-220211025154317299400000012",
            "name_prefix": "dnd-eks-worker-group-2",
            "placement_group": "",
            "protect_from_scale_in": false,
            "service_linked_role_arn": "arn:aws:iam::169178711529:role/aws-service-role/autoscaling.amazonaws.com/AWSServiceRoleForAutoScaling",
            "suspended_processes": [
              "AZRebalance"
            ],
            "tag": [
              {
                "key": "Environment",
                "propagate_at_launch": true,
                "value": "production"
              },
              {
                "key": "Name",
                "propagate_at_launch": true,
                "value": "dnd-eks-worker-group-2-eks_asg"
              },
              {
                "key": "k8s.io/cluster/dnd-eks",
                "propagate_at_launch": true,
                "value": "owned"
              },
              {
                "key": "kubernetes.io/cluster/dnd-eks",
                "propagate_at_launch": true,
                "value": "owned"
              }
            ],
            "tags": null,
            "target_group_arns": [],
            "termination_policies": [],
            "timeouts": null,
            "vpc_zone_identifier": [
              "subnet-02ee4f3c6e8e9a548",
              "subnet-07f26d52941853b61",
              "subnet-0c22e8084a1c41197"
            ],
            "wait_for_capacity_timeout": "10m",
            "wait_for_elb_capacity": null,
            "warm_pool": []
          },
          "sensitive_attributes": [],
          "private": "eyJlMmJmYjczMC1lY2FhLTExZTYtOGY4OC0zNDM2M2JjN2M0YzAiOnsiZGVsZXRlIjo2MDAwMDAwMDAwMDB9fQ==",
          "dependencies": [
            "module.eks.aws_security_group_rule.workers_ingress_cluster_kubelet",
            "aws_security_group.worker_group_mgmt_two",
            "module.eks.aws_security_group_rule.cluster_https_worker_ingress",
            "module.eks.data.aws_iam_instance_profile.custom_worker_group_iam_instance_profile",
            "module.eks.data.aws_iam_policy_document.cluster_assume_role_policy",
            "module.eks.aws_iam_role_policy_attachment.cluster_AmazonEKSServicePolicy",
            "module.eks.aws_iam_role_policy_attachment.workers_AmazonEC2ContainerRegistryReadOnly",
            "module.eks.aws_security_group.cluster",
            "module.eks.data.aws_iam_policy_document.workers_assume_role_policy",
            "module.eks.aws_cloudwatch_log_group.this",
            "module.eks.aws_iam_role_policy_attachment.cluster_AmazonEKSClusterPolicy",
            "module.eks.data.aws_partition.current",
            "aws_security_group.worker_group_mgmt_one",
            "module.eks.aws_iam_role_policy_attachment.workers_additional_policies",
            "module.eks.aws_security_group_rule.workers_ingress_cluster_primary",
            "module.eks.data.aws_iam_role.custom_cluster_iam_role",
            "module.eks.aws_iam_role_policy_attachment.workers_AmazonEKS_CNI_Policy",
            "module.eks.aws_security_group_rule.workers_egress_internet",
            "module.eks.aws_security_group_rule.workers_ingress_self",
            "module.eks.aws_iam_role.cluster",
            "module.eks.aws_iam_role_policy_attachment.cluster_AmazonEKSVPCResourceControllerPolicy",
            "module.eks.aws_security_group_rule.cluster_egress_internet",
            "module.eks.data.aws_ami.eks_worker",
            "module.vpc.aws_subnet.private",
            "module.vpc.aws_vpc.this",
            "module.eks.aws_iam_role.workers",
            "module.eks.aws_security_group.workers",
            "module.eks.aws_iam_role_policy_attachment.workers_AmazonEKSWorkerNodePolicy",
            "module.eks.aws_launch_configuration.workers",
            "module.eks.aws_security_group_rule.cluster_primary_ingress_workers",
            "module.eks.aws_security_group_rule.workers_ingress_cluster",
            "module.eks.aws_security_group_rule.workers_ingress_cluster_https",
            "module.eks.data.aws_ami.eks_worker_windows",
            "module.eks.aws_eks_cluster.this",
            "module.eks.aws_iam_instance_profile.workers",
            "module.vpc.aws_vpc_ipv4_cidr_block_association.this"
          ],
          "create_before_destroy": true
        }
      ]
    },
    {
      "module": "module.eks",
      "mode": "managed",
      "type": "aws_eks_cluster",
      "name": "this",
      "provider": "provider[\"registry.terraform.io/hashicorp/aws\"]",
      "instances": [
        {
          "index_key": 0,
          "schema_version": 0,
          "attributes": {
            "arn": "arn:aws:eks:eu-west-2:169178711529:cluster/dnd-eks",
            "certificate_authority": [
              {
                "data": "LS0tLS1CRUdJTiBDRVJUSUZJQ0FURS0tLS0tCk1JSUM1ekNDQWMrZ0F3SUJBZ0lCQURBTkJna3Foa2lHOXcwQkFRc0ZBREFWTVJNd0VRWURWUVFERXdwcmRXSmwKY201bGRHVnpNQjRYRFRJeE1UQXlOVEUxTXprME5Wb1hEVE14TVRBeU16RTFNemswTlZvd0ZURVRNQkVHQTFVRQpBeE1LYTNWaVpYSnVaWFJsY3pDQ0FTSXdEUVlKS29aSWh2Y05BUUVCQlFBRGdnRVBBRENDQVFvQ2dnRUJBS0dvCjdEeFA5WUxadjJsUVhCWFJ4L0IzVE9sWnUxbzViMjJOaXZUMDJOZDFEcld6enZnZ0ZITFVkWHBlcEtrUXovWGsKbk9ZNjFDdmlBU3grZyt6RW5GSVlQUjlwUkc0czNUdkZCYVFQcVJZV0RxQUtwdVVXYWtRWTZITlZaa2hJRUFwKwpXc1dNTzNqUXJCZ1FHUFE5N2pYYlFmeG5HM3BCRU9XbXNiRU9QbnZhU3FDcjNCK3BsSTlVWlNaWWw0L0IrbFFWCm1NTGN6QU1NLzZpZ0Z3b09MUUg0Wk1TUUhKeTltNnJ5d1BrZXBSMFpBeEx0d29seEtFWnR2YnZ6S1Z6RjNtZTcKZXpCd1hrZ2Y4S1lzMXBqT2ttOFpTeFVUWEE1dHcwdzg5b1RDWkJwQk02TUlKcllOT21wcFFqRWg1aElyZVE0cQovZG83TlQ4MXBneVMxejExc3hrQ0F3RUFBYU5DTUVBd0RnWURWUjBQQVFIL0JBUURBZ0trTUE4R0ExVWRFd0VCCi93UUZNQU1CQWY4d0hRWURWUjBPQkJZRUZLSS80WFlDT0Z6bTBpWDlzRS9ZK0hUd3YzcE1NQTBHQ1NxR1NJYjMKRFFFQkN3VUFBNElCQVFBb1RIcUU1b1VyZXZjQjhHWm5jUDYyTUxiaU1pTTQxYk85UkphWk41QThVS0lTcUVwcAo5WTczNEpaRFp1TExSQlk3VFdlWVpQZGg4V1BETDJCOFhnamNEN3FoTEw1K2FVeXZNUHQyRWJ2NHY2MEU2WmlRCk42TlVGaVNKUE9jS001ZXkyVTNLcG83WTh5QndCMzhrdC9KbkJ5Y21tQStHd2VWb2VwYlpjd0hlN2RreHVRbFgKWHlGTW5lT1VkcFJnTm9jZnRsYW1NaGJpVGMwTlVSZXJpU2pmYzhUZkNEcXA3b0ZKQzNlRC95Tm02Rm12M3JWbAptMlRPaEQvU0hPUkQ1eEE1UGVyS3MrSlY3ZXdNZ25ZcU53M1NTUytHRnljeEQzazh6ZGNsRFNLV2pqQzdVUWlzCkRHVnkwVmtCcXJNNXh2MUIyamNFVW9EMjY1QmhSSkRrcnplQwotLS0tLUVORCBDRVJUSUZJQ0FURS0tLS0tCg=="
              }
            ],
            "created_at": "2021-10-25 15:32:21.674 +0000 UTC",
            "enabled_cluster_log_types": [],
            "encryption_config": [],
            "endpoint": "https://E55DDDE5C4731495A8DC2BAD6CC40470.gr7.eu-west-2.eks.amazonaws.com",
            "id": "dnd-eks",
            "identity": [
              {
                "oidc": [
                  {
                    "issuer": "https://oidc.eks.eu-west-2.amazonaws.com/id/E55DDDE5C4731495A8DC2BAD6CC40470"
                  }
                ]
              }
            ],
            "kubernetes_network_config": [
              {
                "service_ipv4_cidr": "172.20.0.0/16"
              }
            ],
            "name": "dnd-eks",
            "platform_version": "eks.2",
            "role_arn": "arn:aws:iam::169178711529:role/dnd-eks20211025153216147800000001",
            "status": "ACTIVE",
            "tags": {
              "Environment": "production"
            },
            "tags_all": {
              "Environment": "production"
            },
            "timeouts": {
              "create": "30m",
              "delete": "15m",
              "update": "60m"
            },
            "version": "1.20",
            "vpc_config": [
              {
                "cluster_security_group_id": "sg-07d35b9623549b6b6",
                "endpoint_private_access": false,
                "endpoint_public_access": true,
                "public_access_cidrs": [
                  "0.0.0.0/0"
                ],
                "security_group_ids": [
                  "sg-0397254332173c962"
                ],
                "subnet_ids": [
                  "subnet-02ee4f3c6e8e9a548",
                  "subnet-07f26d52941853b61",
                  "subnet-0c22e8084a1c41197"
                ],
                "vpc_id": "vpc-0c8bf1e5f2d6ba56d"
              }
            ]
          },
          "sensitive_attributes": [],
          "private": "eyJlMmJmYjczMC1lY2FhLTExZTYtOGY4OC0zNDM2M2JjN2M0YzAiOnsiY3JlYXRlIjoxODAwMDAwMDAwMDAwLCJkZWxldGUiOjkwMDAwMDAwMDAwMCwidXBkYXRlIjozNjAwMDAwMDAwMDAwfX0=",
          "dependencies": [
            "module.eks.data.aws_iam_policy_document.cluster_assume_role_policy",
            "module.vpc.aws_subnet.private",
            "module.vpc.aws_vpc.this",
            "module.vpc.aws_vpc_ipv4_cidr_block_association.this",
            "module.eks.aws_cloudwatch_log_group.this",
            "module.eks.aws_iam_role_policy_attachment.cluster_AmazonEKSVPCResourceControllerPolicy",
            "module.eks.aws_security_group_rule.cluster_https_worker_ingress",
            "module.eks.data.aws_partition.current",
            "module.eks.aws_iam_role.cluster",
            "module.eks.aws_security_group.workers",
            "module.eks.aws_security_group.cluster",
            "module.eks.aws_security_group_rule.cluster_egress_internet",
            "module.eks.data.aws_iam_role.custom_cluster_iam_role",
            "module.eks.aws_iam_role_policy_attachment.cluster_AmazonEKSClusterPolicy",
            "module.eks.aws_iam_role_policy_attachment.cluster_AmazonEKSServicePolicy"
          ],
          "create_before_destroy": true
        }
      ]
    },
    {
      "module": "module.eks",
      "mode": "managed",
      "type": "aws_iam_instance_profile",
      "name": "workers",
      "provider": "provider[\"registry.terraform.io/hashicorp/aws\"]",
      "instances": [
        {
          "index_key": 0,
          "schema_version": 0,
          "attributes": {
            "arn": "arn:aws:iam::169178711529:instance-profile/dnd-eks2021102515430704180000000b",
            "create_date": "2021-10-25T15:43:08Z",
            "id": "dnd-eks2021102515430704180000000b",
            "name": "dnd-eks2021102515430704180000000b",
            "name_prefix": "dnd-eks",
            "path": "/",
            "role": "dnd-eks20211025154305485500000009",
            "tags": {
              "Environment": "production"
            },
            "tags_all": {
              "Environment": "production"
            },
            "unique_id": "AIPASOY6WIXUVALFJ3ZI7"
          },
          "sensitive_attributes": [],
          "private": "bnVsbA==",
          "dependencies": [
            "module.eks.aws_eks_cluster.this",
            "module.eks.aws_iam_role_policy_attachment.cluster_AmazonEKSClusterPolicy",
            "module.eks.data.aws_partition.current",
            "aws_security_group.worker_group_mgmt_one",
            "module.eks.aws_security_group_rule.cluster_egress_internet",
            "module.eks.data.aws_iam_role.custom_cluster_iam_role",
            "module.vpc.aws_vpc_ipv4_cidr_block_association.this",
            "module.eks.aws_iam_role_policy_attachment.cluster_AmazonEKSServicePolicy",
            "module.eks.aws_iam_role_policy_attachment.cluster_AmazonEKSVPCResourceControllerPolicy",
            "module.eks.aws_security_group_rule.cluster_https_worker_ingress",
            "module.eks.data.aws_iam_policy_document.cluster_assume_role_policy",
            "module.vpc.aws_vpc.this",
            "aws_security_group.worker_group_mgmt_two",
            "module.eks.aws_iam_role.cluster",
            "module.eks.aws_iam_role.workers",
            "module.eks.aws_security_group.cluster",
            "module.eks.aws_security_group.workers",
            "module.eks.data.aws_iam_policy_document.workers_assume_role_policy",
            "module.vpc.aws_subnet.private",
            "module.eks.aws_cloudwatch_log_group.this"
          ],
          "create_before_destroy": true
        },
        {
          "index_key": 1,
          "schema_version": 0,
          "attributes": {
            "arn": "arn:aws:iam::169178711529:instance-profile/dnd-eks2021102515430704130000000a",
            "create_date": "2021-10-25T15:43:08Z",
            "id": "dnd-eks2021102515430704130000000a",
            "name": "dnd-eks2021102515430704130000000a",
            "name_prefix": "dnd-eks",
            "path": "/",
            "role": "dnd-eks20211025154305485500000009",
            "tags": {
              "Environment": "production"
            },
            "tags_all": {
              "Environment": "production"
            },
            "unique_id": "AIPASOY6WIXUWPWGTKSOB"
          },
          "sensitive_attributes": [],
          "private": "bnVsbA==",
          "dependencies": [
            "module.eks.aws_eks_cluster.this",
            "module.eks.aws_iam_role.workers",
            "aws_security_group.worker_group_mgmt_one",
            "module.eks.aws_iam_role_policy_attachment.cluster_AmazonEKSServicePolicy",
            "module.eks.aws_iam_role_policy_attachment.cluster_AmazonEKSVPCResourceControllerPolicy",
            "module.eks.aws_security_group.cluster",
            "module.eks.aws_security_group_rule.cluster_egress_internet",
            "module.eks.data.aws_iam_policy_document.cluster_assume_role_policy",
            "module.eks.data.aws_iam_policy_document.workers_assume_role_policy",
            "module.eks.data.aws_iam_role.custom_cluster_iam_role",
            "module.eks.aws_iam_role.cluster",
            "module.vpc.aws_vpc_ipv4_cidr_block_association.this",
            "module.vpc.aws_subnet.private",
            "module.eks.aws_security_group_rule.cluster_https_worker_ingress",
            "module.eks.data.aws_partition.current",
            "module.eks.aws_cloudwatch_log_group.this",
            "module.eks.aws_iam_role_policy_attachment.cluster_AmazonEKSClusterPolicy",
            "module.eks.aws_security_group.workers",
            "module.vpc.aws_vpc.this",
            "aws_security_group.worker_group_mgmt_two"
          ],
          "create_before_destroy": true
        }
      ]
    },
    {
      "module": "module.eks",
      "mode": "managed",
      "type": "aws_iam_policy",
      "name": "cluster_elb_sl_role_creation",
      "provider": "provider[\"registry.terraform.io/hashicorp/aws\"]",
      "instances": [
        {
          "index_key": 0,
          "schema_version": 0,
          "attributes": {
            "arn": "arn:aws:iam::169178711529:policy/dnd-eks-elb-sl-role-creation20211025153217048300000002",
            "description": "Permissions for EKS to create AWSServiceRoleForElasticLoadBalancing service-linked role",
            "id": "arn:aws:iam::169178711529:policy/dnd-eks-elb-sl-role-creation20211025153217048300000002",
            "name": "dnd-eks-elb-sl-role-creation20211025153217048300000002",
            "name_prefix": "dnd-eks-elb-sl-role-creation",
            "path": "/",
            "policy": "{\n  \"Version\": \"2012-10-17\",\n  \"Statement\": [\n    {\n      \"Sid\": \"\",\n      \"Effect\": \"Allow\",\n      \"Action\": [\n        \"ec2:DescribeInternetGateways\",\n        \"ec2:DescribeAddresses\",\n        \"ec2:DescribeAccountAttributes\"\n      ],\n      \"Resource\": \"*\"\n    }\n  ]\n}",
            "policy_id": "ANPASOY6WIXUSUDL2HNOB",
            "tags": {
              "Environment": "production"
            },
            "tags_all": {
              "Environment": "production"
            }
          },
          "sensitive_attributes": [],
          "private": "bnVsbA==",
          "dependencies": [
            "module.eks.data.aws_iam_policy_document.cluster_elb_sl_role_creation"
          ]
        }
      ]
    },
    {
      "module": "module.eks",
      "mode": "managed",
      "type": "aws_iam_role",
      "name": "cluster",
      "provider": "provider[\"registry.terraform.io/hashicorp/aws\"]",
      "instances": [
        {
          "index_key": 0,
          "schema_version": 0,
          "attributes": {
            "arn": "arn:aws:iam::169178711529:role/dnd-eks20211025153216147800000001",
            "assume_role_policy": "{\"Version\":\"2012-10-17\",\"Statement\":[{\"Sid\":\"EKSClusterAssumeRole\",\"Effect\":\"Allow\",\"Principal\":{\"Service\":\"eks.amazonaws.com\"},\"Action\":\"sts:AssumeRole\"}]}",
            "create_date": "2021-10-25T15:32:17Z",
            "description": "",
            "force_detach_policies": true,
            "id": "dnd-eks20211025153216147800000001",
            "inline_policy": [
              {
                "name": "",
                "policy": ""
              }
            ],
            "managed_policy_arns": [
              "arn:aws:iam::169178711529:policy/dnd-eks-elb-sl-role-creation20211025153217048300000002",
              "arn:aws:iam::aws:policy/AmazonEKSClusterPolicy",
              "arn:aws:iam::aws:policy/AmazonEKSServicePolicy",
              "arn:aws:iam::aws:policy/AmazonEKSVPCResourceController"
            ],
            "max_session_duration": 3600,
            "name": "dnd-eks20211025153216147800000001",
            "name_prefix": "dnd-eks",
            "path": "/",
            "permissions_boundary": null,
            "tags": {
              "Environment": "production"
            },
            "tags_all": {
              "Environment": "production"
            },
            "unique_id": "AROASOY6WIXUQSGMTKTKB"
          },
          "sensitive_attributes": [],
          "private": "bnVsbA==",
          "dependencies": [
            "module.eks.data.aws_iam_policy_document.cluster_assume_role_policy"
          ],
          "create_before_destroy": true
        }
      ]
    },
    {
      "module": "module.eks",
      "mode": "managed",
      "type": "aws_iam_role",
      "name": "workers",
      "provider": "provider[\"registry.terraform.io/hashicorp/aws\"]",
      "instances": [
        {
          "index_key": 0,
          "schema_version": 0,
          "attributes": {
            "arn": "arn:aws:iam::169178711529:role/dnd-eks20211025154305485500000009",
            "assume_role_policy": "{\"Version\":\"2012-10-17\",\"Statement\":[{\"Sid\":\"EKSWorkerAssumeRole\",\"Effect\":\"Allow\",\"Principal\":{\"Service\":\"ec2.amazonaws.com\"},\"Action\":\"sts:AssumeRole\"}]}",
            "create_date": "2021-10-25T15:43:06Z",
            "description": "",
            "force_detach_policies": true,
            "id": "dnd-eks20211025154305485500000009",
            "inline_policy": [
              {
                "name": "",
                "policy": ""
              }
            ],
            "managed_policy_arns": [
              "arn:aws:iam::aws:policy/AmazonEC2ContainerRegistryReadOnly",
              "arn:aws:iam::aws:policy/AmazonEKSWorkerNodePolicy",
              "arn:aws:iam::aws:policy/AmazonEKS_CNI_Policy"
            ],
            "max_session_duration": 3600,
            "name": "dnd-eks20211025154305485500000009",
            "name_prefix": "dnd-eks",
            "path": "/",
            "permissions_boundary": null,
            "tags": {
              "Environment": "production"
            },
            "tags_all": {
              "Environment": "production"
            },
            "unique_id": "AROASOY6WIXU3246NXR5I"
          },
          "sensitive_attributes": [],
          "private": "bnVsbA==",
          "dependencies": [
            "module.eks.data.aws_iam_policy_document.cluster_assume_role_policy",
            "module.eks.data.aws_iam_policy_document.workers_assume_role_policy",
            "module.eks.aws_iam_role.cluster",
            "module.eks.aws_iam_role_policy_attachment.cluster_AmazonEKSServicePolicy",
            "module.eks.aws_iam_role_policy_attachment.cluster_AmazonEKSVPCResourceControllerPolicy",
            "module.eks.aws_security_group.cluster",
            "module.eks.data.aws_iam_role.custom_cluster_iam_role",
            "module.eks.aws_cloudwatch_log_group.this",
            "module.vpc.aws_subnet.private",
            "module.vpc.aws_vpc.this",
            "module.vpc.aws_vpc_ipv4_cidr_block_association.this",
            "module.eks.aws_eks_cluster.this",
            "module.eks.aws_iam_role_policy_attachment.cluster_AmazonEKSClusterPolicy",
            "module.eks.aws_security_group.workers",
            "module.eks.aws_security_group_rule.cluster_egress_internet",
            "module.eks.aws_security_group_rule.cluster_https_worker_ingress",
            "module.eks.data.aws_partition.current"
          ],
          "create_before_destroy": true
        }
      ]
    },
    {
      "module": "module.eks",
      "mode": "managed",
      "type": "aws_iam_role_policy_attachment",
      "name": "cluster_AmazonEKSClusterPolicy",
      "provider": "provider[\"registry.terraform.io/hashicorp/aws\"]",
      "instances": [
        {
          "index_key": 0,
          "schema_version": 0,
          "attributes": {
            "id": "dnd-eks20211025153216147800000001-20211025153218148000000007",
            "policy_arn": "arn:aws:iam::aws:policy/AmazonEKSClusterPolicy",
            "role": "dnd-eks20211025153216147800000001"
          },
          "sensitive_attributes": [],
          "private": "bnVsbA==",
          "dependencies": [
            "module.eks.aws_iam_role.cluster",
            "module.eks.data.aws_iam_policy_document.cluster_assume_role_policy",
            "module.eks.data.aws_partition.current"
          ],
          "create_before_destroy": true
        }
      ]
    },
    {
      "module": "module.eks",
      "mode": "managed",
      "type": "aws_iam_role_policy_attachment",
      "name": "cluster_AmazonEKSServicePolicy",
      "provider": "provider[\"registry.terraform.io/hashicorp/aws\"]",
      "instances": [
        {
          "index_key": 0,
          "schema_version": 0,
          "attributes": {
            "id": "dnd-eks20211025153216147800000001-20211025153218146500000006",
            "policy_arn": "arn:aws:iam::aws:policy/AmazonEKSServicePolicy",
            "role": "dnd-eks20211025153216147800000001"
          },
          "sensitive_attributes": [],
          "private": "bnVsbA==",
          "dependencies": [
            "module.eks.aws_iam_role.cluster",
            "module.eks.data.aws_iam_policy_document.cluster_assume_role_policy",
            "module.eks.data.aws_partition.current"
          ],
          "create_before_destroy": true
        }
      ]
    },
    {
      "module": "module.eks",
      "mode": "managed",
      "type": "aws_iam_role_policy_attachment",
      "name": "cluster_AmazonEKSVPCResourceControllerPolicy",
      "provider": "provider[\"registry.terraform.io/hashicorp/aws\"]",
      "instances": [
        {
          "index_key": 0,
          "schema_version": 0,
          "attributes": {
            "id": "dnd-eks20211025153216147800000001-20211025153218138300000005",
            "policy_arn": "arn:aws:iam::aws:policy/AmazonEKSVPCResourceController",
            "role": "dnd-eks20211025153216147800000001"
          },
          "sensitive_attributes": [],
          "private": "bnVsbA==",
          "dependencies": [
            "module.eks.aws_iam_role.cluster",
            "module.eks.data.aws_iam_policy_document.cluster_assume_role_policy",
            "module.eks.data.aws_partition.current"
          ],
          "create_before_destroy": true
        }
      ]
    },
    {
      "module": "module.eks",
      "mode": "managed",
      "type": "aws_iam_role_policy_attachment",
      "name": "cluster_elb_sl_role_creation",
      "provider": "provider[\"registry.terraform.io/hashicorp/aws\"]",
      "instances": [
        {
          "index_key": 0,
          "schema_version": 0,
          "attributes": {
            "id": "dnd-eks20211025153216147800000001-20211025153218695700000008",
            "policy_arn": "arn:aws:iam::169178711529:policy/dnd-eks-elb-sl-role-creation20211025153217048300000002",
            "role": "dnd-eks20211025153216147800000001"
          },
          "sensitive_attributes": [],
          "private": "bnVsbA==",
          "dependencies": [
            "module.eks.data.aws_iam_policy_document.cluster_elb_sl_role_creation",
            "module.eks.aws_iam_policy.cluster_elb_sl_role_creation",
            "module.eks.aws_iam_role.cluster",
            "module.eks.data.aws_iam_policy_document.cluster_assume_role_policy"
          ]
        }
      ]
    },
    {
      "module": "module.eks",
      "mode": "managed",
      "type": "aws_iam_role_policy_attachment",
      "name": "workers_AmazonEC2ContainerRegistryReadOnly",
      "provider": "provider[\"registry.terraform.io/hashicorp/aws\"]",
      "instances": [
        {
          "index_key": 0,
          "schema_version": 0,
          "attributes": {
            "id": "dnd-eks20211025154305485500000009-2021102515430746080000000e",
            "policy_arn": "arn:aws:iam::aws:policy/AmazonEC2ContainerRegistryReadOnly",
            "role": "dnd-eks20211025154305485500000009"
          },
          "sensitive_attributes": [],
          "private": "bnVsbA==",
          "dependencies": [
            "module.eks.aws_eks_cluster.this",
            "module.eks.aws_iam_role.workers",
            "module.eks.aws_security_group_rule.cluster_egress_internet",
            "module.eks.data.aws_iam_role.custom_cluster_iam_role",
            "module.vpc.aws_vpc.this",
            "module.vpc.aws_vpc_ipv4_cidr_block_association.this",
            "module.eks.aws_security_group.cluster",
            "module.eks.aws_security_group.workers",
            "module.eks.data.aws_iam_policy_document.cluster_assume_role_policy",
            "module.eks.data.aws_iam_policy_document.workers_assume_role_policy",
            "module.eks.data.aws_partition.current",
            "module.vpc.aws_subnet.private",
            "module.eks.aws_iam_role_policy_attachment.cluster_AmazonEKSServicePolicy",
            "module.eks.aws_security_group_rule.cluster_https_worker_ingress",
            "module.eks.aws_cloudwatch_log_group.this",
            "module.eks.aws_iam_role.cluster",
            "module.eks.aws_iam_role_policy_attachment.cluster_AmazonEKSClusterPolicy",
            "module.eks.aws_iam_role_policy_attachment.cluster_AmazonEKSVPCResourceControllerPolicy"
          ],
          "create_before_destroy": true
        }
      ]
    },
    {
      "module": "module.eks",
      "mode": "managed",
      "type": "aws_iam_role_policy_attachment",
      "name": "workers_AmazonEKSWorkerNodePolicy",
      "provider": "provider[\"registry.terraform.io/hashicorp/aws\"]",
      "instances": [
        {
          "index_key": 0,
          "schema_version": 0,
          "attributes": {
            "id": "dnd-eks20211025154305485500000009-2021102515430745660000000c",
            "policy_arn": "arn:aws:iam::aws:policy/AmazonEKSWorkerNodePolicy",
            "role": "dnd-eks20211025154305485500000009"
          },
          "sensitive_attributes": [],
          "private": "bnVsbA==",
          "dependencies": [
            "module.eks.data.aws_iam_policy_document.cluster_assume_role_policy",
            "module.eks.data.aws_iam_policy_document.workers_assume_role_policy",
            "module.eks.data.aws_iam_role.custom_cluster_iam_role",
            "module.eks.aws_cloudwatch_log_group.this",
            "module.eks.aws_iam_role.workers",
            "module.eks.aws_iam_role_policy_attachment.cluster_AmazonEKSServicePolicy",
            "module.eks.aws_security_group_rule.cluster_https_worker_ingress",
            "module.vpc.aws_subnet.private",
            "module.eks.aws_security_group.cluster",
            "module.eks.aws_security_group.workers",
            "module.eks.aws_security_group_rule.cluster_egress_internet",
            "module.eks.data.aws_partition.current",
            "module.vpc.aws_vpc.this",
            "module.vpc.aws_vpc_ipv4_cidr_block_association.this",
            "module.eks.aws_iam_role.cluster",
            "module.eks.aws_iam_role_policy_attachment.cluster_AmazonEKSClusterPolicy",
            "module.eks.aws_iam_role_policy_attachment.cluster_AmazonEKSVPCResourceControllerPolicy",
            "module.eks.aws_eks_cluster.this"
          ],
          "create_before_destroy": true
        }
      ]
    },
    {
      "module": "module.eks",
      "mode": "managed",
      "type": "aws_iam_role_policy_attachment",
      "name": "workers_AmazonEKS_CNI_Policy",
      "provider": "provider[\"registry.terraform.io/hashicorp/aws\"]",
      "instances": [
        {
          "index_key": 0,
          "schema_version": 0,
          "attributes": {
            "id": "dnd-eks20211025154305485500000009-2021102515430746080000000d",
            "policy_arn": "arn:aws:iam::aws:policy/AmazonEKS_CNI_Policy",
            "role": "dnd-eks20211025154305485500000009"
          },
          "sensitive_attributes": [],
          "private": "bnVsbA==",
          "dependencies": [
            "module.eks.aws_cloudwatch_log_group.this",
            "module.eks.aws_iam_role_policy_attachment.cluster_AmazonEKSVPCResourceControllerPolicy",
            "module.eks.aws_security_group.workers",
            "module.vpc.aws_subnet.private",
            "module.vpc.aws_vpc_ipv4_cidr_block_association.this",
            "module.eks.aws_eks_cluster.this",
            "module.eks.aws_iam_role.workers",
            "module.eks.aws_iam_role_policy_attachment.cluster_AmazonEKSClusterPolicy",
            "module.eks.aws_iam_role_policy_attachment.cluster_AmazonEKSServicePolicy",
            "module.vpc.aws_vpc.this",
            "module.eks.aws_iam_role.cluster",
            "module.eks.aws_security_group_rule.cluster_https_worker_ingress",
            "module.eks.data.aws_iam_role.custom_cluster_iam_role",
            "module.eks.data.aws_partition.current",
            "module.eks.aws_security_group.cluster",
            "module.eks.aws_security_group_rule.cluster_egress_internet",
            "module.eks.data.aws_iam_policy_document.cluster_assume_role_policy",
            "module.eks.data.aws_iam_policy_document.workers_assume_role_policy"
          ],
          "create_before_destroy": true
        }
      ]
    },
    {
      "module": "module.eks",
      "mode": "managed",
      "type": "aws_launch_configuration",
      "name": "workers",
      "provider": "provider[\"registry.terraform.io/hashicorp/aws\"]",
      "instances": [
        {
          "index_key": 0,
          "schema_version": 0,
          "attributes": {
            "arn": "arn:aws:autoscaling:eu-west-2:169178711529:launchConfiguration:701a0f05-12e5-48fe-9428-42c50a7f0690:launchConfigurationName/dnd-eks-worker-group-12021102515430866240000000f",
            "associate_public_ip_address": false,
            "ebs_block_device": [],
            "ebs_optimized": false,
            "enable_monitoring": true,
            "ephemeral_block_device": [],
            "iam_instance_profile": "dnd-eks2021102515430704180000000b",
            "id": "dnd-eks-worker-group-12021102515430866240000000f",
            "image_id": "ami-05b5d238fd6ddfa56",
            "instance_type": "t2.small",
            "key_name": "",
            "metadata_options": [
              {
                "http_endpoint": "enabled",
                "http_put_response_hop_limit": 1,
                "http_tokens": "optional"
              }
            ],
            "name": "dnd-eks-worker-group-12021102515430866240000000f",
            "name_prefix": "dnd-eks-worker-group-1",
            "placement_tenancy": "",
            "root_block_device": [
              {
                "delete_on_termination": true,
                "encrypted": false,
                "iops": 0,
                "throughput": 0,
                "volume_size": 100,
                "volume_type": "gp2"
              }
            ],
            "security_groups": [
              "sg-08629b077e3599bd5",
              "sg-0a0e7256029e44ed1"
            ],
            "spot_price": "",
            "user_data": null,
            "user_data_base64": "IyEvYmluL2Jhc2ggLWUNCg0KIyBBbGxvdyB1c2VyIHN1cHBsaWVkIHByZSB1c2VyZGF0YSBjb2RlDQoNCg0KIyBCb290c3RyYXAgYW5kIGpvaW4gdGhlIGNsdXN0ZXINCi9ldGMvZWtzL2Jvb3RzdHJhcC5zaCAtLWI2NC1jbHVzdGVyLWNhICdMUzB0TFMxQ1JVZEpUaUJEUlZKVVNVWkpRMEZVUlMwdExTMHRDazFKU1VNMWVrTkRRV01yWjBGM1NVSkJaMGxDUVVSQlRrSm5hM0ZvYTJsSE9YY3dRa0ZSYzBaQlJFRldUVkpOZDBWUldVUldVVkZFUlhkd2NtUlhTbXdLWTIwMWJHUkhWbnBOUWpSWVJGUkplRTFVUVhsT1ZFVXhUWHByTUU1V2IxaEVWRTE0VFZSQmVVMTZSVEZOZW1zd1RsWnZkMFpVUlZSTlFrVkhRVEZWUlFwQmVFMUxZVE5XYVZwWVNuVmFXRkpzWTNwRFEwRlRTWGRFVVZsS1MyOWFTV2gyWTA1QlVVVkNRbEZCUkdkblJWQkJSRU5EUVZGdlEyZG5SVUpCUzBkdkNqZEVlRkE1V1V4YWRqSnNVVmhDV0ZKNEwwSXpWRTlzV25VeGJ6VmlNakpPYVhaVU1ESk9aREZFY2xkNmVuWm5aMFpJVEZWa1dIQmxjRXRyVVhvdldHc0tiazlaTmpGRGRtbEJVM2dyWnl0NlJXNUdTVmxRVWpsd1VrYzBjek5VZGtaQ1lWRlFjVkpaVjBSeFFVdHdkVlZYWVd0UldUWklUbFphYTJoSlJVRndLd3BYYzFkTlR6TnFVWEpDWjFGSFVGRTVOMnBZWWxGbWVHNUhNM0JDUlU5WGJYTmlSVTlRYm5aaFUzRkRjak5DSzNCc1NUbFZXbE5hV1d3MEwwSXJiRkZXQ20xTlRHTjZRVTFOTHpacFowWjNiMDlNVVVnMFdrMVRVVWhLZVRsdE5uSjVkMUJyWlhCU01GcEJlRXgwZDI5c2VFdEZXblIyWW5aNlMxWjZSak50WlRjS1pYcENkMWhyWjJZNFMxbHpNWEJxVDJ0dE9GcFRlRlZVV0VFMWRIY3dkemc1YjFSRFdrSndRazAyVFVsS2NsbE9UMjF3Y0ZGcVJXZzFhRWx5WlZFMGNRb3ZaRzgzVGxRNE1YQm5lVk14ZWpFeGMzaHJRMEYzUlVGQllVNURUVVZCZDBSbldVUldVakJRUVZGSUwwSkJVVVJCWjB0clRVRTRSMEV4VldSRmQwVkNDaTkzVVVaTlFVMUNRV1k0ZDBoUldVUldVakJQUWtKWlJVWkxTUzgwV0ZsRFQwWjZiVEJwV0RselJTOVpLMGhVZDNZemNFMU5RVEJIUTFOeFIxTkpZak1LUkZGRlFrTjNWVUZCTkVsQ1FWRkJiMVJJY1VVMWIxVnlaWFpqUWpoSFdtNWpVRFl5VFV4aWFVMXBUVFF4WWs4NVVrcGhXazQxUVRoVlMwbFRjVVZ3Y0FvNVdUY3pORXBhUkZwMVRFeFNRbGszVkZkbFdWcFFaR2c0VjFCRVRESkNPRmhuYW1ORU4zRm9URXcxSzJGVmVYWk5VSFF5UldKMk5IWTJNRVUyV21sUkNrNDJUbFZHYVZOS1VFOWpTMDAxWlhreVZUTkxjRzgzV1RoNVFuZENNemhyZEM5S2JrSjVZMjF0UVN0SGQyVldiMlZ3WWxwamQwaGxOMlJyZUhWUmJGZ0tXSGxHVFc1bFQxVmtjRkpuVG05alpuUnNZVzFOYUdKcFZHTXdUbFZTWlhKcFUycG1ZemhVWmtORWNYQTNiMFpLUXpObFJDOTVUbTAyUm0xMk0zSldiQXB0TWxSUGFFUXZVMGhQVWtRMWVFRTFVR1Z5UzNNclNsWTNaWGROWjI1WmNVNTNNMU5UVXl0SFJubGplRVF6YXpoNlpHTnNSRk5MVjJwcVF6ZFZVV2x6Q2tSSFZua3dWbXRDY1hKTk5YaDJNVUl5YW1ORlZXOUVNalkxUW1oU1NrUnJjbnBsUXdvdExTMHRMVVZPUkNCRFJWSlVTVVpKUTBGVVJTMHRMUzB0Q2c9PScgLS1hcGlzZXJ2ZXItZW5kcG9pbnQgJ2h0dHBzOi8vRTU1RERERTVDNDczMTQ5NUE4REMyQkFENkNDNDA0NzAuZ3I3LmV1LXdlc3QtMi5la3MuYW1hem9uYXdzLmNvbScgIC0ta3ViZWxldC1leHRyYS1hcmdzICIiICdkbmQtZWtzJw0KDQojIEFsbG93IHVzZXIgc3VwcGxpZWQgdXNlcmRhdGEgY29kZQ0KZWNobyBmb28gYmFyDQo=",
            "vpc_classic_link_id": "",
            "vpc_classic_link_security_groups": []
          },
          "sensitive_attributes": [],
          "private": "bnVsbA==",
          "dependencies": [
            "module.eks.aws_iam_role.workers",
            "module.eks.data.aws_iam_instance_profile.custom_worker_group_iam_instance_profile",
            "module.eks.data.aws_iam_policy_document.workers_assume_role_policy",
            "module.eks.aws_iam_role.cluster",
            "module.eks.aws_iam_role_policy_attachment.workers_additional_policies",
            "module.eks.aws_security_group_rule.workers_ingress_cluster_https",
            "module.eks.aws_iam_role_policy_attachment.workers_AmazonEKSWorkerNodePolicy",
            "module.eks.aws_security_group_rule.workers_ingress_cluster_primary",
            "module.vpc.aws_vpc.this",
            "module.eks.aws_iam_role_policy_attachment.cluster_AmazonEKSServicePolicy",
            "module.eks.aws_security_group.workers",
            "module.eks.aws_security_group_rule.workers_egress_internet",
            "module.eks.data.aws_ami.eks_worker",
            "module.eks.aws_cloudwatch_log_group.this",
            "module.eks.aws_iam_role_policy_attachment.cluster_AmazonEKSVPCResourceControllerPolicy",
            "module.eks.aws_security_group_rule.cluster_egress_internet",
            "module.eks.aws_security_group_rule.cluster_https_worker_ingress",
            "module.eks.aws_security_group_rule.cluster_primary_ingress_workers",
            "module.vpc.aws_vpc_ipv4_cidr_block_association.this",
            "aws_security_group.worker_group_mgmt_one",
            "module.eks.aws_security_group.cluster",
            "module.eks.aws_security_group_rule.workers_ingress_cluster_kubelet",
            "module.eks.data.aws_partition.current",
            "aws_security_group.worker_group_mgmt_two",
            "module.eks.aws_iam_instance_profile.workers",
            "module.eks.aws_iam_role_policy_attachment.cluster_AmazonEKSClusterPolicy",
            "module.eks.aws_iam_role_policy_attachment.workers_AmazonEC2ContainerRegistryReadOnly",
            "module.eks.aws_security_group_rule.workers_ingress_cluster",
            "module.eks.data.aws_ami.eks_worker_windows",
            "module.eks.data.aws_iam_policy_document.cluster_assume_role_policy",
            "module.vpc.aws_subnet.private",
            "module.eks.aws_eks_cluster.this",
            "module.eks.aws_iam_role_policy_attachment.workers_AmazonEKS_CNI_Policy",
            "module.eks.aws_security_group_rule.workers_ingress_self",
            "module.eks.data.aws_iam_role.custom_cluster_iam_role"
          ],
          "create_before_destroy": true
        },
        {
          "index_key": 1,
          "schema_version": 0,
          "attributes": {
            "arn": "arn:aws:autoscaling:eu-west-2:169178711529:launchConfiguration:bbeff50f-3ae8-4fa9-9e2e-aa4bbf151631:launchConfigurationName/dnd-eks-worker-group-220211025154308662400000010",
            "associate_public_ip_address": false,
            "ebs_block_device": [],
            "ebs_optimized": false,
            "enable_monitoring": true,
            "ephemeral_block_device": [],
            "iam_instance_profile": "dnd-eks2021102515430704130000000a",
            "id": "dnd-eks-worker-group-220211025154308662400000010",
            "image_id": "ami-05b5d238fd6ddfa56",
            "instance_type": "t2.medium",
            "key_name": "",
            "metadata_options": [
              {
                "http_endpoint": "enabled",
                "http_put_response_hop_limit": 1,
                "http_tokens": "optional"
              }
            ],
            "name": "dnd-eks-worker-group-220211025154308662400000010",
            "name_prefix": "dnd-eks-worker-group-2",
            "placement_tenancy": "",
            "root_block_device": [
              {
                "delete_on_termination": true,
                "encrypted": false,
                "iops": 0,
                "throughput": 0,
                "volume_size": 100,
                "volume_type": "gp2"
              }
            ],
            "security_groups": [
              "sg-0403f14ddede46048",
              "sg-0a0e7256029e44ed1"
            ],
            "spot_price": "",
            "user_data": null,
            "user_data_base64": "IyEvYmluL2Jhc2ggLWUNCg0KIyBBbGxvdyB1c2VyIHN1cHBsaWVkIHByZSB1c2VyZGF0YSBjb2RlDQoNCg0KIyBCb290c3RyYXAgYW5kIGpvaW4gdGhlIGNsdXN0ZXINCi9ldGMvZWtzL2Jvb3RzdHJhcC5zaCAtLWI2NC1jbHVzdGVyLWNhICdMUzB0TFMxQ1JVZEpUaUJEUlZKVVNVWkpRMEZVUlMwdExTMHRDazFKU1VNMWVrTkRRV01yWjBGM1NVSkJaMGxDUVVSQlRrSm5hM0ZvYTJsSE9YY3dRa0ZSYzBaQlJFRldUVkpOZDBWUldVUldVVkZFUlhkd2NtUlhTbXdLWTIwMWJHUkhWbnBOUWpSWVJGUkplRTFVUVhsT1ZFVXhUWHByTUU1V2IxaEVWRTE0VFZSQmVVMTZSVEZOZW1zd1RsWnZkMFpVUlZSTlFrVkhRVEZWUlFwQmVFMUxZVE5XYVZwWVNuVmFXRkpzWTNwRFEwRlRTWGRFVVZsS1MyOWFTV2gyWTA1QlVVVkNRbEZCUkdkblJWQkJSRU5EUVZGdlEyZG5SVUpCUzBkdkNqZEVlRkE1V1V4YWRqSnNVVmhDV0ZKNEwwSXpWRTlzV25VeGJ6VmlNakpPYVhaVU1ESk9aREZFY2xkNmVuWm5aMFpJVEZWa1dIQmxjRXRyVVhvdldHc0tiazlaTmpGRGRtbEJVM2dyWnl0NlJXNUdTVmxRVWpsd1VrYzBjek5VZGtaQ1lWRlFjVkpaVjBSeFFVdHdkVlZYWVd0UldUWklUbFphYTJoSlJVRndLd3BYYzFkTlR6TnFVWEpDWjFGSFVGRTVOMnBZWWxGbWVHNUhNM0JDUlU5WGJYTmlSVTlRYm5aaFUzRkRjak5DSzNCc1NUbFZXbE5hV1d3MEwwSXJiRkZXQ20xTlRHTjZRVTFOTHpacFowWjNiMDlNVVVnMFdrMVRVVWhLZVRsdE5uSjVkMUJyWlhCU01GcEJlRXgwZDI5c2VFdEZXblIyWW5aNlMxWjZSak50WlRjS1pYcENkMWhyWjJZNFMxbHpNWEJxVDJ0dE9GcFRlRlZVV0VFMWRIY3dkemc1YjFSRFdrSndRazAyVFVsS2NsbE9UMjF3Y0ZGcVJXZzFhRWx5WlZFMGNRb3ZaRzgzVGxRNE1YQm5lVk14ZWpFeGMzaHJRMEYzUlVGQllVNURUVVZCZDBSbldVUldVakJRUVZGSUwwSkJVVVJCWjB0clRVRTRSMEV4VldSRmQwVkNDaTkzVVVaTlFVMUNRV1k0ZDBoUldVUldVakJQUWtKWlJVWkxTUzgwV0ZsRFQwWjZiVEJwV0RselJTOVpLMGhVZDNZemNFMU5RVEJIUTFOeFIxTkpZak1LUkZGRlFrTjNWVUZCTkVsQ1FWRkJiMVJJY1VVMWIxVnlaWFpqUWpoSFdtNWpVRFl5VFV4aWFVMXBUVFF4WWs4NVVrcGhXazQxUVRoVlMwbFRjVVZ3Y0FvNVdUY3pORXBhUkZwMVRFeFNRbGszVkZkbFdWcFFaR2c0VjFCRVRESkNPRmhuYW1ORU4zRm9URXcxSzJGVmVYWk5VSFF5UldKMk5IWTJNRVUyV21sUkNrNDJUbFZHYVZOS1VFOWpTMDAxWlhreVZUTkxjRzgzV1RoNVFuZENNemhyZEM5S2JrSjVZMjF0UVN0SGQyVldiMlZ3WWxwamQwaGxOMlJyZUhWUmJGZ0tXSGxHVFc1bFQxVmtjRkpuVG05alpuUnNZVzFOYUdKcFZHTXdUbFZTWlhKcFUycG1ZemhVWmtORWNYQTNiMFpLUXpObFJDOTVUbTAyUm0xMk0zSldiQXB0TWxSUGFFUXZVMGhQVWtRMWVFRTFVR1Z5UzNNclNsWTNaWGROWjI1WmNVNTNNMU5UVXl0SFJubGplRVF6YXpoNlpHTnNSRk5MVjJwcVF6ZFZVV2x6Q2tSSFZua3dWbXRDY1hKTk5YaDJNVUl5YW1ORlZXOUVNalkxUW1oU1NrUnJjbnBsUXdvdExTMHRMVVZPUkNCRFJWSlVTVVpKUTBGVVJTMHRMUzB0Q2c9PScgLS1hcGlzZXJ2ZXItZW5kcG9pbnQgJ2h0dHBzOi8vRTU1RERERTVDNDczMTQ5NUE4REMyQkFENkNDNDA0NzAuZ3I3LmV1LXdlc3QtMi5la3MuYW1hem9uYXdzLmNvbScgIC0ta3ViZWxldC1leHRyYS1hcmdzICIiICdkbmQtZWtzJw0KDQojIEFsbG93IHVzZXIgc3VwcGxpZWQgdXNlcmRhdGEgY29kZQ0KZWNobyBmb28gYmFyDQo=",
            "vpc_classic_link_id": "",
            "vpc_classic_link_security_groups": []
          },
          "sensitive_attributes": [],
          "private": "bnVsbA==",
          "dependencies": [
            "module.eks.aws_iam_instance_profile.workers",
            "module.eks.data.aws_ami.eks_worker_windows",
            "module.eks.data.aws_iam_instance_profile.custom_worker_group_iam_instance_profile",
            "module.vpc.aws_vpc_ipv4_cidr_block_association.this",
            "module.eks.aws_eks_cluster.this",
            "module.eks.aws_iam_role_policy_attachment.cluster_AmazonEKSClusterPolicy",
            "module.eks.aws_security_group_rule.workers_ingress_cluster_https",
            "module.vpc.aws_vpc.this",
            "module.eks.aws_iam_role_policy_attachment.cluster_AmazonEKSVPCResourceControllerPolicy",
            "module.eks.aws_security_group_rule.cluster_egress_internet",
            "module.eks.aws_security_group_rule.cluster_primary_ingress_workers",
            "module.eks.aws_security_group_rule.workers_ingress_cluster_primary",
            "module.eks.aws_security_group_rule.workers_ingress_self",
            "module.eks.data.aws_iam_policy_document.workers_assume_role_policy",
            "module.vpc.aws_subnet.private",
            "module.eks.aws_iam_role_policy_attachment.workers_AmazonEC2ContainerRegistryReadOnly",
            "module.eks.aws_iam_role_policy_attachment.cluster_AmazonEKSServicePolicy",
            "module.eks.aws_iam_role_policy_attachment.workers_additional_policies",
            "module.eks.aws_security_group_rule.workers_ingress_cluster_kubelet",
            "aws_security_group.worker_group_mgmt_one",
            "aws_security_group.worker_group_mgmt_two",
            "module.eks.aws_iam_role.cluster",
            "module.eks.aws_security_group_rule.workers_ingress_cluster",
            "module.eks.data.aws_iam_role.custom_cluster_iam_role",
            "module.eks.aws_iam_role_policy_attachment.workers_AmazonEKS_CNI_Policy",
            "module.eks.aws_security_group.cluster",
            "module.eks.aws_security_group.workers",
            "module.eks.aws_security_group_rule.cluster_https_worker_ingress",
            "module.eks.aws_cloudwatch_log_group.this",
            "module.eks.aws_iam_role.workers",
            "module.eks.aws_iam_role_policy_attachment.workers_AmazonEKSWorkerNodePolicy",
            "module.eks.aws_security_group_rule.workers_egress_internet",
            "module.eks.data.aws_ami.eks_worker",
            "module.eks.data.aws_iam_policy_document.cluster_assume_role_policy",
            "module.eks.data.aws_partition.current"
          ],
          "create_before_destroy": true
        }
      ]
    },
    {
      "module": "module.eks",
      "mode": "managed",
      "type": "aws_security_group",
      "name": "cluster",
      "provider": "provider[\"registry.terraform.io/hashicorp/aws\"]",
      "instances": [
        {
          "index_key": 0,
          "schema_version": 1,
          "attributes": {
            "arn": "arn:aws:ec2:eu-west-2:169178711529:security-group/sg-0397254332173c962",
            "description": "EKS cluster security group.",
            "egress": [
              {
                "cidr_blocks": [
                  "0.0.0.0/0"
                ],
                "description": "Allow cluster egress access to the Internet.",
                "from_port": 0,
                "ipv6_cidr_blocks": [],
                "prefix_list_ids": [],
                "protocol": "-1",
                "security_groups": [],
                "self": false,
                "to_port": 0
              }
            ],
            "id": "sg-0397254332173c962",
            "ingress": [
              {
                "cidr_blocks": [],
                "description": "Allow pods to communicate with the EKS cluster API.",
                "from_port": 443,
                "ipv6_cidr_blocks": [],
                "prefix_list_ids": [],
                "protocol": "tcp",
                "security_groups": [
                  "sg-0a0e7256029e44ed1"
                ],
                "self": false,
                "to_port": 443
              }
            ],
            "name": "dnd-eks20211025153217069600000003",
            "name_prefix": "dnd-eks",
            "owner_id": "169178711529",
            "revoke_rules_on_delete": false,
            "tags": {
              "Environment": "production",
              "Name": "dnd-eks-eks_cluster_sg"
            },
            "tags_all": {
              "Environment": "production",
              "Name": "dnd-eks-eks_cluster_sg"
            },
            "timeouts": null,
            "vpc_id": "vpc-0c8bf1e5f2d6ba56d"
          },
          "sensitive_attributes": [],
          "private": "eyJlMmJmYjczMC1lY2FhLTExZTYtOGY4OC0zNDM2M2JjN2M0YzAiOnsiY3JlYXRlIjo2MDAwMDAwMDAwMDAsImRlbGV0ZSI6OTAwMDAwMDAwMDAwfSwic2NoZW1hX3ZlcnNpb24iOiIxIn0=",
          "dependencies": [
            "module.vpc.aws_vpc.this"
          ],
          "create_before_destroy": true
        }
      ]
    },
    {
      "module": "module.eks",
      "mode": "managed",
      "type": "aws_security_group",
      "name": "workers",
      "provider": "provider[\"registry.terraform.io/hashicorp/aws\"]",
      "instances": [
        {
          "index_key": 0,
          "schema_version": 1,
          "attributes": {
            "arn": "arn:aws:ec2:eu-west-2:169178711529:security-group/sg-0a0e7256029e44ed1",
            "description": "Security group for all nodes in the cluster.",
            "egress": [
              {
                "cidr_blocks": [
                  "0.0.0.0/0"
                ],
                "description": "Allow nodes all egress to the Internet.",
                "from_port": 0,
                "ipv6_cidr_blocks": [],
                "prefix_list_ids": [],
                "protocol": "-1",
                "security_groups": [],
                "self": false,
                "to_port": 0
              }
            ],
            "id": "sg-0a0e7256029e44ed1",
            "ingress": [
              {
                "cidr_blocks": [],
                "description": "Allow node to communicate with each other.",
                "from_port": 0,
                "ipv6_cidr_blocks": [],
                "prefix_list_ids": [],
                "protocol": "-1",
                "security_groups": [],
                "self": true,
                "to_port": 0
              },
              {
                "cidr_blocks": [],
                "description": "Allow pods running extension API servers on port 443 to receive communication from cluster control plane.",
                "from_port": 443,
                "ipv6_cidr_blocks": [],
                "prefix_list_ids": [],
                "protocol": "tcp",
                "security_groups": [
                  "sg-0397254332173c962"
                ],
                "self": false,
                "to_port": 443
              },
              {
                "cidr_blocks": [],
                "description": "Allow workers pods to receive communication from the cluster control plane.",
                "from_port": 1025,
                "ipv6_cidr_blocks": [],
                "prefix_list_ids": [],
                "protocol": "tcp",
                "security_groups": [
                  "sg-0397254332173c962"
                ],
                "self": false,
                "to_port": 65535
              }
            ],
            "name": "dnd-eks20211025153217079900000004",
            "name_prefix": "dnd-eks",
            "owner_id": "169178711529",
            "revoke_rules_on_delete": false,
            "tags": {
              "Environment": "production",
              "Name": "dnd-eks-eks_worker_sg",
              "kubernetes.io/cluster/dnd-eks": "owned"
            },
            "tags_all": {
              "Environment": "production",
              "Name": "dnd-eks-eks_worker_sg",
              "kubernetes.io/cluster/dnd-eks": "owned"
            },
            "timeouts": null,
            "vpc_id": "vpc-0c8bf1e5f2d6ba56d"
          },
          "sensitive_attributes": [],
          "private": "eyJlMmJmYjczMC1lY2FhLTExZTYtOGY4OC0zNDM2M2JjN2M0YzAiOnsiY3JlYXRlIjo2MDAwMDAwMDAwMDAsImRlbGV0ZSI6OTAwMDAwMDAwMDAwfSwic2NoZW1hX3ZlcnNpb24iOiIxIn0=",
          "dependencies": [
            "module.vpc.aws_vpc.this"
          ],
          "create_before_destroy": true
        }
      ]
    },
    {
      "module": "module.eks",
      "mode": "managed",
      "type": "aws_security_group_rule",
      "name": "cluster_egress_internet",
      "provider": "provider[\"registry.terraform.io/hashicorp/aws\"]",
      "instances": [
        {
          "index_key": 0,
          "schema_version": 2,
          "attributes": {
            "cidr_blocks": [
              "0.0.0.0/0"
            ],
            "description": "Allow cluster egress access to the Internet.",
            "from_port": 0,
            "id": "sgrule-4079868152",
            "ipv6_cidr_blocks": [],
            "prefix_list_ids": [],
            "protocol": "-1",
            "security_group_id": "sg-0397254332173c962",
            "self": false,
            "source_security_group_id": null,
            "to_port": 0,
            "type": "egress"
          },
          "sensitive_attributes": [],
          "private": "eyJzY2hlbWFfdmVyc2lvbiI6IjIifQ==",
          "dependencies": [
            "module.eks.aws_security_group.cluster",
            "module.vpc.aws_vpc.this"
          ],
          "create_before_destroy": true
        }
      ]
    },
    {
      "module": "module.eks",
      "mode": "managed",
      "type": "aws_security_group_rule",
      "name": "cluster_https_worker_ingress",
      "provider": "provider[\"registry.terraform.io/hashicorp/aws\"]",
      "instances": [
        {
          "index_key": 0,
          "schema_version": 2,
          "attributes": {
            "cidr_blocks": [],
            "description": "Allow pods to communicate with the EKS cluster API.",
            "from_port": 443,
            "id": "sgrule-282462322",
            "ipv6_cidr_blocks": [],
            "prefix_list_ids": [],
            "protocol": "tcp",
            "security_group_id": "sg-0397254332173c962",
            "self": false,
            "source_security_group_id": "sg-0a0e7256029e44ed1",
            "to_port": 443,
            "type": "ingress"
          },
          "sensitive_attributes": [],
          "private": "eyJzY2hlbWFfdmVyc2lvbiI6IjIifQ==",
          "dependencies": [
            "module.vpc.aws_vpc.this",
            "module.eks.aws_security_group.cluster",
            "module.eks.aws_security_group.workers"
          ],
          "create_before_destroy": true
        }
      ]
    },
    {
      "module": "module.eks",
      "mode": "managed",
      "type": "aws_security_group_rule",
      "name": "workers_egress_internet",
      "provider": "provider[\"registry.terraform.io/hashicorp/aws\"]",
      "instances": [
        {
          "index_key": 0,
          "schema_version": 2,
          "attributes": {
            "cidr_blocks": [
              "0.0.0.0/0"
            ],
            "description": "Allow nodes all egress to the Internet.",
            "from_port": 0,
            "id": "sgrule-1334405212",
            "ipv6_cidr_blocks": [],
            "prefix_list_ids": [],
            "protocol": "-1",
            "security_group_id": "sg-0a0e7256029e44ed1",
            "self": false,
            "source_security_group_id": null,
            "to_port": 0,
            "type": "egress"
          },
          "sensitive_attributes": [],
          "private": "eyJzY2hlbWFfdmVyc2lvbiI6IjIifQ==",
          "dependencies": [
            "module.eks.aws_security_group.workers",
            "module.vpc.aws_vpc.this"
          ],
          "create_before_destroy": true
        }
      ]
    },
    {
      "module": "module.eks",
      "mode": "managed",
      "type": "aws_security_group_rule",
      "name": "workers_ingress_cluster",
      "provider": "provider[\"registry.terraform.io/hashicorp/aws\"]",
      "instances": [
        {
          "index_key": 0,
          "schema_version": 2,
          "attributes": {
            "cidr_blocks": [],
            "description": "Allow workers pods to receive communication from the cluster control plane.",
            "from_port": 1025,
            "id": "sgrule-502808413",
            "ipv6_cidr_blocks": [],
            "prefix_list_ids": [],
            "protocol": "tcp",
            "security_group_id": "sg-0a0e7256029e44ed1",
            "self": false,
            "source_security_group_id": "sg-0397254332173c962",
            "to_port": 65535,
            "type": "ingress"
          },
          "sensitive_attributes": [],
          "private": "eyJzY2hlbWFfdmVyc2lvbiI6IjIifQ==",
          "dependencies": [
            "module.eks.aws_security_group.cluster",
            "module.eks.aws_security_group.workers",
            "module.vpc.aws_vpc.this"
          ],
          "create_before_destroy": true
        }
      ]
    },
    {
      "module": "module.eks",
      "mode": "managed",
      "type": "aws_security_group_rule",
      "name": "workers_ingress_cluster_https",
      "provider": "provider[\"registry.terraform.io/hashicorp/aws\"]",
      "instances": [
        {
          "index_key": 0,
          "schema_version": 2,
          "attributes": {
            "cidr_blocks": [],
            "description": "Allow pods running extension API servers on port 443 to receive communication from cluster control plane.",
            "from_port": 443,
            "id": "sgrule-3323618712",
            "ipv6_cidr_blocks": [],
            "prefix_list_ids": [],
            "protocol": "tcp",
            "security_group_id": "sg-0a0e7256029e44ed1",
            "self": false,
            "source_security_group_id": "sg-0397254332173c962",
            "to_port": 443,
            "type": "ingress"
          },
          "sensitive_attributes": [],
          "private": "eyJzY2hlbWFfdmVyc2lvbiI6IjIifQ==",
          "dependencies": [
            "module.eks.aws_security_group.cluster",
            "module.eks.aws_security_group.workers",
            "module.vpc.aws_vpc.this"
          ],
          "create_before_destroy": true
        }
      ]
    },
    {
      "module": "module.eks",
      "mode": "managed",
      "type": "aws_security_group_rule",
      "name": "workers_ingress_self",
      "provider": "provider[\"registry.terraform.io/hashicorp/aws\"]",
      "instances": [
        {
          "index_key": 0,
          "schema_version": 2,
          "attributes": {
            "cidr_blocks": [],
            "description": "Allow node to communicate with each other.",
            "from_port": 0,
            "id": "sgrule-2109749032",
            "ipv6_cidr_blocks": [],
            "prefix_list_ids": [],
            "protocol": "-1",
            "security_group_id": "sg-0a0e7256029e44ed1",
            "self": false,
            "source_security_group_id": "sg-0a0e7256029e44ed1",
            "to_port": 0,
            "type": "ingress"
          },
          "sensitive_attributes": [],
          "private": "eyJzY2hlbWFfdmVyc2lvbiI6IjIifQ==",
          "dependencies": [
            "module.eks.aws_security_group.workers",
            "module.vpc.aws_vpc.this"
          ],
          "create_before_destroy": true
        }
      ]
    },
    {
      "module": "module.eks",
      "mode": "managed",
      "type": "kubernetes_config_map",
      "name": "aws_auth",
      "provider": "provider[\"registry.terraform.io/hashicorp/kubernetes\"]",
      "instances": [
        {
          "index_key": 0,
          "schema_version": 0,
          "attributes": {
            "binary_data": {},
            "data": {
              "mapAccounts": "[]\n",
              "mapRoles": "- \"groups\":\n  - \"system:bootstrappers\"\n  - \"system:nodes\"\n  \"rolearn\": \"arn:aws:iam::169178711529:role/dnd-eks20211025154305485500000009\"\n  \"username\": \"system:node:{{EC2PrivateDNSName}}\"\n",
              "mapUsers": "[]\n"
            },
            "id": "kube-system/aws-auth",
            "metadata": [
              {
                "annotations": {},
                "generate_name": "",
                "generation": 0,
                "labels": {
                  "app.kubernetes.io/managed-by": "Terraform",
                  "terraform.io/module": "terraform-aws-modules.eks.aws"
                },
                "name": "aws-auth",
                "namespace": "kube-system",
                "resource_version": "957",
                "uid": "02eb681b-10ae-4634-9123-e91aa6e51d6d"
              }
            ]
          },
          "sensitive_attributes": [],
          "private": "bnVsbA==",
          "dependencies": [
            "module.eks.aws_security_group.cluster",
            "module.eks.data.aws_iam_instance_profile.custom_worker_group_iam_instance_profile",
            "module.eks.data.http.wait_for_cluster",
            "module.eks.data.aws_ami.eks_worker",
            "module.eks.data.aws_ami.eks_worker_windows",
            "module.eks.data.aws_iam_role.custom_cluster_iam_role",
            "module.eks.aws_iam_role.workers",
            "module.eks.aws_security_group_rule.cluster_egress_internet",
            "module.eks.data.aws_caller_identity.current",
            "module.eks.data.aws_iam_instance_profile.custom_worker_group_launch_template_iam_instance_profile",
            "aws_security_group.worker_group_mgmt_two",
            "module.eks.aws_security_group_rule.cluster_private_access_cidrs_source",
            "module.eks.aws_security_group_rule.cluster_private_access_sg_source",
            "module.vpc.aws_subnet.private",
            "data.aws_eks_cluster.cluster",
            "data.aws_eks_cluster_auth.cluster",
            "module.eks.aws_iam_role_policy_attachment.cluster_AmazonEKSVPCResourceControllerPolicy",
            "module.eks.data.aws_iam_policy_document.cluster_assume_role_policy",
            "module.eks.module.fargate.aws_iam_role.eks_fargate_pod",
            "module.eks.aws_iam_instance_profile.workers",
            "module.eks.aws_security_group.workers",
            "module.eks.data.aws_partition.current",
            "module.eks.module.fargate.data.aws_iam_policy_document.eks_fargate_pod_assume_role",
            "aws_security_group.worker_group_mgmt_one",
            "module.eks.aws_cloudwatch_log_group.this",
            "module.eks.aws_iam_role_policy_attachment.cluster_AmazonEKSClusterPolicy",
            "module.eks.aws_iam_role_policy_attachment.cluster_AmazonEKSServicePolicy",
            "module.vpc.aws_vpc_ipv4_cidr_block_association.this",
            "module.eks.aws_eks_cluster.this",
            "module.eks.aws_iam_instance_profile.workers_launch_template",
            "module.eks.aws_iam_role.cluster",
            "module.eks.aws_security_group_rule.cluster_https_worker_ingress",
            "module.eks.data.aws_iam_policy_document.workers_assume_role_policy",
            "module.eks.module.fargate.data.aws_iam_role.custom_fargate_iam_role",
            "module.vpc.aws_vpc.this"
          ],
          "create_before_destroy": true
        }
      ]
    },
    {
      "module": "module.eks",
      "mode": "managed",
      "type": "local_file",
      "name": "kubeconfig",
      "provider": "provider[\"registry.terraform.io/hashicorp/local\"]",
      "instances": [
        {
          "index_key": 0,
          "schema_version": 0,
          "attributes": {
            "content": "apiVersion: v1\r\npreferences: {}\r\nkind: Config\r\n\r\nclusters:\r\n- cluster:\r\n    server: https://E55DDDE5C4731495A8DC2BAD6CC40470.gr7.eu-west-2.eks.amazonaws.com\r\n    certificate-authority-data: LS0tLS1CRUdJTiBDRVJUSUZJQ0FURS0tLS0tCk1JSUM1ekNDQWMrZ0F3SUJBZ0lCQURBTkJna3Foa2lHOXcwQkFRc0ZBREFWTVJNd0VRWURWUVFERXdwcmRXSmwKY201bGRHVnpNQjRYRFRJeE1UQXlOVEUxTXprME5Wb1hEVE14TVRBeU16RTFNemswTlZvd0ZURVRNQkVHQTFVRQpBeE1LYTNWaVpYSnVaWFJsY3pDQ0FTSXdEUVlKS29aSWh2Y05BUUVCQlFBRGdnRVBBRENDQVFvQ2dnRUJBS0dvCjdEeFA5WUxadjJsUVhCWFJ4L0IzVE9sWnUxbzViMjJOaXZUMDJOZDFEcld6enZnZ0ZITFVkWHBlcEtrUXovWGsKbk9ZNjFDdmlBU3grZyt6RW5GSVlQUjlwUkc0czNUdkZCYVFQcVJZV0RxQUtwdVVXYWtRWTZITlZaa2hJRUFwKwpXc1dNTzNqUXJCZ1FHUFE5N2pYYlFmeG5HM3BCRU9XbXNiRU9QbnZhU3FDcjNCK3BsSTlVWlNaWWw0L0IrbFFWCm1NTGN6QU1NLzZpZ0Z3b09MUUg0Wk1TUUhKeTltNnJ5d1BrZXBSMFpBeEx0d29seEtFWnR2YnZ6S1Z6RjNtZTcKZXpCd1hrZ2Y4S1lzMXBqT2ttOFpTeFVUWEE1dHcwdzg5b1RDWkJwQk02TUlKcllOT21wcFFqRWg1aElyZVE0cQovZG83TlQ4MXBneVMxejExc3hrQ0F3RUFBYU5DTUVBd0RnWURWUjBQQVFIL0JBUURBZ0trTUE4R0ExVWRFd0VCCi93UUZNQU1CQWY4d0hRWURWUjBPQkJZRUZLSS80WFlDT0Z6bTBpWDlzRS9ZK0hUd3YzcE1NQTBHQ1NxR1NJYjMKRFFFQkN3VUFBNElCQVFBb1RIcUU1b1VyZXZjQjhHWm5jUDYyTUxiaU1pTTQxYk85UkphWk41QThVS0lTcUVwcAo5WTczNEpaRFp1TExSQlk3VFdlWVpQZGg4V1BETDJCOFhnamNEN3FoTEw1K2FVeXZNUHQyRWJ2NHY2MEU2WmlRCk42TlVGaVNKUE9jS001ZXkyVTNLcG83WTh5QndCMzhrdC9KbkJ5Y21tQStHd2VWb2VwYlpjd0hlN2RreHVRbFgKWHlGTW5lT1VkcFJnTm9jZnRsYW1NaGJpVGMwTlVSZXJpU2pmYzhUZkNEcXA3b0ZKQzNlRC95Tm02Rm12M3JWbAptMlRPaEQvU0hPUkQ1eEE1UGVyS3MrSlY3ZXdNZ25ZcU53M1NTUytHRnljeEQzazh6ZGNsRFNLV2pqQzdVUWlzCkRHVnkwVmtCcXJNNXh2MUIyamNFVW9EMjY1QmhSSkRrcnplQwotLS0tLUVORCBDRVJUSUZJQ0FURS0tLS0tCg==\r\n  name: eks_dnd-eks\r\n\r\ncontexts:\r\n- context:\r\n    cluster: eks_dnd-eks\r\n    user: eks_dnd-eks\r\n  name: eks_dnd-eks\r\n\r\ncurrent-context: eks_dnd-eks\r\n\r\nusers:\r\n- name: eks_dnd-eks\r\n  user:\r\n    exec:\r\n      apiVersion: client.authentication.k8s.io/v1alpha1\r\n      command: aws-iam-authenticator\r\n      args:\r\n        - \"token\"\r\n        - \"-i\"\r\n        - \"dnd-eks\"\r\n",
            "content_base64": null,
            "directory_permission": "0755",
            "file_permission": "0600",
            "filename": "./kubeconfig_dnd-eks",
            "id": "6f2a5d63b1f22fcb81cd4481614471064650cb68",
            "sensitive_content": null,
            "source": null
          },
          "sensitive_attributes": [],
          "private": "bnVsbA==",
          "dependencies": [
            "module.eks.aws_iam_role_policy_attachment.cluster_AmazonEKSServicePolicy",
            "module.eks.aws_security_group_rule.cluster_egress_internet",
            "module.eks.data.aws_partition.current",
            "module.vpc.aws_subnet.private",
            "module.eks.aws_security_group.cluster",
            "module.eks.aws_security_group.workers",
            "module.eks.data.aws_iam_policy_document.cluster_assume_role_policy",
            "module.vpc.aws_vpc.this",
            "module.eks.aws_cloudwatch_log_group.this",
            "module.eks.aws_iam_role.cluster",
            "module.eks.aws_iam_role_policy_attachment.cluster_AmazonEKSVPCResourceControllerPolicy",
            "module.vpc.aws_vpc_ipv4_cidr_block_association.this",
            "module.eks.aws_eks_cluster.this",
            "module.eks.aws_iam_role_policy_attachment.cluster_AmazonEKSClusterPolicy",
            "module.eks.aws_security_group_rule.cluster_https_worker_ingress",
            "module.eks.data.aws_iam_role.custom_cluster_iam_role"
          ]
        }
      ]
    },
    {
      "module": "module.eks.module.fargate",
      "mode": "data",
      "type": "aws_partition",
      "name": "current",
      "provider": "provider[\"registry.terraform.io/hashicorp/aws\"]",
      "instances": [
        {
          "schema_version": 0,
          "attributes": {
            "dns_suffix": "amazonaws.com",
            "id": "aws",
            "partition": "aws",
            "reverse_dns_prefix": "com.amazonaws"
          },
          "sensitive_attributes": []
        }
      ]
    },
    {
      "module": "module.vpc",
      "mode": "managed",
      "type": "aws_db_subnet_group",
      "name": "database",
      "provider": "provider[\"registry.terraform.io/hashicorp/aws\"]",
      "instances": [
        {
          "index_key": 0,
          "schema_version": 0,
          "attributes": {
            "arn": "arn:aws:rds:eu-west-2:169178711529:subgrp:dnd-vpc",
            "description": "Database subnet group for dnd-vpc",
            "id": "dnd-vpc",
            "name": "dnd-vpc",
            "name_prefix": null,
            "subnet_ids": [
              "subnet-093b10205d4e53d2b",
              "subnet-0c55ff0f08e41714f"
            ],
            "tags": {
              "Name": "dnd-vpc",
              "kubernetes.io/cluster/dnd-eks": "shared"
            },
            "tags_all": {
              "Name": "dnd-vpc",
              "kubernetes.io/cluster/dnd-eks": "shared"
            }
          },
          "sensitive_attributes": [],
          "private": "bnVsbA==",
          "dependencies": [
            "module.vpc.aws_subnet.database",
            "module.vpc.aws_vpc.this",
            "module.vpc.aws_vpc_ipv4_cidr_block_association.this"
          ]
        }
      ]
    },
    {
      "module": "module.vpc",
      "mode": "managed",
      "type": "aws_eip",
      "name": "nat",
      "provider": "provider[\"registry.terraform.io/hashicorp/aws\"]",
      "instances": [
        {
          "index_key": 0,
          "schema_version": 0,
          "attributes": {
            "address": null,
            "allocation_id": null,
            "associate_with_private_ip": null,
            "association_id": "eipassoc-069a7a054a08d4c12",
            "carrier_ip": "",
            "customer_owned_ip": "",
            "customer_owned_ipv4_pool": "",
            "domain": "vpc",
            "id": "eipalloc-044a25143168c835a",
            "instance": "",
            "network_border_group": "eu-west-2",
            "network_interface": "eni-0638940d9874a03d1",
            "private_dns": "ip-10-0-4-23.eu-west-2.compute.internal",
            "private_ip": "10.0.4.23",
            "public_dns": "ec2-18-170-241-222.eu-west-2.compute.amazonaws.com",
            "public_ip": "18.170.241.222",
            "public_ipv4_pool": "amazon",
            "tags": {
              "Name": "dnd-vpc-eu-west-2a",
              "kubernetes.io/cluster/dnd-eks": "shared"
            },
            "tags_all": {
              "Name": "dnd-vpc-eu-west-2a",
              "kubernetes.io/cluster/dnd-eks": "shared"
            },
            "timeouts": null,
            "vpc": true
          },
          "sensitive_attributes": [],
          "private": "eyJlMmJmYjczMC1lY2FhLTExZTYtOGY4OC0zNDM2M2JjN2M0YzAiOnsiZGVsZXRlIjoxODAwMDAwMDAwMDAsInJlYWQiOjkwMDAwMDAwMDAwMCwidXBkYXRlIjozMDAwMDAwMDAwMDB9fQ=="
        }
      ]
    },
    {
      "module": "module.vpc",
      "mode": "managed",
      "type": "aws_internet_gateway",
      "name": "this",
      "provider": "provider[\"registry.terraform.io/hashicorp/aws\"]",
      "instances": [
        {
          "index_key": 0,
          "schema_version": 0,
          "attributes": {
            "arn": "arn:aws:ec2:eu-west-2:169178711529:internet-gateway/igw-0e68bd323ee8cd578",
            "id": "igw-0e68bd323ee8cd578",
            "owner_id": "169178711529",
            "tags": {
              "Name": "dnd-vpc",
              "kubernetes.io/cluster/dnd-eks": "shared"
            },
            "tags_all": {
              "Name": "dnd-vpc",
              "kubernetes.io/cluster/dnd-eks": "shared"
            },
            "vpc_id": "vpc-0c8bf1e5f2d6ba56d"
          },
          "sensitive_attributes": [],
          "private": "bnVsbA==",
          "dependencies": [
            "module.vpc.aws_vpc.this",
            "module.vpc.aws_vpc_ipv4_cidr_block_association.this"
          ]
        }
      ]
    },
    {
      "module": "module.vpc",
      "mode": "managed",
      "type": "aws_nat_gateway",
      "name": "this",
      "provider": "provider[\"registry.terraform.io/hashicorp/aws\"]",
      "instances": [
        {
          "index_key": 0,
          "schema_version": 0,
          "attributes": {
            "allocation_id": "eipalloc-044a25143168c835a",
            "connectivity_type": "public",
            "id": "nat-05bde6d0b8d7e111d",
            "network_interface_id": "eni-0638940d9874a03d1",
            "private_ip": "10.0.4.23",
            "public_ip": "18.170.241.222",
            "subnet_id": "subnet-02b210b2779efb3a3",
            "tags": {
              "Name": "dnd-vpc-eu-west-2a",
              "kubernetes.io/cluster/dnd-eks": "shared"
            },
            "tags_all": {
              "Name": "dnd-vpc-eu-west-2a",
              "kubernetes.io/cluster/dnd-eks": "shared"
            }
          },
          "sensitive_attributes": [],
          "private": "bnVsbA==",
          "dependencies": [
            "module.vpc.aws_eip.nat",
            "module.vpc.aws_internet_gateway.this",
            "module.vpc.aws_subnet.public",
            "module.vpc.aws_vpc.this",
            "module.vpc.aws_vpc_ipv4_cidr_block_association.this"
          ]
        }
      ]
    },
    {
      "module": "module.vpc",
      "mode": "managed",
      "type": "aws_route",
      "name": "private_nat_gateway",
      "provider": "provider[\"registry.terraform.io/hashicorp/aws\"]",
      "instances": [
        {
          "index_key": 0,
          "schema_version": 0,
          "attributes": {
            "carrier_gateway_id": "",
            "destination_cidr_block": "0.0.0.0/0",
            "destination_ipv6_cidr_block": "",
            "destination_prefix_list_id": "",
            "egress_only_gateway_id": "",
            "gateway_id": "",
            "id": "r-rtb-07d5cc2941f9321d41080289494",
            "instance_id": "",
            "instance_owner_id": "",
            "local_gateway_id": "",
            "nat_gateway_id": "nat-05bde6d0b8d7e111d",
            "network_interface_id": "",
            "origin": "CreateRoute",
            "route_table_id": "rtb-07d5cc2941f9321d4",
            "state": "active",
            "timeouts": {
              "create": "5m",
              "delete": null,
              "update": null
            },
            "transit_gateway_id": "",
            "vpc_endpoint_id": "",
            "vpc_peering_connection_id": ""
          },
          "sensitive_attributes": [],
          "private": "eyJlMmJmYjczMC1lY2FhLTExZTYtOGY4OC0zNDM2M2JjN2M0YzAiOnsiY3JlYXRlIjozMDAwMDAwMDAwMDAsImRlbGV0ZSI6MzAwMDAwMDAwMDAwLCJ1cGRhdGUiOjEyMDAwMDAwMDAwMH19",
          "dependencies": [
            "module.vpc.aws_eip.nat",
            "module.vpc.aws_internet_gateway.this",
            "module.vpc.aws_nat_gateway.this",
            "module.vpc.aws_route_table.private",
            "module.vpc.aws_subnet.public",
            "module.vpc.aws_vpc.this",
            "module.vpc.aws_vpc_ipv4_cidr_block_association.this"
          ]
        }
      ]
    },
    {
      "module": "module.vpc",
      "mode": "managed",
      "type": "aws_route",
      "name": "public_internet_gateway",
      "provider": "provider[\"registry.terraform.io/hashicorp/aws\"]",
      "instances": [
        {
          "index_key": 0,
          "schema_version": 0,
          "attributes": {
            "carrier_gateway_id": "",
            "destination_cidr_block": "0.0.0.0/0",
            "destination_ipv6_cidr_block": "",
            "destination_prefix_list_id": "",
            "egress_only_gateway_id": "",
            "gateway_id": "igw-0e68bd323ee8cd578",
            "id": "r-rtb-08e65bceb8439ee1f1080289494",
            "instance_id": "",
            "instance_owner_id": "",
            "local_gateway_id": "",
            "nat_gateway_id": "",
            "network_interface_id": "",
            "origin": "CreateRoute",
            "route_table_id": "rtb-08e65bceb8439ee1f",
            "state": "active",
            "timeouts": {
              "create": "5m",
              "delete": null,
              "update": null
            },
            "transit_gateway_id": "",
            "vpc_endpoint_id": "",
            "vpc_peering_connection_id": ""
          },
          "sensitive_attributes": [],
          "private": "eyJlMmJmYjczMC1lY2FhLTExZTYtOGY4OC0zNDM2M2JjN2M0YzAiOnsiY3JlYXRlIjozMDAwMDAwMDAwMDAsImRlbGV0ZSI6MzAwMDAwMDAwMDAwLCJ1cGRhdGUiOjEyMDAwMDAwMDAwMH19",
          "dependencies": [
            "module.vpc.aws_internet_gateway.this",
            "module.vpc.aws_route_table.public",
            "module.vpc.aws_vpc.this",
            "module.vpc.aws_vpc_ipv4_cidr_block_association.this"
          ]
        }
      ]
    },
    {
      "module": "module.vpc",
      "mode": "managed",
      "type": "aws_route_table",
      "name": "private",
      "provider": "provider[\"registry.terraform.io/hashicorp/aws\"]",
      "instances": [
        {
          "index_key": 0,
          "schema_version": 0,
          "attributes": {
            "arn": "arn:aws:ec2:eu-west-2:169178711529:route-table/rtb-07d5cc2941f9321d4",
            "id": "rtb-07d5cc2941f9321d4",
            "owner_id": "169178711529",
            "propagating_vgws": [],
            "route": [
              {
                "carrier_gateway_id": "",
                "cidr_block": "0.0.0.0/0",
                "destination_prefix_list_id": "",
                "egress_only_gateway_id": "",
                "gateway_id": "",
                "instance_id": "",
                "ipv6_cidr_block": "",
                "local_gateway_id": "",
                "nat_gateway_id": "nat-05bde6d0b8d7e111d",
                "network_interface_id": "",
                "transit_gateway_id": "",
                "vpc_endpoint_id": "",
                "vpc_peering_connection_id": ""
              }
            ],
            "tags": {
              "Name": "dnd-vpc-private",
              "kubernetes.io/cluster/dnd-eks": "shared"
            },
            "tags_all": {
              "Name": "dnd-vpc-private",
              "kubernetes.io/cluster/dnd-eks": "shared"
            },
            "timeouts": null,
            "vpc_id": "vpc-0c8bf1e5f2d6ba56d"
          },
          "sensitive_attributes": [],
          "private": "eyJlMmJmYjczMC1lY2FhLTExZTYtOGY4OC0zNDM2M2JjN2M0YzAiOnsiY3JlYXRlIjoxMjAwMDAwMDAwMDAsImRlbGV0ZSI6MzAwMDAwMDAwMDAwLCJ1cGRhdGUiOjEyMDAwMDAwMDAwMH19",
          "dependencies": [
            "module.vpc.aws_vpc.this",
            "module.vpc.aws_vpc_ipv4_cidr_block_association.this"
          ]
        }
      ]
    },
    {
      "module": "module.vpc",
      "mode": "managed",
      "type": "aws_route_table",
      "name": "public",
      "provider": "provider[\"registry.terraform.io/hashicorp/aws\"]",
      "instances": [
        {
          "index_key": 0,
          "schema_version": 0,
          "attributes": {
            "arn": "arn:aws:ec2:eu-west-2:169178711529:route-table/rtb-08e65bceb8439ee1f",
            "id": "rtb-08e65bceb8439ee1f",
            "owner_id": "169178711529",
            "propagating_vgws": [],
            "route": [
              {
                "carrier_gateway_id": "",
                "cidr_block": "0.0.0.0/0",
                "destination_prefix_list_id": "",
                "egress_only_gateway_id": "",
                "gateway_id": "igw-0e68bd323ee8cd578",
                "instance_id": "",
                "ipv6_cidr_block": "",
                "local_gateway_id": "",
                "nat_gateway_id": "",
                "network_interface_id": "",
                "transit_gateway_id": "",
                "vpc_endpoint_id": "",
                "vpc_peering_connection_id": ""
              }
            ],
            "tags": {
              "Name": "dnd-vpc-public",
              "kubernetes.io/cluster/dnd-eks": "shared"
            },
            "tags_all": {
              "Name": "dnd-vpc-public",
              "kubernetes.io/cluster/dnd-eks": "shared"
            },
            "timeouts": null,
            "vpc_id": "vpc-0c8bf1e5f2d6ba56d"
          },
          "sensitive_attributes": [],
          "private": "eyJlMmJmYjczMC1lY2FhLTExZTYtOGY4OC0zNDM2M2JjN2M0YzAiOnsiY3JlYXRlIjoxMjAwMDAwMDAwMDAsImRlbGV0ZSI6MzAwMDAwMDAwMDAwLCJ1cGRhdGUiOjEyMDAwMDAwMDAwMH19",
          "dependencies": [
            "module.vpc.aws_vpc.this",
            "module.vpc.aws_vpc_ipv4_cidr_block_association.this"
          ]
        }
      ]
    },
    {
      "module": "module.vpc",
      "mode": "managed",
      "type": "aws_route_table_association",
      "name": "database",
      "provider": "provider[\"registry.terraform.io/hashicorp/aws\"]",
      "instances": [
        {
          "index_key": 0,
          "schema_version": 0,
          "attributes": {
            "gateway_id": "",
            "id": "rtbassoc-04b70f4ec2c729578",
            "route_table_id": "rtb-07d5cc2941f9321d4",
            "subnet_id": "subnet-093b10205d4e53d2b"
          },
          "sensitive_attributes": [],
          "private": "bnVsbA==",
          "dependencies": [
            "module.vpc.aws_route_table.private",
            "module.vpc.aws_subnet.database",
            "module.vpc.aws_vpc.this",
            "module.vpc.aws_vpc_ipv4_cidr_block_association.this",
            "module.vpc.aws_route_table.database"
          ]
        },
        {
          "index_key": 1,
          "schema_version": 0,
          "attributes": {
            "gateway_id": "",
            "id": "rtbassoc-092831af8303b7428",
            "route_table_id": "rtb-07d5cc2941f9321d4",
            "subnet_id": "subnet-0c55ff0f08e41714f"
          },
          "sensitive_attributes": [],
          "private": "bnVsbA==",
          "dependencies": [
            "module.vpc.aws_route_table.database",
            "module.vpc.aws_route_table.private",
            "module.vpc.aws_subnet.database",
            "module.vpc.aws_vpc.this",
            "module.vpc.aws_vpc_ipv4_cidr_block_association.this"
          ]
        }
      ]
    },
    {
      "module": "module.vpc",
      "mode": "managed",
      "type": "aws_route_table_association",
      "name": "private",
      "provider": "provider[\"registry.terraform.io/hashicorp/aws\"]",
      "instances": [
        {
          "index_key": 0,
          "schema_version": 0,
          "attributes": {
            "gateway_id": "",
            "id": "rtbassoc-0e3ee1ad345989845",
            "route_table_id": "rtb-07d5cc2941f9321d4",
            "subnet_id": "subnet-02ee4f3c6e8e9a548"
          },
          "sensitive_attributes": [],
          "private": "bnVsbA==",
          "dependencies": [
            "module.vpc.aws_route_table.private",
            "module.vpc.aws_subnet.private",
            "module.vpc.aws_vpc.this",
            "module.vpc.aws_vpc_ipv4_cidr_block_association.this"
          ]
        },
        {
          "index_key": 1,
          "schema_version": 0,
          "attributes": {
            "gateway_id": "",
            "id": "rtbassoc-016ea3efc2efd8a71",
            "route_table_id": "rtb-07d5cc2941f9321d4",
            "subnet_id": "subnet-07f26d52941853b61"
          },
          "sensitive_attributes": [],
          "private": "bnVsbA==",
          "dependencies": [
            "module.vpc.aws_route_table.private",
            "module.vpc.aws_subnet.private",
            "module.vpc.aws_vpc.this",
            "module.vpc.aws_vpc_ipv4_cidr_block_association.this"
          ]
        },
        {
          "index_key": 2,
          "schema_version": 0,
          "attributes": {
            "gateway_id": "",
            "id": "rtbassoc-067fdcc9114393e32",
            "route_table_id": "rtb-07d5cc2941f9321d4",
            "subnet_id": "subnet-0c22e8084a1c41197"
          },
          "sensitive_attributes": [],
          "private": "bnVsbA==",
          "dependencies": [
            "module.vpc.aws_subnet.private",
            "module.vpc.aws_vpc.this",
            "module.vpc.aws_vpc_ipv4_cidr_block_association.this",
            "module.vpc.aws_route_table.private"
          ]
        }
      ]
    },
    {
      "module": "module.vpc",
      "mode": "managed",
      "type": "aws_route_table_association",
      "name": "public",
      "provider": "provider[\"registry.terraform.io/hashicorp/aws\"]",
      "instances": [
        {
          "index_key": 0,
          "schema_version": 0,
          "attributes": {
            "gateway_id": "",
            "id": "rtbassoc-0f518e2306d6c2bbe",
            "route_table_id": "rtb-08e65bceb8439ee1f",
            "subnet_id": "subnet-02b210b2779efb3a3"
          },
          "sensitive_attributes": [],
          "private": "bnVsbA==",
          "dependencies": [
            "module.vpc.aws_route_table.public",
            "module.vpc.aws_subnet.public",
            "module.vpc.aws_vpc.this",
            "module.vpc.aws_vpc_ipv4_cidr_block_association.this"
          ]
        },
        {
          "index_key": 1,
          "schema_version": 0,
          "attributes": {
            "gateway_id": "",
            "id": "rtbassoc-0d9a82237ce4914d9",
            "route_table_id": "rtb-08e65bceb8439ee1f",
            "subnet_id": "subnet-0a00de1636d55b86a"
          },
          "sensitive_attributes": [],
          "private": "bnVsbA==",
          "dependencies": [
            "module.vpc.aws_route_table.public",
            "module.vpc.aws_subnet.public",
            "module.vpc.aws_vpc.this",
            "module.vpc.aws_vpc_ipv4_cidr_block_association.this"
          ]
        },
        {
          "index_key": 2,
          "schema_version": 0,
          "attributes": {
            "gateway_id": "",
            "id": "rtbassoc-0f3e6417fba4df041",
            "route_table_id": "rtb-08e65bceb8439ee1f",
            "subnet_id": "subnet-0c5734962242ea6f4"
          },
          "sensitive_attributes": [],
          "private": "bnVsbA==",
          "dependencies": [
            "module.vpc.aws_vpc.this",
            "module.vpc.aws_vpc_ipv4_cidr_block_association.this",
            "module.vpc.aws_route_table.public",
            "module.vpc.aws_subnet.public"
          ]
        }
      ]
    },
    {
      "module": "module.vpc",
      "mode": "managed",
      "type": "aws_subnet",
      "name": "database",
      "provider": "provider[\"registry.terraform.io/hashicorp/aws\"]",
      "instances": [
        {
          "index_key": 0,
          "schema_version": 1,
          "attributes": {
            "arn": "arn:aws:ec2:eu-west-2:169178711529:subnet/subnet-093b10205d4e53d2b",
            "assign_ipv6_address_on_creation": false,
            "availability_zone": "eu-west-2a",
            "availability_zone_id": "euw2-az2",
            "cidr_block": "10.0.7.0/24",
            "customer_owned_ipv4_pool": "",
            "id": "subnet-093b10205d4e53d2b",
            "ipv6_cidr_block": "",
            "ipv6_cidr_block_association_id": "",
            "map_customer_owned_ip_on_launch": false,
            "map_public_ip_on_launch": false,
            "outpost_arn": "",
            "owner_id": "169178711529",
            "tags": {
              "Name": "dnd-vpc-db-eu-west-2a",
              "kubernetes.io/cluster/dnd-eks": "shared"
            },
            "tags_all": {
              "Name": "dnd-vpc-db-eu-west-2a",
              "kubernetes.io/cluster/dnd-eks": "shared"
            },
            "timeouts": null,
            "vpc_id": "vpc-0c8bf1e5f2d6ba56d"
          },
          "sensitive_attributes": [],
          "private": "eyJlMmJmYjczMC1lY2FhLTExZTYtOGY4OC0zNDM2M2JjN2M0YzAiOnsiY3JlYXRlIjo2MDAwMDAwMDAwMDAsImRlbGV0ZSI6MTIwMDAwMDAwMDAwMH0sInNjaGVtYV92ZXJzaW9uIjoiMSJ9",
          "dependencies": [
            "module.vpc.aws_vpc.this",
            "module.vpc.aws_vpc_ipv4_cidr_block_association.this"
          ]
        },
        {
          "index_key": 1,
          "schema_version": 1,
          "attributes": {
            "arn": "arn:aws:ec2:eu-west-2:169178711529:subnet/subnet-0c55ff0f08e41714f",
            "assign_ipv6_address_on_creation": false,
            "availability_zone": "eu-west-2b",
            "availability_zone_id": "euw2-az3",
            "cidr_block": "10.0.8.0/24",
            "customer_owned_ipv4_pool": "",
            "id": "subnet-0c55ff0f08e41714f",
            "ipv6_cidr_block": "",
            "ipv6_cidr_block_association_id": "",
            "map_customer_owned_ip_on_launch": false,
            "map_public_ip_on_launch": false,
            "outpost_arn": "",
            "owner_id": "169178711529",
            "tags": {
              "Name": "dnd-vpc-db-eu-west-2b",
              "kubernetes.io/cluster/dnd-eks": "shared"
            },
            "tags_all": {
              "Name": "dnd-vpc-db-eu-west-2b",
              "kubernetes.io/cluster/dnd-eks": "shared"
            },
            "timeouts": null,
            "vpc_id": "vpc-0c8bf1e5f2d6ba56d"
          },
          "sensitive_attributes": [],
          "private": "eyJlMmJmYjczMC1lY2FhLTExZTYtOGY4OC0zNDM2M2JjN2M0YzAiOnsiY3JlYXRlIjo2MDAwMDAwMDAwMDAsImRlbGV0ZSI6MTIwMDAwMDAwMDAwMH0sInNjaGVtYV92ZXJzaW9uIjoiMSJ9",
          "dependencies": [
            "module.vpc.aws_vpc.this",
            "module.vpc.aws_vpc_ipv4_cidr_block_association.this"
          ]
        }
      ]
    },
    {
      "module": "module.vpc",
      "mode": "managed",
      "type": "aws_subnet",
      "name": "private",
      "provider": "provider[\"registry.terraform.io/hashicorp/aws\"]",
      "instances": [
        {
          "index_key": 0,
          "schema_version": 1,
          "attributes": {
            "arn": "arn:aws:ec2:eu-west-2:169178711529:subnet/subnet-02ee4f3c6e8e9a548",
            "assign_ipv6_address_on_creation": false,
            "availability_zone": "eu-west-2a",
            "availability_zone_id": "euw2-az2",
            "cidr_block": "10.0.1.0/24",
            "customer_owned_ipv4_pool": "",
            "id": "subnet-02ee4f3c6e8e9a548",
            "ipv6_cidr_block": "",
            "ipv6_cidr_block_association_id": "",
            "map_customer_owned_ip_on_launch": false,
            "map_public_ip_on_launch": false,
            "outpost_arn": "",
            "owner_id": "169178711529",
            "tags": {
              "Name": "dnd-vpc-private-eu-west-2a",
              "kubernetes.io/cluster/dnd-eks": "shared",
              "kubernetes.io/role/internal-elb": "1"
            },
            "tags_all": {
              "Name": "dnd-vpc-private-eu-west-2a",
              "kubernetes.io/cluster/dnd-eks": "shared",
              "kubernetes.io/role/internal-elb": "1"
            },
            "timeouts": null,
            "vpc_id": "vpc-0c8bf1e5f2d6ba56d"
          },
          "sensitive_attributes": [],
          "private": "eyJlMmJmYjczMC1lY2FhLTExZTYtOGY4OC0zNDM2M2JjN2M0YzAiOnsiY3JlYXRlIjo2MDAwMDAwMDAwMDAsImRlbGV0ZSI6MTIwMDAwMDAwMDAwMH0sInNjaGVtYV92ZXJzaW9uIjoiMSJ9",
          "dependencies": [
            "module.vpc.aws_vpc.this",
            "module.vpc.aws_vpc_ipv4_cidr_block_association.this"
          ],
          "create_before_destroy": true
        },
        {
          "index_key": 1,
          "schema_version": 1,
          "attributes": {
            "arn": "arn:aws:ec2:eu-west-2:169178711529:subnet/subnet-07f26d52941853b61",
            "assign_ipv6_address_on_creation": false,
            "availability_zone": "eu-west-2b",
            "availability_zone_id": "euw2-az3",
            "cidr_block": "10.0.2.0/24",
            "customer_owned_ipv4_pool": "",
            "id": "subnet-07f26d52941853b61",
            "ipv6_cidr_block": "",
            "ipv6_cidr_block_association_id": "",
            "map_customer_owned_ip_on_launch": false,
            "map_public_ip_on_launch": false,
            "outpost_arn": "",
            "owner_id": "169178711529",
            "tags": {
              "Name": "dnd-vpc-private-eu-west-2b",
              "kubernetes.io/cluster/dnd-eks": "shared",
              "kubernetes.io/role/internal-elb": "1"
            },
            "tags_all": {
              "Name": "dnd-vpc-private-eu-west-2b",
              "kubernetes.io/cluster/dnd-eks": "shared",
              "kubernetes.io/role/internal-elb": "1"
            },
            "timeouts": null,
            "vpc_id": "vpc-0c8bf1e5f2d6ba56d"
          },
          "sensitive_attributes": [],
          "private": "eyJlMmJmYjczMC1lY2FhLTExZTYtOGY4OC0zNDM2M2JjN2M0YzAiOnsiY3JlYXRlIjo2MDAwMDAwMDAwMDAsImRlbGV0ZSI6MTIwMDAwMDAwMDAwMH0sInNjaGVtYV92ZXJzaW9uIjoiMSJ9",
          "dependencies": [
            "module.vpc.aws_vpc.this",
            "module.vpc.aws_vpc_ipv4_cidr_block_association.this"
          ],
          "create_before_destroy": true
        },
        {
          "index_key": 2,
          "schema_version": 1,
          "attributes": {
            "arn": "arn:aws:ec2:eu-west-2:169178711529:subnet/subnet-0c22e8084a1c41197",
            "assign_ipv6_address_on_creation": false,
            "availability_zone": "eu-west-2c",
            "availability_zone_id": "euw2-az1",
            "cidr_block": "10.0.3.0/24",
            "customer_owned_ipv4_pool": "",
            "id": "subnet-0c22e8084a1c41197",
            "ipv6_cidr_block": "",
            "ipv6_cidr_block_association_id": "",
            "map_customer_owned_ip_on_launch": false,
            "map_public_ip_on_launch": false,
            "outpost_arn": "",
            "owner_id": "169178711529",
            "tags": {
              "Name": "dnd-vpc-private-eu-west-2c",
              "kubernetes.io/cluster/dnd-eks": "shared",
              "kubernetes.io/role/internal-elb": "1"
            },
            "tags_all": {
              "Name": "dnd-vpc-private-eu-west-2c",
              "kubernetes.io/cluster/dnd-eks": "shared",
              "kubernetes.io/role/internal-elb": "1"
            },
            "timeouts": null,
            "vpc_id": "vpc-0c8bf1e5f2d6ba56d"
          },
          "sensitive_attributes": [],
          "private": "eyJlMmJmYjczMC1lY2FhLTExZTYtOGY4OC0zNDM2M2JjN2M0YzAiOnsiY3JlYXRlIjo2MDAwMDAwMDAwMDAsImRlbGV0ZSI6MTIwMDAwMDAwMDAwMH0sInNjaGVtYV92ZXJzaW9uIjoiMSJ9",
          "dependencies": [
            "module.vpc.aws_vpc.this",
            "module.vpc.aws_vpc_ipv4_cidr_block_association.this"
          ],
          "create_before_destroy": true
        }
      ]
    },
    {
      "module": "module.vpc",
      "mode": "managed",
      "type": "aws_subnet",
      "name": "public",
      "provider": "provider[\"registry.terraform.io/hashicorp/aws\"]",
      "instances": [
        {
          "index_key": 0,
          "schema_version": 1,
          "attributes": {
            "arn": "arn:aws:ec2:eu-west-2:169178711529:subnet/subnet-02b210b2779efb3a3",
            "assign_ipv6_address_on_creation": false,
            "availability_zone": "eu-west-2a",
            "availability_zone_id": "euw2-az2",
            "cidr_block": "10.0.4.0/24",
            "customer_owned_ipv4_pool": "",
            "id": "subnet-02b210b2779efb3a3",
            "ipv6_cidr_block": "",
            "ipv6_cidr_block_association_id": "",
            "map_customer_owned_ip_on_launch": false,
            "map_public_ip_on_launch": true,
            "outpost_arn": "",
            "owner_id": "169178711529",
            "tags": {
              "Name": "dnd-vpc-public-eu-west-2a",
              "kubernetes.io/cluster/dnd-eks": "shared",
              "kubernetes.io/role/elb": "1"
            },
            "tags_all": {
              "Name": "dnd-vpc-public-eu-west-2a",
              "kubernetes.io/cluster/dnd-eks": "shared",
              "kubernetes.io/role/elb": "1"
            },
            "timeouts": null,
            "vpc_id": "vpc-0c8bf1e5f2d6ba56d"
          },
          "sensitive_attributes": [],
          "private": "eyJlMmJmYjczMC1lY2FhLTExZTYtOGY4OC0zNDM2M2JjN2M0YzAiOnsiY3JlYXRlIjo2MDAwMDAwMDAwMDAsImRlbGV0ZSI6MTIwMDAwMDAwMDAwMH0sInNjaGVtYV92ZXJzaW9uIjoiMSJ9",
          "dependencies": [
            "module.vpc.aws_vpc_ipv4_cidr_block_association.this",
            "module.vpc.aws_vpc.this"
          ]
        },
        {
          "index_key": 1,
          "schema_version": 1,
          "attributes": {
            "arn": "arn:aws:ec2:eu-west-2:169178711529:subnet/subnet-0a00de1636d55b86a",
            "assign_ipv6_address_on_creation": false,
            "availability_zone": "eu-west-2b",
            "availability_zone_id": "euw2-az3",
            "cidr_block": "10.0.5.0/24",
            "customer_owned_ipv4_pool": "",
            "id": "subnet-0a00de1636d55b86a",
            "ipv6_cidr_block": "",
            "ipv6_cidr_block_association_id": "",
            "map_customer_owned_ip_on_launch": false,
            "map_public_ip_on_launch": true,
            "outpost_arn": "",
            "owner_id": "169178711529",
            "tags": {
              "Name": "dnd-vpc-public-eu-west-2b",
              "kubernetes.io/cluster/dnd-eks": "shared",
              "kubernetes.io/role/elb": "1"
            },
            "tags_all": {
              "Name": "dnd-vpc-public-eu-west-2b",
              "kubernetes.io/cluster/dnd-eks": "shared",
              "kubernetes.io/role/elb": "1"
            },
            "timeouts": null,
            "vpc_id": "vpc-0c8bf1e5f2d6ba56d"
          },
          "sensitive_attributes": [],
          "private": "eyJlMmJmYjczMC1lY2FhLTExZTYtOGY4OC0zNDM2M2JjN2M0YzAiOnsiY3JlYXRlIjo2MDAwMDAwMDAwMDAsImRlbGV0ZSI6MTIwMDAwMDAwMDAwMH0sInNjaGVtYV92ZXJzaW9uIjoiMSJ9",
          "dependencies": [
            "module.vpc.aws_vpc.this",
            "module.vpc.aws_vpc_ipv4_cidr_block_association.this"
          ]
        },
        {
          "index_key": 2,
          "schema_version": 1,
          "attributes": {
            "arn": "arn:aws:ec2:eu-west-2:169178711529:subnet/subnet-0c5734962242ea6f4",
            "assign_ipv6_address_on_creation": false,
            "availability_zone": "eu-west-2c",
            "availability_zone_id": "euw2-az1",
            "cidr_block": "10.0.6.0/24",
            "customer_owned_ipv4_pool": "",
            "id": "subnet-0c5734962242ea6f4",
            "ipv6_cidr_block": "",
            "ipv6_cidr_block_association_id": "",
            "map_customer_owned_ip_on_launch": false,
            "map_public_ip_on_launch": true,
            "outpost_arn": "",
            "owner_id": "169178711529",
            "tags": {
              "Name": "dnd-vpc-public-eu-west-2c",
              "kubernetes.io/cluster/dnd-eks": "shared",
              "kubernetes.io/role/elb": "1"
            },
            "tags_all": {
              "Name": "dnd-vpc-public-eu-west-2c",
              "kubernetes.io/cluster/dnd-eks": "shared",
              "kubernetes.io/role/elb": "1"
            },
            "timeouts": null,
            "vpc_id": "vpc-0c8bf1e5f2d6ba56d"
          },
          "sensitive_attributes": [],
          "private": "eyJlMmJmYjczMC1lY2FhLTExZTYtOGY4OC0zNDM2M2JjN2M0YzAiOnsiY3JlYXRlIjo2MDAwMDAwMDAwMDAsImRlbGV0ZSI6MTIwMDAwMDAwMDAwMH0sInNjaGVtYV92ZXJzaW9uIjoiMSJ9",
          "dependencies": [
            "module.vpc.aws_vpc_ipv4_cidr_block_association.this",
            "module.vpc.aws_vpc.this"
          ]
        }
      ]
    },
    {
      "module": "module.vpc",
      "mode": "managed",
      "type": "aws_vpc",
      "name": "this",
      "provider": "provider[\"registry.terraform.io/hashicorp/aws\"]",
      "instances": [
        {
          "index_key": 0,
          "schema_version": 1,
          "attributes": {
            "arn": "arn:aws:ec2:eu-west-2:169178711529:vpc/vpc-0c8bf1e5f2d6ba56d",
            "assign_generated_ipv6_cidr_block": false,
            "cidr_block": "10.0.0.0/16",
            "default_network_acl_id": "acl-0b75215361ac3e535",
            "default_route_table_id": "rtb-0710d09d62a27ce20",
            "default_security_group_id": "sg-061df37e9ffdabab3",
            "dhcp_options_id": "dopt-b32a7ddb",
            "enable_classiclink": null,
            "enable_classiclink_dns_support": null,
            "enable_dns_hostnames": true,
            "enable_dns_support": true,
            "id": "vpc-0c8bf1e5f2d6ba56d",
            "instance_tenancy": "default",
            "ipv6_association_id": "",
            "ipv6_cidr_block": "",
            "main_route_table_id": "rtb-0710d09d62a27ce20",
            "owner_id": "169178711529",
            "tags": {
              "Name": "dnd-vpc",
              "kubernetes.io/cluster/dnd-eks": "shared"
            },
            "tags_all": {
              "Name": "dnd-vpc",
              "kubernetes.io/cluster/dnd-eks": "shared"
            }
          },
          "sensitive_attributes": [],
          "private": "eyJzY2hlbWFfdmVyc2lvbiI6IjEifQ==",
          "create_before_destroy": true
        }
      ]
    }
  ]
}
